{
  "version": 4,
  "terraform_version": "1.12.2",
  "serial": 142,
  "lineage": "5c3cc84c-72e7-3a16-8723-791b50387286",
  "outputs": {
    "cache_bucket_name": {
      "value": "gisblog-cache",
      "type": "string"
    },
    "cloudfront_url": {
      "value": "https://dhqwvtjilmmyd.cloudfront.net",
      "type": "string"
    },
    "lambda_arn": {
      "value": "arn:aws:lambda:eu-central-1:571075516563:function:gisblog-server",
      "type": "string"
    },
    "lambda_url": {
      "value": "https://jyr7at3ctox26opxmaqfqidelu0bsyca.lambda-url.eu-central-1.on.aws/",
      "type": "string"
    },
    "s3_bucket": {
      "value": "gisblog-assets",
      "type": "string"
    }
  },
  "resources": [
    {
      "mode": "data",
      "type": "archive_file",
      "name": "server_function_zip",
      "provider": "provider[\"registry.terraform.io/hashicorp/archive\"]",
      "instances": [
        {
          "schema_version": 0,
          "attributes": {
            "exclude_symlink_directories": null,
            "excludes": null,
            "id": "bdfc6b5db6cf55916fcc6c4509147116363b39a8",
            "output_base64sha256": "vpGQzfHGrV7mgQKDixDox29XF1e7DrblW7aXpA82+UY=",
            "output_base64sha512": "mTvj90GHxczQybMNaE8At9z2+EnV1LPNWdZQrKg1PqML5RzG+BZ1kqgZfIn+NeaACXkXHlEh521r3nbaLJ9yYA==",
            "output_file_mode": null,
            "output_md5": "5388d71f99a26ff5123aef5042a21e01",
            "output_path": "../server-functions.zip",
            "output_sha": "bdfc6b5db6cf55916fcc6c4509147116363b39a8",
            "output_sha256": "be9190cdf1c6ad5ee68102838b10e8c76f571757bb0eb6e55bb697a40f36f946",
            "output_sha512": "993be3f74187c5ccd0c9b30d684f00b7dcf6f849d5d4b3cd59d650aca8353ea30be51cc6f8167592a8197c89fe35e6800979171e5121e76d6bde76da2c9f7260",
            "output_size": 18675675,
            "source": [],
            "source_content": null,
            "source_content_filename": null,
            "source_dir": "../.open-next/server-functions/default",
            "source_file": null,
            "type": "zip"
          },
          "sensitive_attributes": [],
          "identity_schema_version": 0
        }
      ]
    },
    {
      "mode": "managed",
      "type": "aws_cloudfront_distribution",
      "name": "blog_cdn",
      "provider": "provider[\"registry.terraform.io/hashicorp/aws\"]",
      "instances": [
        {
          "schema_version": 1,
          "attributes": {
            "aliases": null,
            "arn": "arn:aws:cloudfront::571075516563:distribution/E9EDFSVP68HKP",
            "caller_reference": "terraform-20251001150509155700000002",
            "comment": "blog Next.js App CDN",
            "continuous_deployment_policy_id": "",
            "custom_error_response": [],
            "default_cache_behavior": [
              {
                "allowed_methods": [
                  "DELETE",
                  "GET",
                  "HEAD",
                  "OPTIONS",
                  "PATCH",
                  "POST",
                  "PUT"
                ],
                "cache_policy_id": "4135ea2d-6df8-44a3-9df3-4b5a84be39ad",
                "cached_methods": [
                  "GET",
                  "HEAD",
                  "OPTIONS"
                ],
                "compress": true,
                "default_ttl": 0,
                "field_level_encryption_id": "",
                "forwarded_values": [],
                "function_association": [],
                "grpc_config": [
                  {
                    "enabled": false
                  }
                ],
                "lambda_function_association": [],
                "max_ttl": 0,
                "min_ttl": 0,
                "origin_request_policy_id": "",
                "realtime_log_config_arn": "",
                "response_headers_policy_id": "",
                "smooth_streaming": false,
                "target_origin_id": "lambda-blog-server",
                "trusted_key_groups": [],
                "trusted_signers": [],
                "viewer_protocol_policy": "redirect-to-https"
              }
            ],
            "default_root_object": "",
            "domain_name": "dhqwvtjilmmyd.cloudfront.net",
            "enabled": true,
            "etag": "E1XVFOEZXGZ1DL",
            "hosted_zone_id": "Z2FDTNDATAQYW2",
            "http_version": "http2",
            "id": "E9EDFSVP68HKP",
            "in_progress_validation_batches": 0,
            "is_ipv6_enabled": true,
            "last_modified_time": "2025-10-01 15:05:10.282 +0000 UTC",
            "logging_config": [],
            "ordered_cache_behavior": [
              {
                "allowed_methods": [
                  "GET",
                  "HEAD",
                  "OPTIONS"
                ],
                "cache_policy_id": "658327ea-f89d-4fab-a63d-7e88639e58f6",
                "cached_methods": [
                  "GET",
                  "HEAD",
                  "OPTIONS"
                ],
                "compress": true,
                "default_ttl": 0,
                "field_level_encryption_id": "",
                "forwarded_values": [],
                "function_association": [],
                "grpc_config": [
                  {
                    "enabled": false
                  }
                ],
                "lambda_function_association": [],
                "max_ttl": 0,
                "min_ttl": 0,
                "origin_request_policy_id": "",
                "path_pattern": "_next/static/*",
                "realtime_log_config_arn": "",
                "response_headers_policy_id": "",
                "smooth_streaming": false,
                "target_origin_id": "s3-blog-assets",
                "trusted_key_groups": null,
                "trusted_signers": null,
                "viewer_protocol_policy": "redirect-to-https"
              },
              {
                "allowed_methods": [
                  "GET",
                  "HEAD",
                  "OPTIONS"
                ],
                "cache_policy_id": "658327ea-f89d-4fab-a63d-7e88639e58f6",
                "cached_methods": [
                  "GET",
                  "HEAD",
                  "OPTIONS"
                ],
                "compress": true,
                "default_ttl": 0,
                "field_level_encryption_id": "",
                "forwarded_values": [],
                "function_association": [],
                "grpc_config": [
                  {
                    "enabled": false
                  }
                ],
                "lambda_function_association": [],
                "max_ttl": 0,
                "min_ttl": 0,
                "origin_request_policy_id": "",
                "path_pattern": "i18n/*",
                "realtime_log_config_arn": "",
                "response_headers_policy_id": "",
                "smooth_streaming": false,
                "target_origin_id": "s3-blog-assets",
                "trusted_key_groups": null,
                "trusted_signers": null,
                "viewer_protocol_policy": "redirect-to-https"
              },
              {
                "allowed_methods": [
                  "GET",
                  "HEAD",
                  "OPTIONS"
                ],
                "cache_policy_id": "658327ea-f89d-4fab-a63d-7e88639e58f6",
                "cached_methods": [
                  "GET",
                  "HEAD",
                  "OPTIONS"
                ],
                "compress": true,
                "default_ttl": 0,
                "field_level_encryption_id": "",
                "forwarded_values": [],
                "function_association": [],
                "grpc_config": [
                  {
                    "enabled": false
                  }
                ],
                "lambda_function_association": [],
                "max_ttl": 0,
                "min_ttl": 0,
                "origin_request_policy_id": "",
                "path_pattern": "*.png",
                "realtime_log_config_arn": "",
                "response_headers_policy_id": "",
                "smooth_streaming": false,
                "target_origin_id": "s3-blog-assets",
                "trusted_key_groups": null,
                "trusted_signers": null,
                "viewer_protocol_policy": "redirect-to-https"
              },
              {
                "allowed_methods": [
                  "GET",
                  "HEAD",
                  "OPTIONS"
                ],
                "cache_policy_id": "658327ea-f89d-4fab-a63d-7e88639e58f6",
                "cached_methods": [
                  "GET",
                  "HEAD",
                  "OPTIONS"
                ],
                "compress": true,
                "default_ttl": 0,
                "field_level_encryption_id": "",
                "forwarded_values": [],
                "function_association": [],
                "grpc_config": [
                  {
                    "enabled": false
                  }
                ],
                "lambda_function_association": [],
                "max_ttl": 0,
                "min_ttl": 0,
                "origin_request_policy_id": "",
                "path_pattern": "*.jpg",
                "realtime_log_config_arn": "",
                "response_headers_policy_id": "",
                "smooth_streaming": false,
                "target_origin_id": "s3-blog-assets",
                "trusted_key_groups": null,
                "trusted_signers": null,
                "viewer_protocol_policy": "redirect-to-https"
              },
              {
                "allowed_methods": [
                  "GET",
                  "HEAD",
                  "OPTIONS"
                ],
                "cache_policy_id": "658327ea-f89d-4fab-a63d-7e88639e58f6",
                "cached_methods": [
                  "GET",
                  "HEAD",
                  "OPTIONS"
                ],
                "compress": true,
                "default_ttl": 0,
                "field_level_encryption_id": "",
                "forwarded_values": [],
                "function_association": [],
                "grpc_config": [
                  {
                    "enabled": false
                  }
                ],
                "lambda_function_association": [],
                "max_ttl": 0,
                "min_ttl": 0,
                "origin_request_policy_id": "",
                "path_pattern": "*.jpeg",
                "realtime_log_config_arn": "",
                "response_headers_policy_id": "",
                "smooth_streaming": false,
                "target_origin_id": "s3-blog-assets",
                "trusted_key_groups": null,
                "trusted_signers": null,
                "viewer_protocol_policy": "redirect-to-https"
              },
              {
                "allowed_methods": [
                  "GET",
                  "HEAD",
                  "OPTIONS"
                ],
                "cache_policy_id": "658327ea-f89d-4fab-a63d-7e88639e58f6",
                "cached_methods": [
                  "GET",
                  "HEAD",
                  "OPTIONS"
                ],
                "compress": true,
                "default_ttl": 0,
                "field_level_encryption_id": "",
                "forwarded_values": [],
                "function_association": [],
                "grpc_config": [
                  {
                    "enabled": false
                  }
                ],
                "lambda_function_association": [],
                "max_ttl": 0,
                "min_ttl": 0,
                "origin_request_policy_id": "",
                "path_pattern": "*.ico",
                "realtime_log_config_arn": "",
                "response_headers_policy_id": "",
                "smooth_streaming": false,
                "target_origin_id": "s3-blog-assets",
                "trusted_key_groups": null,
                "trusted_signers": null,
                "viewer_protocol_policy": "redirect-to-https"
              },
              {
                "allowed_methods": [
                  "GET",
                  "HEAD",
                  "OPTIONS"
                ],
                "cache_policy_id": "658327ea-f89d-4fab-a63d-7e88639e58f6",
                "cached_methods": [
                  "GET",
                  "HEAD",
                  "OPTIONS"
                ],
                "compress": true,
                "default_ttl": 0,
                "field_level_encryption_id": "",
                "forwarded_values": [],
                "function_association": [],
                "grpc_config": [
                  {
                    "enabled": false
                  }
                ],
                "lambda_function_association": [],
                "max_ttl": 0,
                "min_ttl": 0,
                "origin_request_policy_id": "",
                "path_pattern": "*.svg",
                "realtime_log_config_arn": "",
                "response_headers_policy_id": "",
                "smooth_streaming": false,
                "target_origin_id": "s3-blog-assets",
                "trusted_key_groups": null,
                "trusted_signers": null,
                "viewer_protocol_policy": "redirect-to-https"
              }
            ],
            "origin": [
              {
                "connection_attempts": 3,
                "connection_timeout": 10,
                "custom_header": [],
                "custom_origin_config": [
                  {
                    "http_port": 443,
                    "https_port": 443,
                    "origin_keepalive_timeout": 5,
                    "origin_protocol_policy": "https-only",
                    "origin_read_timeout": 30,
                    "origin_ssl_protocols": [
                      "TLSv1.2"
                    ]
                  }
                ],
                "domain_name": "jyr7at3ctox26opxmaqfqidelu0bsyca.lambda-url.eu-central-1.on.aws",
                "origin_access_control_id": "",
                "origin_id": "lambda-blog-server",
                "origin_path": "",
                "origin_shield": [],
                "s3_origin_config": [],
                "vpc_origin_config": []
              },
              {
                "connection_attempts": 3,
                "connection_timeout": 10,
                "custom_header": [],
                "custom_origin_config": [],
                "domain_name": "gisblog-assets.s3.eu-central-1.amazonaws.com",
                "origin_access_control_id": "E3F267EN2YATAS",
                "origin_id": "s3-blog-assets",
                "origin_path": "",
                "origin_shield": [],
                "s3_origin_config": [],
                "vpc_origin_config": []
              }
            ],
            "origin_group": [],
            "price_class": "PriceClass_All",
            "restrictions": [
              {
                "geo_restriction": [
                  {
                    "locations": [],
                    "restriction_type": "none"
                  }
                ]
              }
            ],
            "retain_on_delete": false,
            "staging": false,
            "status": "Deployed",
            "tags": null,
            "tags_all": {},
            "trusted_key_groups": [
              {
                "enabled": false,
                "items": []
              }
            ],
            "trusted_signers": [
              {
                "enabled": false,
                "items": []
              }
            ],
            "viewer_certificate": [
              {
                "acm_certificate_arn": "",
                "cloudfront_default_certificate": true,
                "iam_certificate_id": "",
                "minimum_protocol_version": "TLSv1",
                "ssl_support_method": ""
              }
            ],
            "wait_for_deployment": true,
            "web_acl_id": ""
          },
          "sensitive_attributes": [],
          "identity_schema_version": 0,
          "private": "eyJzY2hlbWFfdmVyc2lvbiI6IjEifQ==",
          "dependencies": [
            "aws_cloudfront_origin_access_control.blog_oac",
            "aws_iam_role.lambda_role",
            "aws_lambda_function.blog_server",
            "aws_lambda_function_url.blog_server_url",
            "aws_s3_bucket.blog_assets",
            "aws_s3_bucket.blog_cache",
            "data.archive_file.server_function_zip",
            "null_resource.prepare_lambda_source"
          ]
        }
      ]
    },
    {
      "mode": "managed",
      "type": "aws_cloudfront_origin_access_control",
      "name": "blog_oac",
      "provider": "provider[\"registry.terraform.io/hashicorp/aws\"]",
      "instances": [
        {
          "schema_version": 0,
          "attributes": {
            "arn": "arn:aws:cloudfront::571075516563:origin-access-control/E3F267EN2YATAS",
            "description": "OAC for blog Next.js assets bucket",
            "etag": "ETVPDKIKX0DER",
            "id": "E3F267EN2YATAS",
            "name": "gisblog-oac",
            "origin_access_control_origin_type": "s3",
            "signing_behavior": "always",
            "signing_protocol": "sigv4"
          },
          "sensitive_attributes": [],
          "identity_schema_version": 0,
          "private": "bnVsbA=="
        }
      ]
    },
    {
      "mode": "managed",
      "type": "aws_iam_role",
      "name": "lambda_role",
      "provider": "provider[\"registry.terraform.io/hashicorp/aws\"]",
      "instances": [
        {
          "schema_version": 0,
          "attributes": {
            "arn": "arn:aws:iam::571075516563:role/gisblog-lambda-role",
            "assume_role_policy": "{\"Statement\":[{\"Action\":\"sts:AssumeRole\",\"Effect\":\"Allow\",\"Principal\":{\"Service\":\"lambda.amazonaws.com\"}}],\"Version\":\"2012-10-17\"}",
            "create_date": "2025-10-01T15:03:37Z",
            "description": "",
            "force_detach_policies": false,
            "id": "gisblog-lambda-role",
            "inline_policy": [],
            "managed_policy_arns": [],
            "max_session_duration": 3600,
            "name": "gisblog-lambda-role",
            "name_prefix": "",
            "path": "/",
            "permissions_boundary": "",
            "tags": null,
            "tags_all": {},
            "unique_id": "AROAYJ5WA3CJV7UKJ7WLI"
          },
          "sensitive_attributes": [],
          "identity_schema_version": 0,
          "private": "bnVsbA=="
        }
      ]
    },
    {
      "mode": "managed",
      "type": "aws_iam_role_policy",
      "name": "lambda_s3_cache_policy",
      "provider": "provider[\"registry.terraform.io/hashicorp/aws\"]",
      "instances": [
        {
          "schema_version": 0,
          "attributes": {
            "id": "gisblog-lambda-role:gisblog-lambda-s3-cache-policy",
            "name": "gisblog-lambda-s3-cache-policy",
            "name_prefix": "",
            "policy": "{\"Version\":\"2012-10-17\",\"Statement\":[{\"Action\":[\"s3:GetObject\",\"s3:PutObject\"],\"Effect\":\"Allow\",\"Resource\":\"arn:aws:s3:::gisblog-cache/*\"},{\"Action\":\"s3:ListBucket\",\"Effect\":\"Allow\",\"Resource\":\"arn:aws:s3:::gisblog-cache\"}]}",
            "role": "gisblog-lambda-role"
          },
          "sensitive_attributes": [],
          "identity_schema_version": 0,
          "private": "bnVsbA==",
          "dependencies": [
            "aws_iam_role.lambda_role",
            "aws_s3_bucket.blog_cache"
          ]
        }
      ]
    },
    {
      "mode": "managed",
      "type": "aws_iam_role_policy_attachment",
      "name": "lambda_basic_execution",
      "provider": "provider[\"registry.terraform.io/hashicorp/aws\"]",
      "instances": [
        {
          "schema_version": 0,
          "attributes": {
            "id": "gisblog-lambda-role-20251001150338386000000001",
            "policy_arn": "arn:aws:iam::aws:policy/service-role/AWSLambdaBasicExecutionRole",
            "role": "gisblog-lambda-role"
          },
          "sensitive_attributes": [],
          "identity_schema_version": 0,
          "private": "bnVsbA==",
          "dependencies": [
            "aws_iam_role.lambda_role"
          ]
        }
      ]
    },
    {
      "mode": "managed",
      "type": "aws_lambda_function",
      "name": "blog_server",
      "provider": "provider[\"registry.terraform.io/hashicorp/aws\"]",
      "instances": [
        {
          "schema_version": 0,
          "attributes": {
            "architectures": [
              "x86_64"
            ],
            "arn": "arn:aws:lambda:eu-central-1:571075516563:function:gisblog-server",
            "code_sha256": "vpGQzfHGrV7mgQKDixDox29XF1e7DrblW7aXpA82+UY=",
            "code_signing_config_arn": "",
            "dead_letter_config": [],
            "description": "",
            "environment": [
              {
                "variables": {
                  "CACHE_BUCKET_NAME": "gisblog-cache",
                  "CACHE_BUCKET_REGION": "eu-central-1",
                  "NODE_ENV": "production"
                }
              }
            ],
            "ephemeral_storage": [
              {
                "size": 512
              }
            ],
            "file_system_config": [],
            "filename": "../server-functions.zip",
            "function_name": "gisblog-server",
            "handler": "index.handler",
            "id": "gisblog-server",
            "image_config": [],
            "image_uri": "",
            "invoke_arn": "arn:aws:apigateway:eu-central-1:lambda:path/2015-03-31/functions/arn:aws:lambda:eu-central-1:571075516563:function:gisblog-server/invocations",
            "kms_key_arn": "",
            "last_modified": "2025-10-01T15:05:00.115+0000",
            "layers": null,
            "logging_config": [
              {
                "application_log_level": "",
                "log_format": "Text",
                "log_group": "/aws/lambda/gisblog-server",
                "system_log_level": ""
              }
            ],
            "memory_size": 1024,
            "package_type": "Zip",
            "publish": true,
            "qualified_arn": "arn:aws:lambda:eu-central-1:571075516563:function:gisblog-server:3",
            "qualified_invoke_arn": "arn:aws:apigateway:eu-central-1:lambda:path/2015-03-31/functions/arn:aws:lambda:eu-central-1:571075516563:function:gisblog-server:3/invocations",
            "replace_security_groups_on_destroy": null,
            "replacement_security_group_ids": null,
            "reserved_concurrent_executions": -1,
            "role": "arn:aws:iam::571075516563:role/gisblog-lambda-role",
            "runtime": "nodejs20.x",
            "s3_bucket": null,
            "s3_key": null,
            "s3_object_version": null,
            "signing_job_arn": "",
            "signing_profile_version_arn": "",
            "skip_destroy": false,
            "snap_start": [],
            "source_code_hash": "vpGQzfHGrV7mgQKDixDox29XF1e7DrblW7aXpA82+UY=",
            "source_code_size": 18675675,
            "tags": null,
            "tags_all": {},
            "timeout": 30,
            "timeouts": null,
            "tracing_config": [
              {
                "mode": "PassThrough"
              }
            ],
            "version": "3",
            "vpc_config": []
          },
          "sensitive_attributes": [],
          "identity_schema_version": 0,
          "private": "eyJlMmJmYjczMC1lY2FhLTExZTYtOGY4OC0zNDM2M2JjN2M0YzAiOnsiY3JlYXRlIjo2MDAwMDAwMDAwMDAsImRlbGV0ZSI6NjAwMDAwMDAwMDAwLCJ1cGRhdGUiOjYwMDAwMDAwMDAwMH19",
          "dependencies": [
            "aws_iam_role.lambda_role",
            "aws_s3_bucket.blog_cache",
            "data.archive_file.server_function_zip",
            "null_resource.prepare_lambda_source"
          ]
        }
      ]
    },
    {
      "mode": "managed",
      "type": "aws_lambda_function_url",
      "name": "blog_server_url",
      "provider": "provider[\"registry.terraform.io/hashicorp/aws\"]",
      "instances": [
        {
          "schema_version": 0,
          "attributes": {
            "authorization_type": "NONE",
            "cors": [
              {
                "allow_credentials": false,
                "allow_headers": [
                  "*"
                ],
                "allow_methods": [
                  "*"
                ],
                "allow_origins": [
                  "*"
                ],
                "expose_headers": [
                  "*"
                ],
                "max_age": 86400
              }
            ],
            "function_arn": "arn:aws:lambda:eu-central-1:571075516563:function:gisblog-server",
            "function_name": "gisblog-server",
            "function_url": "https://jyr7at3ctox26opxmaqfqidelu0bsyca.lambda-url.eu-central-1.on.aws/",
            "id": "gisblog-server",
            "invoke_mode": "BUFFERED",
            "qualifier": "",
            "timeouts": null,
            "url_id": "jyr7at3ctox26opxmaqfqidelu0bsyca"
          },
          "sensitive_attributes": [],
          "identity_schema_version": 0,
          "private": "eyJlMmJmYjczMC1lY2FhLTExZTYtOGY4OC0zNDM2M2JjN2M0YzAiOnsiY3JlYXRlIjo2MDAwMDAwMDAwMDB9fQ==",
          "dependencies": [
            "aws_iam_role.lambda_role",
            "aws_lambda_function.blog_server",
            "aws_s3_bucket.blog_cache",
            "data.archive_file.server_function_zip",
            "null_resource.prepare_lambda_source"
          ]
        }
      ]
    },
    {
      "mode": "managed",
      "type": "aws_s3_bucket",
      "name": "blog_assets",
      "provider": "provider[\"registry.terraform.io/hashicorp/aws\"]",
      "instances": [
        {
          "schema_version": 0,
          "attributes": {
            "acceleration_status": "",
            "acl": null,
            "arn": "arn:aws:s3:::gisblog-assets",
            "bucket": "gisblog-assets",
            "bucket_domain_name": "gisblog-assets.s3.amazonaws.com",
            "bucket_prefix": "",
            "bucket_regional_domain_name": "gisblog-assets.s3.eu-central-1.amazonaws.com",
            "cors_rule": [],
            "force_destroy": false,
            "grant": [
              {
                "id": "1021d3a72ea640256d91cf8897c11662e45a24be025d44d7a6d2464aa2fc24ef",
                "permissions": [
                  "FULL_CONTROL"
                ],
                "type": "CanonicalUser",
                "uri": ""
              }
            ],
            "hosted_zone_id": "Z21DNDUVLTQW6Q",
            "id": "gisblog-assets",
            "lifecycle_rule": [],
            "logging": [],
            "object_lock_configuration": [],
            "object_lock_enabled": false,
            "policy": "",
            "region": "eu-central-1",
            "replication_configuration": [],
            "request_payer": "BucketOwner",
            "server_side_encryption_configuration": [
              {
                "rule": [
                  {
                    "apply_server_side_encryption_by_default": [
                      {
                        "kms_master_key_id": "",
                        "sse_algorithm": "AES256"
                      }
                    ],
                    "bucket_key_enabled": false
                  }
                ]
              }
            ],
            "tags": null,
            "tags_all": {},
            "timeouts": null,
            "versioning": [
              {
                "enabled": false,
                "mfa_delete": false
              }
            ],
            "website": [],
            "website_domain": null,
            "website_endpoint": null
          },
          "sensitive_attributes": [],
          "identity_schema_version": 0,
          "private": "eyJlMmJmYjczMC1lY2FhLTExZTYtOGY4OC0zNDM2M2JjN2M0YzAiOnsiY3JlYXRlIjoxMjAwMDAwMDAwMDAwLCJkZWxldGUiOjM2MDAwMDAwMDAwMDAsInJlYWQiOjEyMDAwMDAwMDAwMDAsInVwZGF0ZSI6MTIwMDAwMDAwMDAwMH19"
        }
      ]
    },
    {
      "mode": "managed",
      "type": "aws_s3_bucket",
      "name": "blog_cache",
      "provider": "provider[\"registry.terraform.io/hashicorp/aws\"]",
      "instances": [
        {
          "schema_version": 0,
          "attributes": {
            "acceleration_status": "",
            "acl": null,
            "arn": "arn:aws:s3:::gisblog-cache",
            "bucket": "gisblog-cache",
            "bucket_domain_name": "gisblog-cache.s3.amazonaws.com",
            "bucket_prefix": "",
            "bucket_regional_domain_name": "gisblog-cache.s3.eu-central-1.amazonaws.com",
            "cors_rule": [],
            "force_destroy": false,
            "grant": [
              {
                "id": "1021d3a72ea640256d91cf8897c11662e45a24be025d44d7a6d2464aa2fc24ef",
                "permissions": [
                  "FULL_CONTROL"
                ],
                "type": "CanonicalUser",
                "uri": ""
              }
            ],
            "hosted_zone_id": "Z21DNDUVLTQW6Q",
            "id": "gisblog-cache",
            "lifecycle_rule": [],
            "logging": [],
            "object_lock_configuration": [],
            "object_lock_enabled": false,
            "policy": "",
            "region": "eu-central-1",
            "replication_configuration": [],
            "request_payer": "BucketOwner",
            "server_side_encryption_configuration": [
              {
                "rule": [
                  {
                    "apply_server_side_encryption_by_default": [
                      {
                        "kms_master_key_id": "",
                        "sse_algorithm": "AES256"
                      }
                    ],
                    "bucket_key_enabled": false
                  }
                ]
              }
            ],
            "tags": null,
            "tags_all": {},
            "timeouts": null,
            "versioning": [
              {
                "enabled": false,
                "mfa_delete": false
              }
            ],
            "website": [],
            "website_domain": null,
            "website_endpoint": null
          },
          "sensitive_attributes": [],
          "identity_schema_version": 0,
          "private": "eyJlMmJmYjczMC1lY2FhLTExZTYtOGY4OC0zNDM2M2JjN2M0YzAiOnsiY3JlYXRlIjoxMjAwMDAwMDAwMDAwLCJkZWxldGUiOjM2MDAwMDAwMDAwMDAsInJlYWQiOjEyMDAwMDAwMDAwMDAsInVwZGF0ZSI6MTIwMDAwMDAwMDAwMH19"
        }
      ]
    },
    {
      "mode": "managed",
      "type": "aws_s3_bucket_ownership_controls",
      "name": "blog_assets_acl",
      "provider": "provider[\"registry.terraform.io/hashicorp/aws\"]",
      "instances": [
        {
          "schema_version": 0,
          "attributes": {
            "bucket": "gisblog-assets",
            "id": "gisblog-assets",
            "rule": [
              {
                "object_ownership": "BucketOwnerEnforced"
              }
            ]
          },
          "sensitive_attributes": [],
          "identity_schema_version": 0,
          "private": "bnVsbA==",
          "dependencies": [
            "aws_s3_bucket.blog_assets"
          ]
        }
      ]
    },
    {
      "mode": "managed",
      "type": "aws_s3_bucket_policy",
      "name": "blog_assets_policy",
      "provider": "provider[\"registry.terraform.io/hashicorp/aws\"]",
      "instances": [
        {
          "schema_version": 0,
          "attributes": {
            "bucket": "gisblog-assets",
            "id": "gisblog-assets",
            "policy": "{\"Statement\":[{\"Action\":\"s3:GetObject\",\"Condition\":{\"StringEquals\":{\"AWS:SourceArn\":\"arn:aws:cloudfront::571075516563:distribution/E9EDFSVP68HKP\"}},\"Effect\":\"Allow\",\"Principal\":{\"Service\":\"cloudfront.amazonaws.com\"},\"Resource\":\"arn:aws:s3:::gisblog-assets/*\",\"Sid\":\"AllowCloudFrontServicePrincipal\"}],\"Version\":\"2012-10-17\"}"
          },
          "sensitive_attributes": [],
          "identity_schema_version": 0,
          "private": "bnVsbA==",
          "dependencies": [
            "aws_cloudfront_distribution.blog_cdn",
            "aws_cloudfront_origin_access_control.blog_oac",
            "aws_iam_role.lambda_role",
            "aws_lambda_function.blog_server",
            "aws_lambda_function_url.blog_server_url",
            "aws_s3_bucket.blog_assets",
            "aws_s3_bucket.blog_cache",
            "aws_s3_bucket_public_access_block.blog_assets_pab",
            "data.archive_file.server_function_zip",
            "null_resource.prepare_lambda_source"
          ]
        }
      ]
    },
    {
      "mode": "managed",
      "type": "aws_s3_bucket_public_access_block",
      "name": "blog_assets_pab",
      "provider": "provider[\"registry.terraform.io/hashicorp/aws\"]",
      "instances": [
        {
          "schema_version": 0,
          "attributes": {
            "block_public_acls": true,
            "block_public_policy": true,
            "bucket": "gisblog-assets",
            "id": "gisblog-assets",
            "ignore_public_acls": true,
            "restrict_public_buckets": true
          },
          "sensitive_attributes": [],
          "identity_schema_version": 0,
          "private": "bnVsbA==",
          "dependencies": [
            "aws_s3_bucket.blog_assets"
          ]
        }
      ]
    },
    {
      "mode": "managed",
      "type": "aws_s3_object",
      "name": "blog_assets_objects",
      "provider": "provider[\"registry.terraform.io/hashicorp/aws\"]",
      "instances": [
        {
          "index_key": "BUILD_ID",
          "schema_version": 0,
          "attributes": {
            "acl": null,
            "arn": "arn:aws:s3:::gisblog-assets/BUILD_ID",
            "bucket": "gisblog-assets",
            "bucket_key_enabled": false,
            "cache_control": "public, max-age=0, must-revalidate",
            "checksum_algorithm": null,
            "checksum_crc32": "",
            "checksum_crc32c": "",
            "checksum_crc64nvme": "",
            "checksum_sha1": "",
            "checksum_sha256": "",
            "content": null,
            "content_base64": null,
            "content_disposition": "",
            "content_encoding": "",
            "content_language": "",
            "content_type": "application/octet-stream",
            "etag": "a4125750dba274829af5239c6679a58b",
            "force_destroy": false,
            "id": "BUILD_ID",
            "key": "BUILD_ID",
            "kms_key_id": null,
            "metadata": null,
            "object_lock_legal_hold_status": "",
            "object_lock_mode": "",
            "object_lock_retain_until_date": "",
            "override_provider": [],
            "server_side_encryption": "AES256",
            "source": "../.open-next/assets/BUILD_ID",
            "source_hash": null,
            "storage_class": "STANDARD",
            "tags": null,
            "tags_all": {},
            "version_id": "",
            "website_redirect": ""
          },
          "sensitive_attributes": [],
          "identity_schema_version": 0,
          "private": "bnVsbA==",
          "dependencies": [
            "aws_s3_bucket.blog_assets"
          ]
        },
        {
          "index_key": "_next/static/EIvvYlOkXzTs2q5gU7CLI/_buildManifest.js",
          "schema_version": 0,
          "attributes": {
            "acl": null,
            "arn": "arn:aws:s3:::gisblog-assets/_next/static/EIvvYlOkXzTs2q5gU7CLI/_buildManifest.js",
            "bucket": "gisblog-assets",
            "bucket_key_enabled": false,
            "cache_control": "public, max-age=31536000, immutable",
            "checksum_algorithm": null,
            "checksum_crc32": "",
            "checksum_crc32c": "",
            "checksum_crc64nvme": "",
            "checksum_sha1": "",
            "checksum_sha256": "",
            "content": null,
            "content_base64": null,
            "content_disposition": "",
            "content_encoding": "",
            "content_language": "",
            "content_type": "application/javascript",
            "etag": "5e1bba912f330ba4212e310822d22d92",
            "force_destroy": false,
            "id": "_next/static/EIvvYlOkXzTs2q5gU7CLI/_buildManifest.js",
            "key": "_next/static/EIvvYlOkXzTs2q5gU7CLI/_buildManifest.js",
            "kms_key_id": null,
            "metadata": null,
            "object_lock_legal_hold_status": "",
            "object_lock_mode": "",
            "object_lock_retain_until_date": "",
            "override_provider": [],
            "server_side_encryption": "AES256",
            "source": "../.open-next/assets/_next/static/EIvvYlOkXzTs2q5gU7CLI/_buildManifest.js",
            "source_hash": null,
            "storage_class": "STANDARD",
            "tags": null,
            "tags_all": {},
            "version_id": "",
            "website_redirect": ""
          },
          "sensitive_attributes": [],
          "identity_schema_version": 0,
          "private": "bnVsbA==",
          "dependencies": [
            "aws_s3_bucket.blog_assets"
          ]
        },
        {
          "index_key": "_next/static/EIvvYlOkXzTs2q5gU7CLI/_ssgManifest.js",
          "schema_version": 0,
          "attributes": {
            "acl": null,
            "arn": "arn:aws:s3:::gisblog-assets/_next/static/EIvvYlOkXzTs2q5gU7CLI/_ssgManifest.js",
            "bucket": "gisblog-assets",
            "bucket_key_enabled": false,
            "cache_control": "public, max-age=31536000, immutable",
            "checksum_algorithm": null,
            "checksum_crc32": "",
            "checksum_crc32c": "",
            "checksum_crc64nvme": "",
            "checksum_sha1": "",
            "checksum_sha256": "",
            "content": null,
            "content_base64": null,
            "content_disposition": "",
            "content_encoding": "",
            "content_language": "",
            "content_type": "application/javascript",
            "etag": "b404e23d62d95bafd03ad7747cc0e88b",
            "force_destroy": false,
            "id": "_next/static/EIvvYlOkXzTs2q5gU7CLI/_ssgManifest.js",
            "key": "_next/static/EIvvYlOkXzTs2q5gU7CLI/_ssgManifest.js",
            "kms_key_id": null,
            "metadata": null,
            "object_lock_legal_hold_status": "",
            "object_lock_mode": "",
            "object_lock_retain_until_date": "",
            "override_provider": [],
            "server_side_encryption": "AES256",
            "source": "../.open-next/assets/_next/static/EIvvYlOkXzTs2q5gU7CLI/_ssgManifest.js",
            "source_hash": null,
            "storage_class": "STANDARD",
            "tags": null,
            "tags_all": {},
            "version_id": "",
            "website_redirect": ""
          },
          "sensitive_attributes": [],
          "identity_schema_version": 0,
          "private": "bnVsbA==",
          "dependencies": [
            "aws_s3_bucket.blog_assets"
          ]
        },
        {
          "index_key": "_next/static/chunks/1218-71aace9ddfe18ae9.js",
          "schema_version": 0,
          "attributes": {
            "acl": null,
            "arn": "arn:aws:s3:::gisblog-assets/_next/static/chunks/1218-71aace9ddfe18ae9.js",
            "bucket": "gisblog-assets",
            "bucket_key_enabled": false,
            "cache_control": "public, max-age=31536000, immutable",
            "checksum_algorithm": null,
            "checksum_crc32": "",
            "checksum_crc32c": "",
            "checksum_crc64nvme": "",
            "checksum_sha1": "",
            "checksum_sha256": "",
            "content": null,
            "content_base64": null,
            "content_disposition": "",
            "content_encoding": "",
            "content_language": "",
            "content_type": "application/javascript",
            "etag": "53b42c8f2b711426330e466488ff426c",
            "force_destroy": false,
            "id": "_next/static/chunks/1218-71aace9ddfe18ae9.js",
            "key": "_next/static/chunks/1218-71aace9ddfe18ae9.js",
            "kms_key_id": null,
            "metadata": null,
            "object_lock_legal_hold_status": "",
            "object_lock_mode": "",
            "object_lock_retain_until_date": "",
            "override_provider": [],
            "server_side_encryption": "AES256",
            "source": "../.open-next/assets/_next/static/chunks/1218-71aace9ddfe18ae9.js",
            "source_hash": null,
            "storage_class": "STANDARD",
            "tags": null,
            "tags_all": {},
            "version_id": "",
            "website_redirect": ""
          },
          "sensitive_attributes": [],
          "identity_schema_version": 0,
          "private": "bnVsbA==",
          "dependencies": [
            "aws_s3_bucket.blog_assets"
          ]
        },
        {
          "index_key": "_next/static/chunks/1300.59b828d79ba02adb.js",
          "schema_version": 0,
          "attributes": {
            "acl": null,
            "arn": "arn:aws:s3:::gisblog-assets/_next/static/chunks/1300.59b828d79ba02adb.js",
            "bucket": "gisblog-assets",
            "bucket_key_enabled": false,
            "cache_control": "public, max-age=31536000, immutable",
            "checksum_algorithm": null,
            "checksum_crc32": "",
            "checksum_crc32c": "",
            "checksum_crc64nvme": "",
            "checksum_sha1": "",
            "checksum_sha256": "",
            "content": null,
            "content_base64": null,
            "content_disposition": "",
            "content_encoding": "",
            "content_language": "",
            "content_type": "application/javascript",
            "etag": "ddf9397a0744f088d0bf929fcc962c2a",
            "force_destroy": false,
            "id": "_next/static/chunks/1300.59b828d79ba02adb.js",
            "key": "_next/static/chunks/1300.59b828d79ba02adb.js",
            "kms_key_id": null,
            "metadata": null,
            "object_lock_legal_hold_status": "",
            "object_lock_mode": "",
            "object_lock_retain_until_date": "",
            "override_provider": [],
            "server_side_encryption": "AES256",
            "source": "../.open-next/assets/_next/static/chunks/1300.59b828d79ba02adb.js",
            "source_hash": null,
            "storage_class": "STANDARD",
            "tags": null,
            "tags_all": {},
            "version_id": "",
            "website_redirect": ""
          },
          "sensitive_attributes": [],
          "identity_schema_version": 0,
          "private": "bnVsbA==",
          "dependencies": [
            "aws_s3_bucket.blog_assets"
          ]
        },
        {
          "index_key": "_next/static/chunks/1427.0306ef50fe7417ad.js",
          "schema_version": 0,
          "attributes": {
            "acl": null,
            "arn": "arn:aws:s3:::gisblog-assets/_next/static/chunks/1427.0306ef50fe7417ad.js",
            "bucket": "gisblog-assets",
            "bucket_key_enabled": false,
            "cache_control": "public, max-age=31536000, immutable",
            "checksum_algorithm": null,
            "checksum_crc32": "",
            "checksum_crc32c": "",
            "checksum_crc64nvme": "",
            "checksum_sha1": "",
            "checksum_sha256": "",
            "content": null,
            "content_base64": null,
            "content_disposition": "",
            "content_encoding": "",
            "content_language": "",
            "content_type": "application/javascript",
            "etag": "01458690c6c7d3012acc15a71d33e16e",
            "force_destroy": false,
            "id": "_next/static/chunks/1427.0306ef50fe7417ad.js",
            "key": "_next/static/chunks/1427.0306ef50fe7417ad.js",
            "kms_key_id": null,
            "metadata": null,
            "object_lock_legal_hold_status": "",
            "object_lock_mode": "",
            "object_lock_retain_until_date": "",
            "override_provider": [],
            "server_side_encryption": "AES256",
            "source": "../.open-next/assets/_next/static/chunks/1427.0306ef50fe7417ad.js",
            "source_hash": null,
            "storage_class": "STANDARD",
            "tags": null,
            "tags_all": {},
            "version_id": "",
            "website_redirect": ""
          },
          "sensitive_attributes": [],
          "identity_schema_version": 0,
          "private": "bnVsbA==",
          "dependencies": [
            "aws_s3_bucket.blog_assets"
          ]
        },
        {
          "index_key": "_next/static/chunks/1704.0446059a71c05235.js",
          "schema_version": 0,
          "attributes": {
            "acl": null,
            "arn": "arn:aws:s3:::gisblog-assets/_next/static/chunks/1704.0446059a71c05235.js",
            "bucket": "gisblog-assets",
            "bucket_key_enabled": false,
            "cache_control": "public, max-age=31536000, immutable",
            "checksum_algorithm": null,
            "checksum_crc32": "",
            "checksum_crc32c": "",
            "checksum_crc64nvme": "",
            "checksum_sha1": "",
            "checksum_sha256": "",
            "content": null,
            "content_base64": null,
            "content_disposition": "",
            "content_encoding": "",
            "content_language": "",
            "content_type": "application/javascript",
            "etag": "3c6dfd449e7b57c2f57a633c6cfbb4e8",
            "force_destroy": false,
            "id": "_next/static/chunks/1704.0446059a71c05235.js",
            "key": "_next/static/chunks/1704.0446059a71c05235.js",
            "kms_key_id": null,
            "metadata": null,
            "object_lock_legal_hold_status": "",
            "object_lock_mode": "",
            "object_lock_retain_until_date": "",
            "override_provider": [],
            "server_side_encryption": "AES256",
            "source": "../.open-next/assets/_next/static/chunks/1704.0446059a71c05235.js",
            "source_hash": null,
            "storage_class": "STANDARD",
            "tags": null,
            "tags_all": {},
            "version_id": "",
            "website_redirect": ""
          },
          "sensitive_attributes": [],
          "identity_schema_version": 0,
          "private": "bnVsbA==",
          "dependencies": [
            "aws_s3_bucket.blog_assets"
          ]
        },
        {
          "index_key": "_next/static/chunks/2038.2acb243f4d4279ae.js",
          "schema_version": 0,
          "attributes": {
            "acl": null,
            "arn": "arn:aws:s3:::gisblog-assets/_next/static/chunks/2038.2acb243f4d4279ae.js",
            "bucket": "gisblog-assets",
            "bucket_key_enabled": false,
            "cache_control": "public, max-age=31536000, immutable",
            "checksum_algorithm": null,
            "checksum_crc32": "",
            "checksum_crc32c": "",
            "checksum_crc64nvme": "",
            "checksum_sha1": "",
            "checksum_sha256": "",
            "content": null,
            "content_base64": null,
            "content_disposition": "",
            "content_encoding": "",
            "content_language": "",
            "content_type": "application/javascript",
            "etag": "b075c7703c01c0c0e6c908eb54473ccf",
            "force_destroy": false,
            "id": "_next/static/chunks/2038.2acb243f4d4279ae.js",
            "key": "_next/static/chunks/2038.2acb243f4d4279ae.js",
            "kms_key_id": null,
            "metadata": null,
            "object_lock_legal_hold_status": "",
            "object_lock_mode": "",
            "object_lock_retain_until_date": "",
            "override_provider": [],
            "server_side_encryption": "AES256",
            "source": "../.open-next/assets/_next/static/chunks/2038.2acb243f4d4279ae.js",
            "source_hash": null,
            "storage_class": "STANDARD",
            "tags": null,
            "tags_all": {},
            "version_id": "",
            "website_redirect": ""
          },
          "sensitive_attributes": [],
          "identity_schema_version": 0,
          "private": "bnVsbA==",
          "dependencies": [
            "aws_s3_bucket.blog_assets"
          ]
        },
        {
          "index_key": "_next/static/chunks/205-c657b5a86557128d.js",
          "schema_version": 0,
          "attributes": {
            "acl": null,
            "arn": "arn:aws:s3:::gisblog-assets/_next/static/chunks/205-c657b5a86557128d.js",
            "bucket": "gisblog-assets",
            "bucket_key_enabled": false,
            "cache_control": "public, max-age=31536000, immutable",
            "checksum_algorithm": null,
            "checksum_crc32": "",
            "checksum_crc32c": "",
            "checksum_crc64nvme": "",
            "checksum_sha1": "",
            "checksum_sha256": "",
            "content": null,
            "content_base64": null,
            "content_disposition": "",
            "content_encoding": "",
            "content_language": "",
            "content_type": "application/javascript",
            "etag": "90a26fdfc85b6c7776a2338a0965e209",
            "force_destroy": false,
            "id": "_next/static/chunks/205-c657b5a86557128d.js",
            "key": "_next/static/chunks/205-c657b5a86557128d.js",
            "kms_key_id": null,
            "metadata": null,
            "object_lock_legal_hold_status": "",
            "object_lock_mode": "",
            "object_lock_retain_until_date": "",
            "override_provider": [],
            "server_side_encryption": "AES256",
            "source": "../.open-next/assets/_next/static/chunks/205-c657b5a86557128d.js",
            "source_hash": null,
            "storage_class": "STANDARD",
            "tags": null,
            "tags_all": {},
            "version_id": "",
            "website_redirect": ""
          },
          "sensitive_attributes": [],
          "identity_schema_version": 0,
          "private": "bnVsbA==",
          "dependencies": [
            "aws_s3_bucket.blog_assets"
          ]
        },
        {
          "index_key": "_next/static/chunks/2121.5c548833858e5d30.js",
          "schema_version": 0,
          "attributes": {
            "acl": null,
            "arn": "arn:aws:s3:::gisblog-assets/_next/static/chunks/2121.5c548833858e5d30.js",
            "bucket": "gisblog-assets",
            "bucket_key_enabled": false,
            "cache_control": "public, max-age=31536000, immutable",
            "checksum_algorithm": null,
            "checksum_crc32": "",
            "checksum_crc32c": "",
            "checksum_crc64nvme": "",
            "checksum_sha1": "",
            "checksum_sha256": "",
            "content": null,
            "content_base64": null,
            "content_disposition": "",
            "content_encoding": "",
            "content_language": "",
            "content_type": "application/javascript",
            "etag": "175c396967d3e64c1886d92fd3eda39c",
            "force_destroy": false,
            "id": "_next/static/chunks/2121.5c548833858e5d30.js",
            "key": "_next/static/chunks/2121.5c548833858e5d30.js",
            "kms_key_id": null,
            "metadata": null,
            "object_lock_legal_hold_status": "",
            "object_lock_mode": "",
            "object_lock_retain_until_date": "",
            "override_provider": [],
            "server_side_encryption": "AES256",
            "source": "../.open-next/assets/_next/static/chunks/2121.5c548833858e5d30.js",
            "source_hash": null,
            "storage_class": "STANDARD",
            "tags": null,
            "tags_all": {},
            "version_id": "",
            "website_redirect": ""
          },
          "sensitive_attributes": [],
          "identity_schema_version": 0,
          "private": "bnVsbA==",
          "dependencies": [
            "aws_s3_bucket.blog_assets"
          ]
        },
        {
          "index_key": "_next/static/chunks/2173-eaf46794a3138656.js",
          "schema_version": 0,
          "attributes": {
            "acl": null,
            "arn": "arn:aws:s3:::gisblog-assets/_next/static/chunks/2173-eaf46794a3138656.js",
            "bucket": "gisblog-assets",
            "bucket_key_enabled": false,
            "cache_control": "public, max-age=31536000, immutable",
            "checksum_algorithm": null,
            "checksum_crc32": "",
            "checksum_crc32c": "",
            "checksum_crc64nvme": "",
            "checksum_sha1": "",
            "checksum_sha256": "",
            "content": null,
            "content_base64": null,
            "content_disposition": "",
            "content_encoding": "",
            "content_language": "",
            "content_type": "application/javascript",
            "etag": "094d370122b7fbc53120baef8d210906",
            "force_destroy": false,
            "id": "_next/static/chunks/2173-eaf46794a3138656.js",
            "key": "_next/static/chunks/2173-eaf46794a3138656.js",
            "kms_key_id": null,
            "metadata": null,
            "object_lock_legal_hold_status": "",
            "object_lock_mode": "",
            "object_lock_retain_until_date": "",
            "override_provider": [],
            "server_side_encryption": "AES256",
            "source": "../.open-next/assets/_next/static/chunks/2173-eaf46794a3138656.js",
            "source_hash": null,
            "storage_class": "STANDARD",
            "tags": null,
            "tags_all": {},
            "version_id": "",
            "website_redirect": ""
          },
          "sensitive_attributes": [],
          "identity_schema_version": 0,
          "private": "bnVsbA==",
          "dependencies": [
            "aws_s3_bucket.blog_assets"
          ]
        },
        {
          "index_key": "_next/static/chunks/2201.72d5e0c6540e6b30.js",
          "schema_version": 0,
          "attributes": {
            "acl": null,
            "arn": "arn:aws:s3:::gisblog-assets/_next/static/chunks/2201.72d5e0c6540e6b30.js",
            "bucket": "gisblog-assets",
            "bucket_key_enabled": false,
            "cache_control": "public, max-age=31536000, immutable",
            "checksum_algorithm": null,
            "checksum_crc32": "",
            "checksum_crc32c": "",
            "checksum_crc64nvme": "",
            "checksum_sha1": "",
            "checksum_sha256": "",
            "content": null,
            "content_base64": null,
            "content_disposition": "",
            "content_encoding": "",
            "content_language": "",
            "content_type": "application/javascript",
            "etag": "b8723e1775f295c2206016de226a1ed1",
            "force_destroy": false,
            "id": "_next/static/chunks/2201.72d5e0c6540e6b30.js",
            "key": "_next/static/chunks/2201.72d5e0c6540e6b30.js",
            "kms_key_id": null,
            "metadata": null,
            "object_lock_legal_hold_status": "",
            "object_lock_mode": "",
            "object_lock_retain_until_date": "",
            "override_provider": [],
            "server_side_encryption": "AES256",
            "source": "../.open-next/assets/_next/static/chunks/2201.72d5e0c6540e6b30.js",
            "source_hash": null,
            "storage_class": "STANDARD",
            "tags": null,
            "tags_all": {},
            "version_id": "",
            "website_redirect": ""
          },
          "sensitive_attributes": [],
          "identity_schema_version": 0,
          "private": "bnVsbA==",
          "dependencies": [
            "aws_s3_bucket.blog_assets"
          ]
        },
        {
          "index_key": "_next/static/chunks/2598.16591eb3d01a5bb8.js",
          "schema_version": 0,
          "attributes": {
            "acl": null,
            "arn": "arn:aws:s3:::gisblog-assets/_next/static/chunks/2598.16591eb3d01a5bb8.js",
            "bucket": "gisblog-assets",
            "bucket_key_enabled": false,
            "cache_control": "public, max-age=31536000, immutable",
            "checksum_algorithm": null,
            "checksum_crc32": "",
            "checksum_crc32c": "",
            "checksum_crc64nvme": "",
            "checksum_sha1": "",
            "checksum_sha256": "",
            "content": null,
            "content_base64": null,
            "content_disposition": "",
            "content_encoding": "",
            "content_language": "",
            "content_type": "application/javascript",
            "etag": "e09e46a4b7b6a1124a692c6240f5c9c6",
            "force_destroy": false,
            "id": "_next/static/chunks/2598.16591eb3d01a5bb8.js",
            "key": "_next/static/chunks/2598.16591eb3d01a5bb8.js",
            "kms_key_id": null,
            "metadata": null,
            "object_lock_legal_hold_status": "",
            "object_lock_mode": "",
            "object_lock_retain_until_date": "",
            "override_provider": [],
            "server_side_encryption": "AES256",
            "source": "../.open-next/assets/_next/static/chunks/2598.16591eb3d01a5bb8.js",
            "source_hash": null,
            "storage_class": "STANDARD",
            "tags": null,
            "tags_all": {},
            "version_id": "",
            "website_redirect": ""
          },
          "sensitive_attributes": [],
          "identity_schema_version": 0,
          "private": "bnVsbA==",
          "dependencies": [
            "aws_s3_bucket.blog_assets"
          ]
        },
        {
          "index_key": "_next/static/chunks/2685.93b8ae9a876431b1.js",
          "schema_version": 0,
          "attributes": {
            "acl": null,
            "arn": "arn:aws:s3:::gisblog-assets/_next/static/chunks/2685.93b8ae9a876431b1.js",
            "bucket": "gisblog-assets",
            "bucket_key_enabled": false,
            "cache_control": "public, max-age=31536000, immutable",
            "checksum_algorithm": null,
            "checksum_crc32": "",
            "checksum_crc32c": "",
            "checksum_crc64nvme": "",
            "checksum_sha1": "",
            "checksum_sha256": "",
            "content": null,
            "content_base64": null,
            "content_disposition": "",
            "content_encoding": "",
            "content_language": "",
            "content_type": "application/javascript",
            "etag": "52a8ecb3b20d58244dc4596f15e190d6",
            "force_destroy": false,
            "id": "_next/static/chunks/2685.93b8ae9a876431b1.js",
            "key": "_next/static/chunks/2685.93b8ae9a876431b1.js",
            "kms_key_id": null,
            "metadata": null,
            "object_lock_legal_hold_status": "",
            "object_lock_mode": "",
            "object_lock_retain_until_date": "",
            "override_provider": [],
            "server_side_encryption": "AES256",
            "source": "../.open-next/assets/_next/static/chunks/2685.93b8ae9a876431b1.js",
            "source_hash": null,
            "storage_class": "STANDARD",
            "tags": null,
            "tags_all": {},
            "version_id": "",
            "website_redirect": ""
          },
          "sensitive_attributes": [],
          "identity_schema_version": 0,
          "private": "bnVsbA==",
          "dependencies": [
            "aws_s3_bucket.blog_assets"
          ]
        },
        {
          "index_key": "_next/static/chunks/2954.fdce670cea8761b5.js",
          "schema_version": 0,
          "attributes": {
            "acl": null,
            "arn": "arn:aws:s3:::gisblog-assets/_next/static/chunks/2954.fdce670cea8761b5.js",
            "bucket": "gisblog-assets",
            "bucket_key_enabled": false,
            "cache_control": "public, max-age=31536000, immutable",
            "checksum_algorithm": null,
            "checksum_crc32": "",
            "checksum_crc32c": "",
            "checksum_crc64nvme": "",
            "checksum_sha1": "",
            "checksum_sha256": "",
            "content": null,
            "content_base64": null,
            "content_disposition": "",
            "content_encoding": "",
            "content_language": "",
            "content_type": "application/javascript",
            "etag": "b959b0c7603714b48b107dcf98e4ffaf",
            "force_destroy": false,
            "id": "_next/static/chunks/2954.fdce670cea8761b5.js",
            "key": "_next/static/chunks/2954.fdce670cea8761b5.js",
            "kms_key_id": null,
            "metadata": null,
            "object_lock_legal_hold_status": "",
            "object_lock_mode": "",
            "object_lock_retain_until_date": "",
            "override_provider": [],
            "server_side_encryption": "AES256",
            "source": "../.open-next/assets/_next/static/chunks/2954.fdce670cea8761b5.js",
            "source_hash": null,
            "storage_class": "STANDARD",
            "tags": null,
            "tags_all": {},
            "version_id": "",
            "website_redirect": ""
          },
          "sensitive_attributes": [],
          "identity_schema_version": 0,
          "private": "bnVsbA==",
          "dependencies": [
            "aws_s3_bucket.blog_assets"
          ]
        },
        {
          "index_key": "_next/static/chunks/3918.50ce576d253b6e8e.js",
          "schema_version": 0,
          "attributes": {
            "acl": null,
            "arn": "arn:aws:s3:::gisblog-assets/_next/static/chunks/3918.50ce576d253b6e8e.js",
            "bucket": "gisblog-assets",
            "bucket_key_enabled": false,
            "cache_control": "public, max-age=31536000, immutable",
            "checksum_algorithm": null,
            "checksum_crc32": "",
            "checksum_crc32c": "",
            "checksum_crc64nvme": "",
            "checksum_sha1": "",
            "checksum_sha256": "",
            "content": null,
            "content_base64": null,
            "content_disposition": "",
            "content_encoding": "",
            "content_language": "",
            "content_type": "application/javascript",
            "etag": "91b9d53199fea019c4e96b7790f2bd55",
            "force_destroy": false,
            "id": "_next/static/chunks/3918.50ce576d253b6e8e.js",
            "key": "_next/static/chunks/3918.50ce576d253b6e8e.js",
            "kms_key_id": null,
            "metadata": null,
            "object_lock_legal_hold_status": "",
            "object_lock_mode": "",
            "object_lock_retain_until_date": "",
            "override_provider": [],
            "server_side_encryption": "AES256",
            "source": "../.open-next/assets/_next/static/chunks/3918.50ce576d253b6e8e.js",
            "source_hash": null,
            "storage_class": "STANDARD",
            "tags": null,
            "tags_all": {},
            "version_id": "",
            "website_redirect": ""
          },
          "sensitive_attributes": [],
          "identity_schema_version": 0,
          "private": "bnVsbA==",
          "dependencies": [
            "aws_s3_bucket.blog_assets"
          ]
        },
        {
          "index_key": "_next/static/chunks/3940.860f1dd100a78ead.js",
          "schema_version": 0,
          "attributes": {
            "acl": null,
            "arn": "arn:aws:s3:::gisblog-assets/_next/static/chunks/3940.860f1dd100a78ead.js",
            "bucket": "gisblog-assets",
            "bucket_key_enabled": false,
            "cache_control": "public, max-age=31536000, immutable",
            "checksum_algorithm": null,
            "checksum_crc32": "",
            "checksum_crc32c": "",
            "checksum_crc64nvme": "",
            "checksum_sha1": "",
            "checksum_sha256": "",
            "content": null,
            "content_base64": null,
            "content_disposition": "",
            "content_encoding": "",
            "content_language": "",
            "content_type": "application/javascript",
            "etag": "2929a296df6c1ba38062b42943a0ae1b",
            "force_destroy": false,
            "id": "_next/static/chunks/3940.860f1dd100a78ead.js",
            "key": "_next/static/chunks/3940.860f1dd100a78ead.js",
            "kms_key_id": null,
            "metadata": null,
            "object_lock_legal_hold_status": "",
            "object_lock_mode": "",
            "object_lock_retain_until_date": "",
            "override_provider": [],
            "server_side_encryption": "AES256",
            "source": "../.open-next/assets/_next/static/chunks/3940.860f1dd100a78ead.js",
            "source_hash": null,
            "storage_class": "STANDARD",
            "tags": null,
            "tags_all": {},
            "version_id": "",
            "website_redirect": ""
          },
          "sensitive_attributes": [],
          "identity_schema_version": 0,
          "private": "bnVsbA==",
          "dependencies": [
            "aws_s3_bucket.blog_assets"
          ]
        },
        {
          "index_key": "_next/static/chunks/4237.59dacaf384e253d4.js",
          "schema_version": 0,
          "attributes": {
            "acl": null,
            "arn": "arn:aws:s3:::gisblog-assets/_next/static/chunks/4237.59dacaf384e253d4.js",
            "bucket": "gisblog-assets",
            "bucket_key_enabled": false,
            "cache_control": "public, max-age=31536000, immutable",
            "checksum_algorithm": null,
            "checksum_crc32": "",
            "checksum_crc32c": "",
            "checksum_crc64nvme": "",
            "checksum_sha1": "",
            "checksum_sha256": "",
            "content": null,
            "content_base64": null,
            "content_disposition": "",
            "content_encoding": "",
            "content_language": "",
            "content_type": "application/javascript",
            "etag": "938910c2ec20d716a5d8b0d1354a4d7f",
            "force_destroy": false,
            "id": "_next/static/chunks/4237.59dacaf384e253d4.js",
            "key": "_next/static/chunks/4237.59dacaf384e253d4.js",
            "kms_key_id": null,
            "metadata": null,
            "object_lock_legal_hold_status": "",
            "object_lock_mode": "",
            "object_lock_retain_until_date": "",
            "override_provider": [],
            "server_side_encryption": "AES256",
            "source": "../.open-next/assets/_next/static/chunks/4237.59dacaf384e253d4.js",
            "source_hash": null,
            "storage_class": "STANDARD",
            "tags": null,
            "tags_all": {},
            "version_id": "",
            "website_redirect": ""
          },
          "sensitive_attributes": [],
          "identity_schema_version": 0,
          "private": "bnVsbA==",
          "dependencies": [
            "aws_s3_bucket.blog_assets"
          ]
        },
        {
          "index_key": "_next/static/chunks/438.85bb1fb79ef1a89f.js",
          "schema_version": 0,
          "attributes": {
            "acl": null,
            "arn": "arn:aws:s3:::gisblog-assets/_next/static/chunks/438.85bb1fb79ef1a89f.js",
            "bucket": "gisblog-assets",
            "bucket_key_enabled": false,
            "cache_control": "public, max-age=31536000, immutable",
            "checksum_algorithm": null,
            "checksum_crc32": "",
            "checksum_crc32c": "",
            "checksum_crc64nvme": "",
            "checksum_sha1": "",
            "checksum_sha256": "",
            "content": null,
            "content_base64": null,
            "content_disposition": "",
            "content_encoding": "",
            "content_language": "",
            "content_type": "application/javascript",
            "etag": "adf154f23e426b2c1b77c2faf20698ed",
            "force_destroy": false,
            "id": "_next/static/chunks/438.85bb1fb79ef1a89f.js",
            "key": "_next/static/chunks/438.85bb1fb79ef1a89f.js",
            "kms_key_id": null,
            "metadata": null,
            "object_lock_legal_hold_status": "",
            "object_lock_mode": "",
            "object_lock_retain_until_date": "",
            "override_provider": [],
            "server_side_encryption": "AES256",
            "source": "../.open-next/assets/_next/static/chunks/438.85bb1fb79ef1a89f.js",
            "source_hash": null,
            "storage_class": "STANDARD",
            "tags": null,
            "tags_all": {},
            "version_id": "",
            "website_redirect": ""
          },
          "sensitive_attributes": [],
          "identity_schema_version": 0,
          "private": "bnVsbA==",
          "dependencies": [
            "aws_s3_bucket.blog_assets"
          ]
        },
        {
          "index_key": "_next/static/chunks/4bd1b696-cc729d47eba2cee4.js",
          "schema_version": 0,
          "attributes": {
            "acl": null,
            "arn": "arn:aws:s3:::gisblog-assets/_next/static/chunks/4bd1b696-cc729d47eba2cee4.js",
            "bucket": "gisblog-assets",
            "bucket_key_enabled": false,
            "cache_control": "public, max-age=31536000, immutable",
            "checksum_algorithm": null,
            "checksum_crc32": "",
            "checksum_crc32c": "",
            "checksum_crc64nvme": "",
            "checksum_sha1": "",
            "checksum_sha256": "",
            "content": null,
            "content_base64": null,
            "content_disposition": "",
            "content_encoding": "",
            "content_language": "",
            "content_type": "application/javascript",
            "etag": "4004d2af30bd6d785706bf90c1dde47b",
            "force_destroy": false,
            "id": "_next/static/chunks/4bd1b696-cc729d47eba2cee4.js",
            "key": "_next/static/chunks/4bd1b696-cc729d47eba2cee4.js",
            "kms_key_id": null,
            "metadata": null,
            "object_lock_legal_hold_status": "",
            "object_lock_mode": "",
            "object_lock_retain_until_date": "",
            "override_provider": [],
            "server_side_encryption": "AES256",
            "source": "../.open-next/assets/_next/static/chunks/4bd1b696-cc729d47eba2cee4.js",
            "source_hash": null,
            "storage_class": "STANDARD",
            "tags": null,
            "tags_all": {},
            "version_id": "",
            "website_redirect": ""
          },
          "sensitive_attributes": [],
          "identity_schema_version": 0,
          "private": "bnVsbA==",
          "dependencies": [
            "aws_s3_bucket.blog_assets"
          ]
        },
        {
          "index_key": "_next/static/chunks/5120.436e0b87554493e5.js",
          "schema_version": 0,
          "attributes": {
            "acl": null,
            "arn": "arn:aws:s3:::gisblog-assets/_next/static/chunks/5120.436e0b87554493e5.js",
            "bucket": "gisblog-assets",
            "bucket_key_enabled": false,
            "cache_control": "public, max-age=31536000, immutable",
            "checksum_algorithm": null,
            "checksum_crc32": "",
            "checksum_crc32c": "",
            "checksum_crc64nvme": "",
            "checksum_sha1": "",
            "checksum_sha256": "",
            "content": null,
            "content_base64": null,
            "content_disposition": "",
            "content_encoding": "",
            "content_language": "",
            "content_type": "application/javascript",
            "etag": "c01c123dfaa812f6b3ee9ce646615c69",
            "force_destroy": false,
            "id": "_next/static/chunks/5120.436e0b87554493e5.js",
            "key": "_next/static/chunks/5120.436e0b87554493e5.js",
            "kms_key_id": null,
            "metadata": null,
            "object_lock_legal_hold_status": "",
            "object_lock_mode": "",
            "object_lock_retain_until_date": "",
            "override_provider": [],
            "server_side_encryption": "AES256",
            "source": "../.open-next/assets/_next/static/chunks/5120.436e0b87554493e5.js",
            "source_hash": null,
            "storage_class": "STANDARD",
            "tags": null,
            "tags_all": {},
            "version_id": "",
            "website_redirect": ""
          },
          "sensitive_attributes": [],
          "identity_schema_version": 0,
          "private": "bnVsbA==",
          "dependencies": [
            "aws_s3_bucket.blog_assets"
          ]
        },
        {
          "index_key": "_next/static/chunks/5424.d0348b862c9b1feb.js",
          "schema_version": 0,
          "attributes": {
            "acl": null,
            "arn": "arn:aws:s3:::gisblog-assets/_next/static/chunks/5424.d0348b862c9b1feb.js",
            "bucket": "gisblog-assets",
            "bucket_key_enabled": false,
            "cache_control": "public, max-age=31536000, immutable",
            "checksum_algorithm": null,
            "checksum_crc32": "",
            "checksum_crc32c": "",
            "checksum_crc64nvme": "",
            "checksum_sha1": "",
            "checksum_sha256": "",
            "content": null,
            "content_base64": null,
            "content_disposition": "",
            "content_encoding": "",
            "content_language": "",
            "content_type": "application/javascript",
            "etag": "6cc5b996973df5f9609ada1c5c6fe4f4",
            "force_destroy": false,
            "id": "_next/static/chunks/5424.d0348b862c9b1feb.js",
            "key": "_next/static/chunks/5424.d0348b862c9b1feb.js",
            "kms_key_id": null,
            "metadata": null,
            "object_lock_legal_hold_status": "",
            "object_lock_mode": "",
            "object_lock_retain_until_date": "",
            "override_provider": [],
            "server_side_encryption": "AES256",
            "source": "../.open-next/assets/_next/static/chunks/5424.d0348b862c9b1feb.js",
            "source_hash": null,
            "storage_class": "STANDARD",
            "tags": null,
            "tags_all": {},
            "version_id": "",
            "website_redirect": ""
          },
          "sensitive_attributes": [],
          "identity_schema_version": 0,
          "private": "bnVsbA==",
          "dependencies": [
            "aws_s3_bucket.blog_assets"
          ]
        },
        {
          "index_key": "_next/static/chunks/5581.c6e81d87888f1f73.js",
          "schema_version": 0,
          "attributes": {
            "acl": null,
            "arn": "arn:aws:s3:::gisblog-assets/_next/static/chunks/5581.c6e81d87888f1f73.js",
            "bucket": "gisblog-assets",
            "bucket_key_enabled": false,
            "cache_control": "public, max-age=31536000, immutable",
            "checksum_algorithm": null,
            "checksum_crc32": "",
            "checksum_crc32c": "",
            "checksum_crc64nvme": "",
            "checksum_sha1": "",
            "checksum_sha256": "",
            "content": null,
            "content_base64": null,
            "content_disposition": "",
            "content_encoding": "",
            "content_language": "",
            "content_type": "application/javascript",
            "etag": "391a4a689933e77b1c44c69d2d5d540b",
            "force_destroy": false,
            "id": "_next/static/chunks/5581.c6e81d87888f1f73.js",
            "key": "_next/static/chunks/5581.c6e81d87888f1f73.js",
            "kms_key_id": null,
            "metadata": null,
            "object_lock_legal_hold_status": "",
            "object_lock_mode": "",
            "object_lock_retain_until_date": "",
            "override_provider": [],
            "server_side_encryption": "AES256",
            "source": "../.open-next/assets/_next/static/chunks/5581.c6e81d87888f1f73.js",
            "source_hash": null,
            "storage_class": "STANDARD",
            "tags": null,
            "tags_all": {},
            "version_id": "",
            "website_redirect": ""
          },
          "sensitive_attributes": [],
          "identity_schema_version": 0,
          "private": "bnVsbA==",
          "dependencies": [
            "aws_s3_bucket.blog_assets"
          ]
        },
        {
          "index_key": "_next/static/chunks/5805.3bc134b4241e0c69.js",
          "schema_version": 0,
          "attributes": {
            "acl": null,
            "arn": "arn:aws:s3:::gisblog-assets/_next/static/chunks/5805.3bc134b4241e0c69.js",
            "bucket": "gisblog-assets",
            "bucket_key_enabled": false,
            "cache_control": "public, max-age=31536000, immutable",
            "checksum_algorithm": null,
            "checksum_crc32": "",
            "checksum_crc32c": "",
            "checksum_crc64nvme": "",
            "checksum_sha1": "",
            "checksum_sha256": "",
            "content": null,
            "content_base64": null,
            "content_disposition": "",
            "content_encoding": "",
            "content_language": "",
            "content_type": "application/javascript",
            "etag": "e4625445dcbbec66228443b475ee7ae5",
            "force_destroy": false,
            "id": "_next/static/chunks/5805.3bc134b4241e0c69.js",
            "key": "_next/static/chunks/5805.3bc134b4241e0c69.js",
            "kms_key_id": null,
            "metadata": null,
            "object_lock_legal_hold_status": "",
            "object_lock_mode": "",
            "object_lock_retain_until_date": "",
            "override_provider": [],
            "server_side_encryption": "AES256",
            "source": "../.open-next/assets/_next/static/chunks/5805.3bc134b4241e0c69.js",
            "source_hash": null,
            "storage_class": "STANDARD",
            "tags": null,
            "tags_all": {},
            "version_id": "",
            "website_redirect": ""
          },
          "sensitive_attributes": [],
          "identity_schema_version": 0,
          "private": "bnVsbA==",
          "dependencies": [
            "aws_s3_bucket.blog_assets"
          ]
        },
        {
          "index_key": "_next/static/chunks/5914.0d66ee6678a49caf.js",
          "schema_version": 0,
          "attributes": {
            "acl": null,
            "arn": "arn:aws:s3:::gisblog-assets/_next/static/chunks/5914.0d66ee6678a49caf.js",
            "bucket": "gisblog-assets",
            "bucket_key_enabled": false,
            "cache_control": "public, max-age=31536000, immutable",
            "checksum_algorithm": null,
            "checksum_crc32": "",
            "checksum_crc32c": "",
            "checksum_crc64nvme": "",
            "checksum_sha1": "",
            "checksum_sha256": "",
            "content": null,
            "content_base64": null,
            "content_disposition": "",
            "content_encoding": "",
            "content_language": "",
            "content_type": "application/javascript",
            "etag": "7e031a2be7edc0459895380453ac1b84",
            "force_destroy": false,
            "id": "_next/static/chunks/5914.0d66ee6678a49caf.js",
            "key": "_next/static/chunks/5914.0d66ee6678a49caf.js",
            "kms_key_id": null,
            "metadata": null,
            "object_lock_legal_hold_status": "",
            "object_lock_mode": "",
            "object_lock_retain_until_date": "",
            "override_provider": [],
            "server_side_encryption": "AES256",
            "source": "../.open-next/assets/_next/static/chunks/5914.0d66ee6678a49caf.js",
            "source_hash": null,
            "storage_class": "STANDARD",
            "tags": null,
            "tags_all": {},
            "version_id": "",
            "website_redirect": ""
          },
          "sensitive_attributes": [],
          "identity_schema_version": 0,
          "private": "bnVsbA==",
          "dependencies": [
            "aws_s3_bucket.blog_assets"
          ]
        },
        {
          "index_key": "_next/static/chunks/5964-6d6a41800488ba64.js",
          "schema_version": 0,
          "attributes": {
            "acl": null,
            "arn": "arn:aws:s3:::gisblog-assets/_next/static/chunks/5964-6d6a41800488ba64.js",
            "bucket": "gisblog-assets",
            "bucket_key_enabled": false,
            "cache_control": "public, max-age=31536000, immutable",
            "checksum_algorithm": null,
            "checksum_crc32": "",
            "checksum_crc32c": "",
            "checksum_crc64nvme": "",
            "checksum_sha1": "",
            "checksum_sha256": "",
            "content": null,
            "content_base64": null,
            "content_disposition": "",
            "content_encoding": "",
            "content_language": "",
            "content_type": "application/javascript",
            "etag": "18dedddb9e7fc3ebc779d8ddea6a1cf6",
            "force_destroy": false,
            "id": "_next/static/chunks/5964-6d6a41800488ba64.js",
            "key": "_next/static/chunks/5964-6d6a41800488ba64.js",
            "kms_key_id": null,
            "metadata": null,
            "object_lock_legal_hold_status": "",
            "object_lock_mode": "",
            "object_lock_retain_until_date": "",
            "override_provider": [],
            "server_side_encryption": "AES256",
            "source": "../.open-next/assets/_next/static/chunks/5964-6d6a41800488ba64.js",
            "source_hash": null,
            "storage_class": "STANDARD",
            "tags": null,
            "tags_all": {},
            "version_id": "",
            "website_redirect": ""
          },
          "sensitive_attributes": [],
          "identity_schema_version": 0,
          "private": "bnVsbA==",
          "dependencies": [
            "aws_s3_bucket.blog_assets"
          ]
        },
        {
          "index_key": "_next/static/chunks/6170.a5a1520f0caaa1ad.js",
          "schema_version": 0,
          "attributes": {
            "acl": null,
            "arn": "arn:aws:s3:::gisblog-assets/_next/static/chunks/6170.a5a1520f0caaa1ad.js",
            "bucket": "gisblog-assets",
            "bucket_key_enabled": false,
            "cache_control": "public, max-age=31536000, immutable",
            "checksum_algorithm": null,
            "checksum_crc32": "",
            "checksum_crc32c": "",
            "checksum_crc64nvme": "",
            "checksum_sha1": "",
            "checksum_sha256": "",
            "content": null,
            "content_base64": null,
            "content_disposition": "",
            "content_encoding": "",
            "content_language": "",
            "content_type": "application/javascript",
            "etag": "d0b942814eccaf6a03d903696f326535",
            "force_destroy": false,
            "id": "_next/static/chunks/6170.a5a1520f0caaa1ad.js",
            "key": "_next/static/chunks/6170.a5a1520f0caaa1ad.js",
            "kms_key_id": null,
            "metadata": null,
            "object_lock_legal_hold_status": "",
            "object_lock_mode": "",
            "object_lock_retain_until_date": "",
            "override_provider": [],
            "server_side_encryption": "AES256",
            "source": "../.open-next/assets/_next/static/chunks/6170.a5a1520f0caaa1ad.js",
            "source_hash": null,
            "storage_class": "STANDARD",
            "tags": null,
            "tags_all": {},
            "version_id": "",
            "website_redirect": ""
          },
          "sensitive_attributes": [],
          "identity_schema_version": 0,
          "private": "bnVsbA==",
          "dependencies": [
            "aws_s3_bucket.blog_assets"
          ]
        },
        {
          "index_key": "_next/static/chunks/6184.7308018e933de112.js",
          "schema_version": 0,
          "attributes": {
            "acl": null,
            "arn": "arn:aws:s3:::gisblog-assets/_next/static/chunks/6184.7308018e933de112.js",
            "bucket": "gisblog-assets",
            "bucket_key_enabled": false,
            "cache_control": "public, max-age=31536000, immutable",
            "checksum_algorithm": null,
            "checksum_crc32": "",
            "checksum_crc32c": "",
            "checksum_crc64nvme": "",
            "checksum_sha1": "",
            "checksum_sha256": "",
            "content": null,
            "content_base64": null,
            "content_disposition": "",
            "content_encoding": "",
            "content_language": "",
            "content_type": "application/javascript",
            "etag": "79e266dfc86fcfb5ff427bc30c7629da",
            "force_destroy": false,
            "id": "_next/static/chunks/6184.7308018e933de112.js",
            "key": "_next/static/chunks/6184.7308018e933de112.js",
            "kms_key_id": null,
            "metadata": null,
            "object_lock_legal_hold_status": "",
            "object_lock_mode": "",
            "object_lock_retain_until_date": "",
            "override_provider": [],
            "server_side_encryption": "AES256",
            "source": "../.open-next/assets/_next/static/chunks/6184.7308018e933de112.js",
            "source_hash": null,
            "storage_class": "STANDARD",
            "tags": null,
            "tags_all": {},
            "version_id": "",
            "website_redirect": ""
          },
          "sensitive_attributes": [],
          "identity_schema_version": 0,
          "private": "bnVsbA==",
          "dependencies": [
            "aws_s3_bucket.blog_assets"
          ]
        },
        {
          "index_key": "_next/static/chunks/6344.e90ff0acc0537bba.js",
          "schema_version": 0,
          "attributes": {
            "acl": null,
            "arn": "arn:aws:s3:::gisblog-assets/_next/static/chunks/6344.e90ff0acc0537bba.js",
            "bucket": "gisblog-assets",
            "bucket_key_enabled": false,
            "cache_control": "public, max-age=31536000, immutable",
            "checksum_algorithm": null,
            "checksum_crc32": "",
            "checksum_crc32c": "",
            "checksum_crc64nvme": "",
            "checksum_sha1": "",
            "checksum_sha256": "",
            "content": null,
            "content_base64": null,
            "content_disposition": "",
            "content_encoding": "",
            "content_language": "",
            "content_type": "application/javascript",
            "etag": "fc8dc5bfb714158cdf56142e3da47a33",
            "force_destroy": false,
            "id": "_next/static/chunks/6344.e90ff0acc0537bba.js",
            "key": "_next/static/chunks/6344.e90ff0acc0537bba.js",
            "kms_key_id": null,
            "metadata": null,
            "object_lock_legal_hold_status": "",
            "object_lock_mode": "",
            "object_lock_retain_until_date": "",
            "override_provider": [],
            "server_side_encryption": "AES256",
            "source": "../.open-next/assets/_next/static/chunks/6344.e90ff0acc0537bba.js",
            "source_hash": null,
            "storage_class": "STANDARD",
            "tags": null,
            "tags_all": {},
            "version_id": "",
            "website_redirect": ""
          },
          "sensitive_attributes": [],
          "identity_schema_version": 0,
          "private": "bnVsbA==",
          "dependencies": [
            "aws_s3_bucket.blog_assets"
          ]
        },
        {
          "index_key": "_next/static/chunks/6515.fe3bb331d662bdd2.js",
          "schema_version": 0,
          "attributes": {
            "acl": null,
            "arn": "arn:aws:s3:::gisblog-assets/_next/static/chunks/6515.fe3bb331d662bdd2.js",
            "bucket": "gisblog-assets",
            "bucket_key_enabled": false,
            "cache_control": "public, max-age=31536000, immutable",
            "checksum_algorithm": null,
            "checksum_crc32": "",
            "checksum_crc32c": "",
            "checksum_crc64nvme": "",
            "checksum_sha1": "",
            "checksum_sha256": "",
            "content": null,
            "content_base64": null,
            "content_disposition": "",
            "content_encoding": "",
            "content_language": "",
            "content_type": "application/javascript",
            "etag": "b5372a569d0696cc91a8992a74736d06",
            "force_destroy": false,
            "id": "_next/static/chunks/6515.fe3bb331d662bdd2.js",
            "key": "_next/static/chunks/6515.fe3bb331d662bdd2.js",
            "kms_key_id": null,
            "metadata": null,
            "object_lock_legal_hold_status": "",
            "object_lock_mode": "",
            "object_lock_retain_until_date": "",
            "override_provider": [],
            "server_side_encryption": "AES256",
            "source": "../.open-next/assets/_next/static/chunks/6515.fe3bb331d662bdd2.js",
            "source_hash": null,
            "storage_class": "STANDARD",
            "tags": null,
            "tags_all": {},
            "version_id": "",
            "website_redirect": ""
          },
          "sensitive_attributes": [],
          "identity_schema_version": 0,
          "private": "bnVsbA==",
          "dependencies": [
            "aws_s3_bucket.blog_assets"
          ]
        },
        {
          "index_key": "_next/static/chunks/65ce2e30.c91195b98fb53806.js",
          "schema_version": 0,
          "attributes": {
            "acl": null,
            "arn": "arn:aws:s3:::gisblog-assets/_next/static/chunks/65ce2e30.c91195b98fb53806.js",
            "bucket": "gisblog-assets",
            "bucket_key_enabled": false,
            "cache_control": "public, max-age=31536000, immutable",
            "checksum_algorithm": null,
            "checksum_crc32": "",
            "checksum_crc32c": "",
            "checksum_crc64nvme": "",
            "checksum_sha1": "",
            "checksum_sha256": "",
            "content": null,
            "content_base64": null,
            "content_disposition": "",
            "content_encoding": "",
            "content_language": "",
            "content_type": "application/javascript",
            "etag": "0fa47074ab9f1ff519c0b8a84aae6fd8",
            "force_destroy": false,
            "id": "_next/static/chunks/65ce2e30.c91195b98fb53806.js",
            "key": "_next/static/chunks/65ce2e30.c91195b98fb53806.js",
            "kms_key_id": null,
            "metadata": null,
            "object_lock_legal_hold_status": "",
            "object_lock_mode": "",
            "object_lock_retain_until_date": "",
            "override_provider": [],
            "server_side_encryption": "AES256",
            "source": "../.open-next/assets/_next/static/chunks/65ce2e30.c91195b98fb53806.js",
            "source_hash": null,
            "storage_class": "STANDARD",
            "tags": null,
            "tags_all": {},
            "version_id": "",
            "website_redirect": ""
          },
          "sensitive_attributes": [],
          "identity_schema_version": 0,
          "private": "bnVsbA==",
          "dependencies": [
            "aws_s3_bucket.blog_assets"
          ]
        },
        {
          "index_key": "_next/static/chunks/6600.4cc74915efcbb146.js",
          "schema_version": 0,
          "attributes": {
            "acl": null,
            "arn": "arn:aws:s3:::gisblog-assets/_next/static/chunks/6600.4cc74915efcbb146.js",
            "bucket": "gisblog-assets",
            "bucket_key_enabled": false,
            "cache_control": "public, max-age=31536000, immutable",
            "checksum_algorithm": null,
            "checksum_crc32": "",
            "checksum_crc32c": "",
            "checksum_crc64nvme": "",
            "checksum_sha1": "",
            "checksum_sha256": "",
            "content": null,
            "content_base64": null,
            "content_disposition": "",
            "content_encoding": "",
            "content_language": "",
            "content_type": "application/javascript",
            "etag": "bef37b670756b093e5cb709ac34a504d",
            "force_destroy": false,
            "id": "_next/static/chunks/6600.4cc74915efcbb146.js",
            "key": "_next/static/chunks/6600.4cc74915efcbb146.js",
            "kms_key_id": null,
            "metadata": null,
            "object_lock_legal_hold_status": "",
            "object_lock_mode": "",
            "object_lock_retain_until_date": "",
            "override_provider": [],
            "server_side_encryption": "AES256",
            "source": "../.open-next/assets/_next/static/chunks/6600.4cc74915efcbb146.js",
            "source_hash": null,
            "storage_class": "STANDARD",
            "tags": null,
            "tags_all": {},
            "version_id": "",
            "website_redirect": ""
          },
          "sensitive_attributes": [],
          "identity_schema_version": 0,
          "private": "bnVsbA==",
          "dependencies": [
            "aws_s3_bucket.blog_assets"
          ]
        },
        {
          "index_key": "_next/static/chunks/6766-d8f970f26baf1081.js",
          "schema_version": 0,
          "attributes": {
            "acl": null,
            "arn": "arn:aws:s3:::gisblog-assets/_next/static/chunks/6766-d8f970f26baf1081.js",
            "bucket": "gisblog-assets",
            "bucket_key_enabled": false,
            "cache_control": "public, max-age=31536000, immutable",
            "checksum_algorithm": null,
            "checksum_crc32": "",
            "checksum_crc32c": "",
            "checksum_crc64nvme": "",
            "checksum_sha1": "",
            "checksum_sha256": "",
            "content": null,
            "content_base64": null,
            "content_disposition": "",
            "content_encoding": "",
            "content_language": "",
            "content_type": "application/javascript",
            "etag": "b669c250104784c7bd4bcb19a2aff0ff",
            "force_destroy": false,
            "id": "_next/static/chunks/6766-d8f970f26baf1081.js",
            "key": "_next/static/chunks/6766-d8f970f26baf1081.js",
            "kms_key_id": null,
            "metadata": null,
            "object_lock_legal_hold_status": "",
            "object_lock_mode": "",
            "object_lock_retain_until_date": "",
            "override_provider": [],
            "server_side_encryption": "AES256",
            "source": "../.open-next/assets/_next/static/chunks/6766-d8f970f26baf1081.js",
            "source_hash": null,
            "storage_class": "STANDARD",
            "tags": null,
            "tags_all": {},
            "version_id": "",
            "website_redirect": ""
          },
          "sensitive_attributes": [],
          "identity_schema_version": 0,
          "private": "bnVsbA==",
          "dependencies": [
            "aws_s3_bucket.blog_assets"
          ]
        },
        {
          "index_key": "_next/static/chunks/6779-bd9bc6e5a7fb99b1.js",
          "schema_version": 0,
          "attributes": {
            "acl": null,
            "arn": "arn:aws:s3:::gisblog-assets/_next/static/chunks/6779-bd9bc6e5a7fb99b1.js",
            "bucket": "gisblog-assets",
            "bucket_key_enabled": false,
            "cache_control": "public, max-age=31536000, immutable",
            "checksum_algorithm": null,
            "checksum_crc32": "",
            "checksum_crc32c": "",
            "checksum_crc64nvme": "",
            "checksum_sha1": "",
            "checksum_sha256": "",
            "content": null,
            "content_base64": null,
            "content_disposition": "",
            "content_encoding": "",
            "content_language": "",
            "content_type": "application/javascript",
            "etag": "233d52321194a83da5e6bab4ea11671b",
            "force_destroy": false,
            "id": "_next/static/chunks/6779-bd9bc6e5a7fb99b1.js",
            "key": "_next/static/chunks/6779-bd9bc6e5a7fb99b1.js",
            "kms_key_id": null,
            "metadata": null,
            "object_lock_legal_hold_status": "",
            "object_lock_mode": "",
            "object_lock_retain_until_date": "",
            "override_provider": [],
            "server_side_encryption": "AES256",
            "source": "../.open-next/assets/_next/static/chunks/6779-bd9bc6e5a7fb99b1.js",
            "source_hash": null,
            "storage_class": "STANDARD",
            "tags": null,
            "tags_all": {},
            "version_id": "",
            "website_redirect": ""
          },
          "sensitive_attributes": [],
          "identity_schema_version": 0,
          "private": "bnVsbA==",
          "dependencies": [
            "aws_s3_bucket.blog_assets"
          ]
        },
        {
          "index_key": "_next/static/chunks/6874-414075bb21e16c80.js",
          "schema_version": 0,
          "attributes": {
            "acl": null,
            "arn": "arn:aws:s3:::gisblog-assets/_next/static/chunks/6874-414075bb21e16c80.js",
            "bucket": "gisblog-assets",
            "bucket_key_enabled": false,
            "cache_control": "public, max-age=31536000, immutable",
            "checksum_algorithm": null,
            "checksum_crc32": "",
            "checksum_crc32c": "",
            "checksum_crc64nvme": "",
            "checksum_sha1": "",
            "checksum_sha256": "",
            "content": null,
            "content_base64": null,
            "content_disposition": "",
            "content_encoding": "",
            "content_language": "",
            "content_type": "application/javascript",
            "etag": "55df7592e1741dbb18f4257fefa694d4",
            "force_destroy": false,
            "id": "_next/static/chunks/6874-414075bb21e16c80.js",
            "key": "_next/static/chunks/6874-414075bb21e16c80.js",
            "kms_key_id": null,
            "metadata": null,
            "object_lock_legal_hold_status": "",
            "object_lock_mode": "",
            "object_lock_retain_until_date": "",
            "override_provider": [],
            "server_side_encryption": "AES256",
            "source": "../.open-next/assets/_next/static/chunks/6874-414075bb21e16c80.js",
            "source_hash": null,
            "storage_class": "STANDARD",
            "tags": null,
            "tags_all": {},
            "version_id": "",
            "website_redirect": ""
          },
          "sensitive_attributes": [],
          "identity_schema_version": 0,
          "private": "bnVsbA==",
          "dependencies": [
            "aws_s3_bucket.blog_assets"
          ]
        },
        {
          "index_key": "_next/static/chunks/6957.f35b9f61bbe0ed40.js",
          "schema_version": 0,
          "attributes": {
            "acl": null,
            "arn": "arn:aws:s3:::gisblog-assets/_next/static/chunks/6957.f35b9f61bbe0ed40.js",
            "bucket": "gisblog-assets",
            "bucket_key_enabled": false,
            "cache_control": "public, max-age=31536000, immutable",
            "checksum_algorithm": null,
            "checksum_crc32": "",
            "checksum_crc32c": "",
            "checksum_crc64nvme": "",
            "checksum_sha1": "",
            "checksum_sha256": "",
            "content": null,
            "content_base64": null,
            "content_disposition": "",
            "content_encoding": "",
            "content_language": "",
            "content_type": "application/javascript",
            "etag": "84089e546d62fedf48440617e97eb79d",
            "force_destroy": false,
            "id": "_next/static/chunks/6957.f35b9f61bbe0ed40.js",
            "key": "_next/static/chunks/6957.f35b9f61bbe0ed40.js",
            "kms_key_id": null,
            "metadata": null,
            "object_lock_legal_hold_status": "",
            "object_lock_mode": "",
            "object_lock_retain_until_date": "",
            "override_provider": [],
            "server_side_encryption": "AES256",
            "source": "../.open-next/assets/_next/static/chunks/6957.f35b9f61bbe0ed40.js",
            "source_hash": null,
            "storage_class": "STANDARD",
            "tags": null,
            "tags_all": {},
            "version_id": "",
            "website_redirect": ""
          },
          "sensitive_attributes": [],
          "identity_schema_version": 0,
          "private": "bnVsbA==",
          "dependencies": [
            "aws_s3_bucket.blog_assets"
          ]
        },
        {
          "index_key": "_next/static/chunks/6d3fe5a5-f0b3544eb20921d9.js",
          "schema_version": 0,
          "attributes": {
            "acl": null,
            "arn": "arn:aws:s3:::gisblog-assets/_next/static/chunks/6d3fe5a5-f0b3544eb20921d9.js",
            "bucket": "gisblog-assets",
            "bucket_key_enabled": false,
            "cache_control": "public, max-age=31536000, immutable",
            "checksum_algorithm": null,
            "checksum_crc32": "",
            "checksum_crc32c": "",
            "checksum_crc64nvme": "",
            "checksum_sha1": "",
            "checksum_sha256": "",
            "content": null,
            "content_base64": null,
            "content_disposition": "",
            "content_encoding": "",
            "content_language": "",
            "content_type": "application/javascript",
            "etag": "e6a2889abef52c2cf40e38152a08c977",
            "force_destroy": false,
            "id": "_next/static/chunks/6d3fe5a5-f0b3544eb20921d9.js",
            "key": "_next/static/chunks/6d3fe5a5-f0b3544eb20921d9.js",
            "kms_key_id": null,
            "metadata": null,
            "object_lock_legal_hold_status": "",
            "object_lock_mode": "",
            "object_lock_retain_until_date": "",
            "override_provider": [],
            "server_side_encryption": "AES256",
            "source": "../.open-next/assets/_next/static/chunks/6d3fe5a5-f0b3544eb20921d9.js",
            "source_hash": null,
            "storage_class": "STANDARD",
            "tags": null,
            "tags_all": {},
            "version_id": "",
            "website_redirect": ""
          },
          "sensitive_attributes": [],
          "identity_schema_version": 0,
          "private": "bnVsbA==",
          "dependencies": [
            "aws_s3_bucket.blog_assets"
          ]
        },
        {
          "index_key": "_next/static/chunks/70.ce59a812859acaee.js",
          "schema_version": 0,
          "attributes": {
            "acl": null,
            "arn": "arn:aws:s3:::gisblog-assets/_next/static/chunks/70.ce59a812859acaee.js",
            "bucket": "gisblog-assets",
            "bucket_key_enabled": false,
            "cache_control": "public, max-age=31536000, immutable",
            "checksum_algorithm": null,
            "checksum_crc32": "",
            "checksum_crc32c": "",
            "checksum_crc64nvme": "",
            "checksum_sha1": "",
            "checksum_sha256": "",
            "content": null,
            "content_base64": null,
            "content_disposition": "",
            "content_encoding": "",
            "content_language": "",
            "content_type": "application/javascript",
            "etag": "0ce9272a7b1e7aafe2fffae152dc80c9",
            "force_destroy": false,
            "id": "_next/static/chunks/70.ce59a812859acaee.js",
            "key": "_next/static/chunks/70.ce59a812859acaee.js",
            "kms_key_id": null,
            "metadata": null,
            "object_lock_legal_hold_status": "",
            "object_lock_mode": "",
            "object_lock_retain_until_date": "",
            "override_provider": [],
            "server_side_encryption": "AES256",
            "source": "../.open-next/assets/_next/static/chunks/70.ce59a812859acaee.js",
            "source_hash": null,
            "storage_class": "STANDARD",
            "tags": null,
            "tags_all": {},
            "version_id": "",
            "website_redirect": ""
          },
          "sensitive_attributes": [],
          "identity_schema_version": 0,
          "private": "bnVsbA==",
          "dependencies": [
            "aws_s3_bucket.blog_assets"
          ]
        },
        {
          "index_key": "_next/static/chunks/702.49a5c55e5e5075ed.js",
          "schema_version": 0,
          "attributes": {
            "acl": null,
            "arn": "arn:aws:s3:::gisblog-assets/_next/static/chunks/702.49a5c55e5e5075ed.js",
            "bucket": "gisblog-assets",
            "bucket_key_enabled": false,
            "cache_control": "public, max-age=31536000, immutable",
            "checksum_algorithm": null,
            "checksum_crc32": "",
            "checksum_crc32c": "",
            "checksum_crc64nvme": "",
            "checksum_sha1": "",
            "checksum_sha256": "",
            "content": null,
            "content_base64": null,
            "content_disposition": "",
            "content_encoding": "",
            "content_language": "",
            "content_type": "application/javascript",
            "etag": "709e6ef810e3ced62c74833b7b919f94",
            "force_destroy": false,
            "id": "_next/static/chunks/702.49a5c55e5e5075ed.js",
            "key": "_next/static/chunks/702.49a5c55e5e5075ed.js",
            "kms_key_id": null,
            "metadata": null,
            "object_lock_legal_hold_status": "",
            "object_lock_mode": "",
            "object_lock_retain_until_date": "",
            "override_provider": [],
            "server_side_encryption": "AES256",
            "source": "../.open-next/assets/_next/static/chunks/702.49a5c55e5e5075ed.js",
            "source_hash": null,
            "storage_class": "STANDARD",
            "tags": null,
            "tags_all": {},
            "version_id": "",
            "website_redirect": ""
          },
          "sensitive_attributes": [],
          "identity_schema_version": 0,
          "private": "bnVsbA==",
          "dependencies": [
            "aws_s3_bucket.blog_assets"
          ]
        },
        {
          "index_key": "_next/static/chunks/7123.a05ba30e9f2da281.js",
          "schema_version": 0,
          "attributes": {
            "acl": null,
            "arn": "arn:aws:s3:::gisblog-assets/_next/static/chunks/7123.a05ba30e9f2da281.js",
            "bucket": "gisblog-assets",
            "bucket_key_enabled": false,
            "cache_control": "public, max-age=31536000, immutable",
            "checksum_algorithm": null,
            "checksum_crc32": "",
            "checksum_crc32c": "",
            "checksum_crc64nvme": "",
            "checksum_sha1": "",
            "checksum_sha256": "",
            "content": null,
            "content_base64": null,
            "content_disposition": "",
            "content_encoding": "",
            "content_language": "",
            "content_type": "application/javascript",
            "etag": "a0f382d860f025a136135ba0828b5199",
            "force_destroy": false,
            "id": "_next/static/chunks/7123.a05ba30e9f2da281.js",
            "key": "_next/static/chunks/7123.a05ba30e9f2da281.js",
            "kms_key_id": null,
            "metadata": null,
            "object_lock_legal_hold_status": "",
            "object_lock_mode": "",
            "object_lock_retain_until_date": "",
            "override_provider": [],
            "server_side_encryption": "AES256",
            "source": "../.open-next/assets/_next/static/chunks/7123.a05ba30e9f2da281.js",
            "source_hash": null,
            "storage_class": "STANDARD",
            "tags": null,
            "tags_all": {},
            "version_id": "",
            "website_redirect": ""
          },
          "sensitive_attributes": [],
          "identity_schema_version": 0,
          "private": "bnVsbA==",
          "dependencies": [
            "aws_s3_bucket.blog_assets"
          ]
        },
        {
          "index_key": "_next/static/chunks/7313.3b2cd95d325803e7.js",
          "schema_version": 0,
          "attributes": {
            "acl": null,
            "arn": "arn:aws:s3:::gisblog-assets/_next/static/chunks/7313.3b2cd95d325803e7.js",
            "bucket": "gisblog-assets",
            "bucket_key_enabled": false,
            "cache_control": "public, max-age=31536000, immutable",
            "checksum_algorithm": null,
            "checksum_crc32": "",
            "checksum_crc32c": "",
            "checksum_crc64nvme": "",
            "checksum_sha1": "",
            "checksum_sha256": "",
            "content": null,
            "content_base64": null,
            "content_disposition": "",
            "content_encoding": "",
            "content_language": "",
            "content_type": "application/javascript",
            "etag": "f8cf7786647a0ef72f214baf83bc18bb",
            "force_destroy": false,
            "id": "_next/static/chunks/7313.3b2cd95d325803e7.js",
            "key": "_next/static/chunks/7313.3b2cd95d325803e7.js",
            "kms_key_id": null,
            "metadata": null,
            "object_lock_legal_hold_status": "",
            "object_lock_mode": "",
            "object_lock_retain_until_date": "",
            "override_provider": [],
            "server_side_encryption": "AES256",
            "source": "../.open-next/assets/_next/static/chunks/7313.3b2cd95d325803e7.js",
            "source_hash": null,
            "storage_class": "STANDARD",
            "tags": null,
            "tags_all": {},
            "version_id": "",
            "website_redirect": ""
          },
          "sensitive_attributes": [],
          "identity_schema_version": 0,
          "private": "bnVsbA==",
          "dependencies": [
            "aws_s3_bucket.blog_assets"
          ]
        },
        {
          "index_key": "_next/static/chunks/7630.4e930be9bf627b9f.js",
          "schema_version": 0,
          "attributes": {
            "acl": null,
            "arn": "arn:aws:s3:::gisblog-assets/_next/static/chunks/7630.4e930be9bf627b9f.js",
            "bucket": "gisblog-assets",
            "bucket_key_enabled": false,
            "cache_control": "public, max-age=31536000, immutable",
            "checksum_algorithm": null,
            "checksum_crc32": "",
            "checksum_crc32c": "",
            "checksum_crc64nvme": "",
            "checksum_sha1": "",
            "checksum_sha256": "",
            "content": null,
            "content_base64": null,
            "content_disposition": "",
            "content_encoding": "",
            "content_language": "",
            "content_type": "application/javascript",
            "etag": "e44f2d461e5105f6f2bf4748a7dcde21",
            "force_destroy": false,
            "id": "_next/static/chunks/7630.4e930be9bf627b9f.js",
            "key": "_next/static/chunks/7630.4e930be9bf627b9f.js",
            "kms_key_id": null,
            "metadata": null,
            "object_lock_legal_hold_status": "",
            "object_lock_mode": "",
            "object_lock_retain_until_date": "",
            "override_provider": [],
            "server_side_encryption": "AES256",
            "source": "../.open-next/assets/_next/static/chunks/7630.4e930be9bf627b9f.js",
            "source_hash": null,
            "storage_class": "STANDARD",
            "tags": null,
            "tags_all": {},
            "version_id": "",
            "website_redirect": ""
          },
          "sensitive_attributes": [],
          "identity_schema_version": 0,
          "private": "bnVsbA==",
          "dependencies": [
            "aws_s3_bucket.blog_assets"
          ]
        },
        {
          "index_key": "_next/static/chunks/7790.5e899da5ed627a99.js",
          "schema_version": 0,
          "attributes": {
            "acl": null,
            "arn": "arn:aws:s3:::gisblog-assets/_next/static/chunks/7790.5e899da5ed627a99.js",
            "bucket": "gisblog-assets",
            "bucket_key_enabled": false,
            "cache_control": "public, max-age=31536000, immutable",
            "checksum_algorithm": null,
            "checksum_crc32": "",
            "checksum_crc32c": "",
            "checksum_crc64nvme": "",
            "checksum_sha1": "",
            "checksum_sha256": "",
            "content": null,
            "content_base64": null,
            "content_disposition": "",
            "content_encoding": "",
            "content_language": "",
            "content_type": "application/javascript",
            "etag": "6a7d6db48d011b21a3be6f0dbb887838",
            "force_destroy": false,
            "id": "_next/static/chunks/7790.5e899da5ed627a99.js",
            "key": "_next/static/chunks/7790.5e899da5ed627a99.js",
            "kms_key_id": null,
            "metadata": null,
            "object_lock_legal_hold_status": "",
            "object_lock_mode": "",
            "object_lock_retain_until_date": "",
            "override_provider": [],
            "server_side_encryption": "AES256",
            "source": "../.open-next/assets/_next/static/chunks/7790.5e899da5ed627a99.js",
            "source_hash": null,
            "storage_class": "STANDARD",
            "tags": null,
            "tags_all": {},
            "version_id": "",
            "website_redirect": ""
          },
          "sensitive_attributes": [],
          "identity_schema_version": 0,
          "private": "bnVsbA==",
          "dependencies": [
            "aws_s3_bucket.blog_assets"
          ]
        },
        {
          "index_key": "_next/static/chunks/7889.7c06c56c73979896.js",
          "schema_version": 0,
          "attributes": {
            "acl": null,
            "arn": "arn:aws:s3:::gisblog-assets/_next/static/chunks/7889.7c06c56c73979896.js",
            "bucket": "gisblog-assets",
            "bucket_key_enabled": false,
            "cache_control": "public, max-age=31536000, immutable",
            "checksum_algorithm": null,
            "checksum_crc32": "",
            "checksum_crc32c": "",
            "checksum_crc64nvme": "",
            "checksum_sha1": "",
            "checksum_sha256": "",
            "content": null,
            "content_base64": null,
            "content_disposition": "",
            "content_encoding": "",
            "content_language": "",
            "content_type": "application/javascript",
            "etag": "5c4d30bd6c68d5fcedfbde3801b3ea6f",
            "force_destroy": false,
            "id": "_next/static/chunks/7889.7c06c56c73979896.js",
            "key": "_next/static/chunks/7889.7c06c56c73979896.js",
            "kms_key_id": null,
            "metadata": null,
            "object_lock_legal_hold_status": "",
            "object_lock_mode": "",
            "object_lock_retain_until_date": "",
            "override_provider": [],
            "server_side_encryption": "AES256",
            "source": "../.open-next/assets/_next/static/chunks/7889.7c06c56c73979896.js",
            "source_hash": null,
            "storage_class": "STANDARD",
            "tags": null,
            "tags_all": {},
            "version_id": "",
            "website_redirect": ""
          },
          "sensitive_attributes": [],
          "identity_schema_version": 0,
          "private": "bnVsbA==",
          "dependencies": [
            "aws_s3_bucket.blog_assets"
          ]
        },
        {
          "index_key": "_next/static/chunks/7929.7c5e21aa5dea34fa.js",
          "schema_version": 0,
          "attributes": {
            "acl": null,
            "arn": "arn:aws:s3:::gisblog-assets/_next/static/chunks/7929.7c5e21aa5dea34fa.js",
            "bucket": "gisblog-assets",
            "bucket_key_enabled": false,
            "cache_control": "public, max-age=31536000, immutable",
            "checksum_algorithm": null,
            "checksum_crc32": "",
            "checksum_crc32c": "",
            "checksum_crc64nvme": "",
            "checksum_sha1": "",
            "checksum_sha256": "",
            "content": null,
            "content_base64": null,
            "content_disposition": "",
            "content_encoding": "",
            "content_language": "",
            "content_type": "application/javascript",
            "etag": "f5fb14030ac3ba6dfbc9ec2223eff0e3",
            "force_destroy": false,
            "id": "_next/static/chunks/7929.7c5e21aa5dea34fa.js",
            "key": "_next/static/chunks/7929.7c5e21aa5dea34fa.js",
            "kms_key_id": null,
            "metadata": null,
            "object_lock_legal_hold_status": "",
            "object_lock_mode": "",
            "object_lock_retain_until_date": "",
            "override_provider": [],
            "server_side_encryption": "AES256",
            "source": "../.open-next/assets/_next/static/chunks/7929.7c5e21aa5dea34fa.js",
            "source_hash": null,
            "storage_class": "STANDARD",
            "tags": null,
            "tags_all": {},
            "version_id": "",
            "website_redirect": ""
          },
          "sensitive_attributes": [],
          "identity_schema_version": 0,
          "private": "bnVsbA==",
          "dependencies": [
            "aws_s3_bucket.blog_assets"
          ]
        },
        {
          "index_key": "_next/static/chunks/8026.62bbc2f54c559294.js",
          "schema_version": 0,
          "attributes": {
            "acl": null,
            "arn": "arn:aws:s3:::gisblog-assets/_next/static/chunks/8026.62bbc2f54c559294.js",
            "bucket": "gisblog-assets",
            "bucket_key_enabled": false,
            "cache_control": "public, max-age=31536000, immutable",
            "checksum_algorithm": null,
            "checksum_crc32": "",
            "checksum_crc32c": "",
            "checksum_crc64nvme": "",
            "checksum_sha1": "",
            "checksum_sha256": "",
            "content": null,
            "content_base64": null,
            "content_disposition": "",
            "content_encoding": "",
            "content_language": "",
            "content_type": "application/javascript",
            "etag": "e0168c7497af98d0abda4517b07c3278",
            "force_destroy": false,
            "id": "_next/static/chunks/8026.62bbc2f54c559294.js",
            "key": "_next/static/chunks/8026.62bbc2f54c559294.js",
            "kms_key_id": null,
            "metadata": null,
            "object_lock_legal_hold_status": "",
            "object_lock_mode": "",
            "object_lock_retain_until_date": "",
            "override_provider": [],
            "server_side_encryption": "AES256",
            "source": "../.open-next/assets/_next/static/chunks/8026.62bbc2f54c559294.js",
            "source_hash": null,
            "storage_class": "STANDARD",
            "tags": null,
            "tags_all": {},
            "version_id": "",
            "website_redirect": ""
          },
          "sensitive_attributes": [],
          "identity_schema_version": 0,
          "private": "bnVsbA==",
          "dependencies": [
            "aws_s3_bucket.blog_assets"
          ]
        },
        {
          "index_key": "_next/static/chunks/8062.2c996dfa4260268a.js",
          "schema_version": 0,
          "attributes": {
            "acl": null,
            "arn": "arn:aws:s3:::gisblog-assets/_next/static/chunks/8062.2c996dfa4260268a.js",
            "bucket": "gisblog-assets",
            "bucket_key_enabled": false,
            "cache_control": "public, max-age=31536000, immutable",
            "checksum_algorithm": null,
            "checksum_crc32": "",
            "checksum_crc32c": "",
            "checksum_crc64nvme": "",
            "checksum_sha1": "",
            "checksum_sha256": "",
            "content": null,
            "content_base64": null,
            "content_disposition": "",
            "content_encoding": "",
            "content_language": "",
            "content_type": "application/javascript",
            "etag": "e6afe3fea1c75a0d0d948bd819ef3cd9",
            "force_destroy": false,
            "id": "_next/static/chunks/8062.2c996dfa4260268a.js",
            "key": "_next/static/chunks/8062.2c996dfa4260268a.js",
            "kms_key_id": null,
            "metadata": null,
            "object_lock_legal_hold_status": "",
            "object_lock_mode": "",
            "object_lock_retain_until_date": "",
            "override_provider": [],
            "server_side_encryption": "AES256",
            "source": "../.open-next/assets/_next/static/chunks/8062.2c996dfa4260268a.js",
            "source_hash": null,
            "storage_class": "STANDARD",
            "tags": null,
            "tags_all": {},
            "version_id": "",
            "website_redirect": ""
          },
          "sensitive_attributes": [],
          "identity_schema_version": 0,
          "private": "bnVsbA==",
          "dependencies": [
            "aws_s3_bucket.blog_assets"
          ]
        },
        {
          "index_key": "_next/static/chunks/8095.91a22e5e71ad70c4.js",
          "schema_version": 0,
          "attributes": {
            "acl": null,
            "arn": "arn:aws:s3:::gisblog-assets/_next/static/chunks/8095.91a22e5e71ad70c4.js",
            "bucket": "gisblog-assets",
            "bucket_key_enabled": false,
            "cache_control": "public, max-age=31536000, immutable",
            "checksum_algorithm": null,
            "checksum_crc32": "",
            "checksum_crc32c": "",
            "checksum_crc64nvme": "",
            "checksum_sha1": "",
            "checksum_sha256": "",
            "content": null,
            "content_base64": null,
            "content_disposition": "",
            "content_encoding": "",
            "content_language": "",
            "content_type": "application/javascript",
            "etag": "3e0f07128ada1ed05259ff3a09a7f1ed",
            "force_destroy": false,
            "id": "_next/static/chunks/8095.91a22e5e71ad70c4.js",
            "key": "_next/static/chunks/8095.91a22e5e71ad70c4.js",
            "kms_key_id": null,
            "metadata": null,
            "object_lock_legal_hold_status": "",
            "object_lock_mode": "",
            "object_lock_retain_until_date": "",
            "override_provider": [],
            "server_side_encryption": "AES256",
            "source": "../.open-next/assets/_next/static/chunks/8095.91a22e5e71ad70c4.js",
            "source_hash": null,
            "storage_class": "STANDARD",
            "tags": null,
            "tags_all": {},
            "version_id": "",
            "website_redirect": ""
          },
          "sensitive_attributes": [],
          "identity_schema_version": 0,
          "private": "bnVsbA==",
          "dependencies": [
            "aws_s3_bucket.blog_assets"
          ]
        },
        {
          "index_key": "_next/static/chunks/8125.40b73f66b38a1d1d.js",
          "schema_version": 0,
          "attributes": {
            "acl": null,
            "arn": "arn:aws:s3:::gisblog-assets/_next/static/chunks/8125.40b73f66b38a1d1d.js",
            "bucket": "gisblog-assets",
            "bucket_key_enabled": false,
            "cache_control": "public, max-age=31536000, immutable",
            "checksum_algorithm": null,
            "checksum_crc32": "",
            "checksum_crc32c": "",
            "checksum_crc64nvme": "",
            "checksum_sha1": "",
            "checksum_sha256": "",
            "content": null,
            "content_base64": null,
            "content_disposition": "",
            "content_encoding": "",
            "content_language": "",
            "content_type": "application/javascript",
            "etag": "21dc509ef1abb854fc246000ba79d716",
            "force_destroy": false,
            "id": "_next/static/chunks/8125.40b73f66b38a1d1d.js",
            "key": "_next/static/chunks/8125.40b73f66b38a1d1d.js",
            "kms_key_id": null,
            "metadata": null,
            "object_lock_legal_hold_status": "",
            "object_lock_mode": "",
            "object_lock_retain_until_date": "",
            "override_provider": [],
            "server_side_encryption": "AES256",
            "source": "../.open-next/assets/_next/static/chunks/8125.40b73f66b38a1d1d.js",
            "source_hash": null,
            "storage_class": "STANDARD",
            "tags": null,
            "tags_all": {},
            "version_id": "",
            "website_redirect": ""
          },
          "sensitive_attributes": [],
          "identity_schema_version": 0,
          "private": "bnVsbA==",
          "dependencies": [
            "aws_s3_bucket.blog_assets"
          ]
        },
        {
          "index_key": "_next/static/chunks/8513-5667426a7caad6f6.js",
          "schema_version": 0,
          "attributes": {
            "acl": null,
            "arn": "arn:aws:s3:::gisblog-assets/_next/static/chunks/8513-5667426a7caad6f6.js",
            "bucket": "gisblog-assets",
            "bucket_key_enabled": false,
            "cache_control": "public, max-age=31536000, immutable",
            "checksum_algorithm": null,
            "checksum_crc32": "",
            "checksum_crc32c": "",
            "checksum_crc64nvme": "",
            "checksum_sha1": "",
            "checksum_sha256": "",
            "content": null,
            "content_base64": null,
            "content_disposition": "",
            "content_encoding": "",
            "content_language": "",
            "content_type": "application/javascript",
            "etag": "a1d458f70c3b5dd5aa7f337a7252901c",
            "force_destroy": false,
            "id": "_next/static/chunks/8513-5667426a7caad6f6.js",
            "key": "_next/static/chunks/8513-5667426a7caad6f6.js",
            "kms_key_id": null,
            "metadata": null,
            "object_lock_legal_hold_status": "",
            "object_lock_mode": "",
            "object_lock_retain_until_date": "",
            "override_provider": [],
            "server_side_encryption": "AES256",
            "source": "../.open-next/assets/_next/static/chunks/8513-5667426a7caad6f6.js",
            "source_hash": null,
            "storage_class": "STANDARD",
            "tags": null,
            "tags_all": {},
            "version_id": "",
            "website_redirect": ""
          },
          "sensitive_attributes": [],
          "identity_schema_version": 0,
          "private": "bnVsbA==",
          "dependencies": [
            "aws_s3_bucket.blog_assets"
          ]
        },
        {
          "index_key": "_next/static/chunks/8917.a98436343e329c2a.js",
          "schema_version": 0,
          "attributes": {
            "acl": null,
            "arn": "arn:aws:s3:::gisblog-assets/_next/static/chunks/8917.a98436343e329c2a.js",
            "bucket": "gisblog-assets",
            "bucket_key_enabled": false,
            "cache_control": "public, max-age=31536000, immutable",
            "checksum_algorithm": null,
            "checksum_crc32": "",
            "checksum_crc32c": "",
            "checksum_crc64nvme": "",
            "checksum_sha1": "",
            "checksum_sha256": "",
            "content": null,
            "content_base64": null,
            "content_disposition": "",
            "content_encoding": "",
            "content_language": "",
            "content_type": "application/javascript",
            "etag": "6900f884dc38f0e197fe698f5663e83d",
            "force_destroy": false,
            "id": "_next/static/chunks/8917.a98436343e329c2a.js",
            "key": "_next/static/chunks/8917.a98436343e329c2a.js",
            "kms_key_id": null,
            "metadata": null,
            "object_lock_legal_hold_status": "",
            "object_lock_mode": "",
            "object_lock_retain_until_date": "",
            "override_provider": [],
            "server_side_encryption": "AES256",
            "source": "../.open-next/assets/_next/static/chunks/8917.a98436343e329c2a.js",
            "source_hash": null,
            "storage_class": "STANDARD",
            "tags": null,
            "tags_all": {},
            "version_id": "",
            "website_redirect": ""
          },
          "sensitive_attributes": [],
          "identity_schema_version": 0,
          "private": "bnVsbA==",
          "dependencies": [
            "aws_s3_bucket.blog_assets"
          ]
        },
        {
          "index_key": "_next/static/chunks/8962.aa758b26e011a9d5.js",
          "schema_version": 0,
          "attributes": {
            "acl": null,
            "arn": "arn:aws:s3:::gisblog-assets/_next/static/chunks/8962.aa758b26e011a9d5.js",
            "bucket": "gisblog-assets",
            "bucket_key_enabled": false,
            "cache_control": "public, max-age=31536000, immutable",
            "checksum_algorithm": null,
            "checksum_crc32": "",
            "checksum_crc32c": "",
            "checksum_crc64nvme": "",
            "checksum_sha1": "",
            "checksum_sha256": "",
            "content": null,
            "content_base64": null,
            "content_disposition": "",
            "content_encoding": "",
            "content_language": "",
            "content_type": "application/javascript",
            "etag": "317c9b11b25b07f8ba6fc1df8a7a9759",
            "force_destroy": false,
            "id": "_next/static/chunks/8962.aa758b26e011a9d5.js",
            "key": "_next/static/chunks/8962.aa758b26e011a9d5.js",
            "kms_key_id": null,
            "metadata": null,
            "object_lock_legal_hold_status": "",
            "object_lock_mode": "",
            "object_lock_retain_until_date": "",
            "override_provider": [],
            "server_side_encryption": "AES256",
            "source": "../.open-next/assets/_next/static/chunks/8962.aa758b26e011a9d5.js",
            "source_hash": null,
            "storage_class": "STANDARD",
            "tags": null,
            "tags_all": {},
            "version_id": "",
            "website_redirect": ""
          },
          "sensitive_attributes": [],
          "identity_schema_version": 0,
          "private": "bnVsbA==",
          "dependencies": [
            "aws_s3_bucket.blog_assets"
          ]
        },
        {
          "index_key": "_next/static/chunks/90542734.d40322afb027b895.js",
          "schema_version": 0,
          "attributes": {
            "acl": null,
            "arn": "arn:aws:s3:::gisblog-assets/_next/static/chunks/90542734.d40322afb027b895.js",
            "bucket": "gisblog-assets",
            "bucket_key_enabled": false,
            "cache_control": "public, max-age=31536000, immutable",
            "checksum_algorithm": null,
            "checksum_crc32": "",
            "checksum_crc32c": "",
            "checksum_crc64nvme": "",
            "checksum_sha1": "",
            "checksum_sha256": "",
            "content": null,
            "content_base64": null,
            "content_disposition": "",
            "content_encoding": "",
            "content_language": "",
            "content_type": "application/javascript",
            "etag": "afa946a41a75c01cd5a98a4bd5167990",
            "force_destroy": false,
            "id": "_next/static/chunks/90542734.d40322afb027b895.js",
            "key": "_next/static/chunks/90542734.d40322afb027b895.js",
            "kms_key_id": null,
            "metadata": null,
            "object_lock_legal_hold_status": "",
            "object_lock_mode": "",
            "object_lock_retain_until_date": "",
            "override_provider": [],
            "server_side_encryption": "AES256",
            "source": "../.open-next/assets/_next/static/chunks/90542734.d40322afb027b895.js",
            "source_hash": null,
            "storage_class": "STANDARD",
            "tags": null,
            "tags_all": {},
            "version_id": "",
            "website_redirect": ""
          },
          "sensitive_attributes": [],
          "identity_schema_version": 0,
          "private": "bnVsbA==",
          "dependencies": [
            "aws_s3_bucket.blog_assets"
          ]
        },
        {
          "index_key": "_next/static/chunks/9095.3926a2fb8ba399a8.js",
          "schema_version": 0,
          "attributes": {
            "acl": null,
            "arn": "arn:aws:s3:::gisblog-assets/_next/static/chunks/9095.3926a2fb8ba399a8.js",
            "bucket": "gisblog-assets",
            "bucket_key_enabled": false,
            "cache_control": "public, max-age=31536000, immutable",
            "checksum_algorithm": null,
            "checksum_crc32": "",
            "checksum_crc32c": "",
            "checksum_crc64nvme": "",
            "checksum_sha1": "",
            "checksum_sha256": "",
            "content": null,
            "content_base64": null,
            "content_disposition": "",
            "content_encoding": "",
            "content_language": "",
            "content_type": "application/javascript",
            "etag": "13f1d0be5cecdca5a9e71eae67a2a1a2",
            "force_destroy": false,
            "id": "_next/static/chunks/9095.3926a2fb8ba399a8.js",
            "key": "_next/static/chunks/9095.3926a2fb8ba399a8.js",
            "kms_key_id": null,
            "metadata": null,
            "object_lock_legal_hold_status": "",
            "object_lock_mode": "",
            "object_lock_retain_until_date": "",
            "override_provider": [],
            "server_side_encryption": "AES256",
            "source": "../.open-next/assets/_next/static/chunks/9095.3926a2fb8ba399a8.js",
            "source_hash": null,
            "storage_class": "STANDARD",
            "tags": null,
            "tags_all": {},
            "version_id": "",
            "website_redirect": ""
          },
          "sensitive_attributes": [],
          "identity_schema_version": 0,
          "private": "bnVsbA==",
          "dependencies": [
            "aws_s3_bucket.blog_assets"
          ]
        },
        {
          "index_key": "_next/static/chunks/914.b54064e7e29d2ccf.js",
          "schema_version": 0,
          "attributes": {
            "acl": null,
            "arn": "arn:aws:s3:::gisblog-assets/_next/static/chunks/914.b54064e7e29d2ccf.js",
            "bucket": "gisblog-assets",
            "bucket_key_enabled": false,
            "cache_control": "public, max-age=31536000, immutable",
            "checksum_algorithm": null,
            "checksum_crc32": "",
            "checksum_crc32c": "",
            "checksum_crc64nvme": "",
            "checksum_sha1": "",
            "checksum_sha256": "",
            "content": null,
            "content_base64": null,
            "content_disposition": "",
            "content_encoding": "",
            "content_language": "",
            "content_type": "application/javascript",
            "etag": "edfc7d99b8677db778e1bd3e1e5112a7",
            "force_destroy": false,
            "id": "_next/static/chunks/914.b54064e7e29d2ccf.js",
            "key": "_next/static/chunks/914.b54064e7e29d2ccf.js",
            "kms_key_id": null,
            "metadata": null,
            "object_lock_legal_hold_status": "",
            "object_lock_mode": "",
            "object_lock_retain_until_date": "",
            "override_provider": [],
            "server_side_encryption": "AES256",
            "source": "../.open-next/assets/_next/static/chunks/914.b54064e7e29d2ccf.js",
            "source_hash": null,
            "storage_class": "STANDARD",
            "tags": null,
            "tags_all": {},
            "version_id": "",
            "website_redirect": ""
          },
          "sensitive_attributes": [],
          "identity_schema_version": 0,
          "private": "bnVsbA==",
          "dependencies": [
            "aws_s3_bucket.blog_assets"
          ]
        },
        {
          "index_key": "_next/static/chunks/9389.c18d4eb9ede77261.js",
          "schema_version": 0,
          "attributes": {
            "acl": null,
            "arn": "arn:aws:s3:::gisblog-assets/_next/static/chunks/9389.c18d4eb9ede77261.js",
            "bucket": "gisblog-assets",
            "bucket_key_enabled": false,
            "cache_control": "public, max-age=31536000, immutable",
            "checksum_algorithm": null,
            "checksum_crc32": "",
            "checksum_crc32c": "",
            "checksum_crc64nvme": "",
            "checksum_sha1": "",
            "checksum_sha256": "",
            "content": null,
            "content_base64": null,
            "content_disposition": "",
            "content_encoding": "",
            "content_language": "",
            "content_type": "application/javascript",
            "etag": "e9883e88e0dc4ddfa8fd3592fad7fc10",
            "force_destroy": false,
            "id": "_next/static/chunks/9389.c18d4eb9ede77261.js",
            "key": "_next/static/chunks/9389.c18d4eb9ede77261.js",
            "kms_key_id": null,
            "metadata": null,
            "object_lock_legal_hold_status": "",
            "object_lock_mode": "",
            "object_lock_retain_until_date": "",
            "override_provider": [],
            "server_side_encryption": "AES256",
            "source": "../.open-next/assets/_next/static/chunks/9389.c18d4eb9ede77261.js",
            "source_hash": null,
            "storage_class": "STANDARD",
            "tags": null,
            "tags_all": {},
            "version_id": "",
            "website_redirect": ""
          },
          "sensitive_attributes": [],
          "identity_schema_version": 0,
          "private": "bnVsbA==",
          "dependencies": [
            "aws_s3_bucket.blog_assets"
          ]
        },
        {
          "index_key": "_next/static/chunks/9487-554eb6ab92423ba1.js",
          "schema_version": 0,
          "attributes": {
            "acl": null,
            "arn": "arn:aws:s3:::gisblog-assets/_next/static/chunks/9487-554eb6ab92423ba1.js",
            "bucket": "gisblog-assets",
            "bucket_key_enabled": false,
            "cache_control": "public, max-age=31536000, immutable",
            "checksum_algorithm": null,
            "checksum_crc32": "",
            "checksum_crc32c": "",
            "checksum_crc64nvme": "",
            "checksum_sha1": "",
            "checksum_sha256": "",
            "content": null,
            "content_base64": null,
            "content_disposition": "",
            "content_encoding": "",
            "content_language": "",
            "content_type": "application/javascript",
            "etag": "1bc86fe2c7b28964dcbe70726be61232",
            "force_destroy": false,
            "id": "_next/static/chunks/9487-554eb6ab92423ba1.js",
            "key": "_next/static/chunks/9487-554eb6ab92423ba1.js",
            "kms_key_id": null,
            "metadata": null,
            "object_lock_legal_hold_status": "",
            "object_lock_mode": "",
            "object_lock_retain_until_date": "",
            "override_provider": [],
            "server_side_encryption": "AES256",
            "source": "../.open-next/assets/_next/static/chunks/9487-554eb6ab92423ba1.js",
            "source_hash": null,
            "storage_class": "STANDARD",
            "tags": null,
            "tags_all": {},
            "version_id": "",
            "website_redirect": ""
          },
          "sensitive_attributes": [],
          "identity_schema_version": 0,
          "private": "bnVsbA==",
          "dependencies": [
            "aws_s3_bucket.blog_assets"
          ]
        },
        {
          "index_key": "_next/static/chunks/9688-a67e117eca87ecad.js",
          "schema_version": 0,
          "attributes": {
            "acl": null,
            "arn": "arn:aws:s3:::gisblog-assets/_next/static/chunks/9688-a67e117eca87ecad.js",
            "bucket": "gisblog-assets",
            "bucket_key_enabled": false,
            "cache_control": "public, max-age=31536000, immutable",
            "checksum_algorithm": null,
            "checksum_crc32": "",
            "checksum_crc32c": "",
            "checksum_crc64nvme": "",
            "checksum_sha1": "",
            "checksum_sha256": "",
            "content": null,
            "content_base64": null,
            "content_disposition": "",
            "content_encoding": "",
            "content_language": "",
            "content_type": "application/javascript",
            "etag": "99247b905f0757675ce6dba9ca497b3f",
            "force_destroy": false,
            "id": "_next/static/chunks/9688-a67e117eca87ecad.js",
            "key": "_next/static/chunks/9688-a67e117eca87ecad.js",
            "kms_key_id": null,
            "metadata": null,
            "object_lock_legal_hold_status": "",
            "object_lock_mode": "",
            "object_lock_retain_until_date": "",
            "override_provider": [],
            "server_side_encryption": "AES256",
            "source": "../.open-next/assets/_next/static/chunks/9688-a67e117eca87ecad.js",
            "source_hash": null,
            "storage_class": "STANDARD",
            "tags": null,
            "tags_all": {},
            "version_id": "",
            "website_redirect": ""
          },
          "sensitive_attributes": [],
          "identity_schema_version": 0,
          "private": "bnVsbA==",
          "dependencies": [
            "aws_s3_bucket.blog_assets"
          ]
        },
        {
          "index_key": "_next/static/chunks/app/(main)/courses/page-bcdc2dd1f15f9c3c.js",
          "schema_version": 0,
          "attributes": {
            "acl": null,
            "arn": "arn:aws:s3:::gisblog-assets/_next/static/chunks/app/(main)/courses/page-bcdc2dd1f15f9c3c.js",
            "bucket": "gisblog-assets",
            "bucket_key_enabled": false,
            "cache_control": "public, max-age=31536000, immutable",
            "checksum_algorithm": null,
            "checksum_crc32": "",
            "checksum_crc32c": "",
            "checksum_crc64nvme": "",
            "checksum_sha1": "",
            "checksum_sha256": "",
            "content": null,
            "content_base64": null,
            "content_disposition": "",
            "content_encoding": "",
            "content_language": "",
            "content_type": "application/javascript",
            "etag": "fc5b1a140ab4e9225e8604cb8110b83f",
            "force_destroy": false,
            "id": "_next/static/chunks/app/(main)/courses/page-bcdc2dd1f15f9c3c.js",
            "key": "_next/static/chunks/app/(main)/courses/page-bcdc2dd1f15f9c3c.js",
            "kms_key_id": null,
            "metadata": null,
            "object_lock_legal_hold_status": "",
            "object_lock_mode": "",
            "object_lock_retain_until_date": "",
            "override_provider": [],
            "server_side_encryption": "AES256",
            "source": "../.open-next/assets/_next/static/chunks/app/(main)/courses/page-bcdc2dd1f15f9c3c.js",
            "source_hash": null,
            "storage_class": "STANDARD",
            "tags": null,
            "tags_all": {},
            "version_id": "",
            "website_redirect": ""
          },
          "sensitive_attributes": [],
          "identity_schema_version": 0,
          "private": "bnVsbA==",
          "dependencies": [
            "aws_s3_bucket.blog_assets"
          ]
        },
        {
          "index_key": "_next/static/chunks/app/(main)/layout-006601dd0bb2cf7f.js",
          "schema_version": 0,
          "attributes": {
            "acl": null,
            "arn": "arn:aws:s3:::gisblog-assets/_next/static/chunks/app/(main)/layout-006601dd0bb2cf7f.js",
            "bucket": "gisblog-assets",
            "bucket_key_enabled": false,
            "cache_control": "public, max-age=31536000, immutable",
            "checksum_algorithm": null,
            "checksum_crc32": "",
            "checksum_crc32c": "",
            "checksum_crc64nvme": "",
            "checksum_sha1": "",
            "checksum_sha256": "",
            "content": null,
            "content_base64": null,
            "content_disposition": "",
            "content_encoding": "",
            "content_language": "",
            "content_type": "application/javascript",
            "etag": "c981f38ed9d68dbcdd63465cc1300ff9",
            "force_destroy": false,
            "id": "_next/static/chunks/app/(main)/layout-006601dd0bb2cf7f.js",
            "key": "_next/static/chunks/app/(main)/layout-006601dd0bb2cf7f.js",
            "kms_key_id": null,
            "metadata": null,
            "object_lock_legal_hold_status": "",
            "object_lock_mode": "",
            "object_lock_retain_until_date": "",
            "override_provider": [],
            "server_side_encryption": "AES256",
            "source": "../.open-next/assets/_next/static/chunks/app/(main)/layout-006601dd0bb2cf7f.js",
            "source_hash": null,
            "storage_class": "STANDARD",
            "tags": null,
            "tags_all": {},
            "version_id": "",
            "website_redirect": ""
          },
          "sensitive_attributes": [],
          "identity_schema_version": 0,
          "private": "bnVsbA==",
          "dependencies": [
            "aws_s3_bucket.blog_assets"
          ]
        },
        {
          "index_key": "_next/static/chunks/app/(main)/loading-b8cafa3d194ed0a6.js",
          "schema_version": 0,
          "attributes": {
            "acl": null,
            "arn": "arn:aws:s3:::gisblog-assets/_next/static/chunks/app/(main)/loading-b8cafa3d194ed0a6.js",
            "bucket": "gisblog-assets",
            "bucket_key_enabled": false,
            "cache_control": "public, max-age=31536000, immutable",
            "checksum_algorithm": null,
            "checksum_crc32": "",
            "checksum_crc32c": "",
            "checksum_crc64nvme": "",
            "checksum_sha1": "",
            "checksum_sha256": "",
            "content": null,
            "content_base64": null,
            "content_disposition": "",
            "content_encoding": "",
            "content_language": "",
            "content_type": "application/javascript",
            "etag": "043832a1f7410d307492646f90e0f8f7",
            "force_destroy": false,
            "id": "_next/static/chunks/app/(main)/loading-b8cafa3d194ed0a6.js",
            "key": "_next/static/chunks/app/(main)/loading-b8cafa3d194ed0a6.js",
            "kms_key_id": null,
            "metadata": null,
            "object_lock_legal_hold_status": "",
            "object_lock_mode": "",
            "object_lock_retain_until_date": "",
            "override_provider": [],
            "server_side_encryption": "AES256",
            "source": "../.open-next/assets/_next/static/chunks/app/(main)/loading-b8cafa3d194ed0a6.js",
            "source_hash": null,
            "storage_class": "STANDARD",
            "tags": null,
            "tags_all": {},
            "version_id": "",
            "website_redirect": ""
          },
          "sensitive_attributes": [],
          "identity_schema_version": 0,
          "private": "bnVsbA==",
          "dependencies": [
            "aws_s3_bucket.blog_assets"
          ]
        },
        {
          "index_key": "_next/static/chunks/app/(main)/mirror/page-b8cafa3d194ed0a6.js",
          "schema_version": 0,
          "attributes": {
            "acl": null,
            "arn": "arn:aws:s3:::gisblog-assets/_next/static/chunks/app/(main)/mirror/page-b8cafa3d194ed0a6.js",
            "bucket": "gisblog-assets",
            "bucket_key_enabled": false,
            "cache_control": "public, max-age=31536000, immutable",
            "checksum_algorithm": null,
            "checksum_crc32": "",
            "checksum_crc32c": "",
            "checksum_crc64nvme": "",
            "checksum_sha1": "",
            "checksum_sha256": "",
            "content": null,
            "content_base64": null,
            "content_disposition": "",
            "content_encoding": "",
            "content_language": "",
            "content_type": "application/javascript",
            "etag": "043832a1f7410d307492646f90e0f8f7",
            "force_destroy": false,
            "id": "_next/static/chunks/app/(main)/mirror/page-b8cafa3d194ed0a6.js",
            "key": "_next/static/chunks/app/(main)/mirror/page-b8cafa3d194ed0a6.js",
            "kms_key_id": null,
            "metadata": null,
            "object_lock_legal_hold_status": "",
            "object_lock_mode": "",
            "object_lock_retain_until_date": "",
            "override_provider": [],
            "server_side_encryption": "AES256",
            "source": "../.open-next/assets/_next/static/chunks/app/(main)/mirror/page-b8cafa3d194ed0a6.js",
            "source_hash": null,
            "storage_class": "STANDARD",
            "tags": null,
            "tags_all": {},
            "version_id": "",
            "website_redirect": ""
          },
          "sensitive_attributes": [],
          "identity_schema_version": 0,
          "private": "bnVsbA==",
          "dependencies": [
            "aws_s3_bucket.blog_assets"
          ]
        },
        {
          "index_key": "_next/static/chunks/app/(main)/page-699773f632b3f573.js",
          "schema_version": 0,
          "attributes": {
            "acl": null,
            "arn": "arn:aws:s3:::gisblog-assets/_next/static/chunks/app/(main)/page-699773f632b3f573.js",
            "bucket": "gisblog-assets",
            "bucket_key_enabled": false,
            "cache_control": "public, max-age=31536000, immutable",
            "checksum_algorithm": null,
            "checksum_crc32": "",
            "checksum_crc32c": "",
            "checksum_crc64nvme": "",
            "checksum_sha1": "",
            "checksum_sha256": "",
            "content": null,
            "content_base64": null,
            "content_disposition": "",
            "content_encoding": "",
            "content_language": "",
            "content_type": "application/javascript",
            "etag": "a6b486c127514d3293f6f708fb46492b",
            "force_destroy": false,
            "id": "_next/static/chunks/app/(main)/page-699773f632b3f573.js",
            "key": "_next/static/chunks/app/(main)/page-699773f632b3f573.js",
            "kms_key_id": null,
            "metadata": null,
            "object_lock_legal_hold_status": "",
            "object_lock_mode": "",
            "object_lock_retain_until_date": "",
            "override_provider": [],
            "server_side_encryption": "AES256",
            "source": "../.open-next/assets/_next/static/chunks/app/(main)/page-699773f632b3f573.js",
            "source_hash": null,
            "storage_class": "STANDARD",
            "tags": null,
            "tags_all": {},
            "version_id": "",
            "website_redirect": ""
          },
          "sensitive_attributes": [],
          "identity_schema_version": 0,
          "private": "bnVsbA==",
          "dependencies": [
            "aws_s3_bucket.blog_assets"
          ]
        },
        {
          "index_key": "_next/static/chunks/app/(main)/res/[[...slug]]/loading-b8cafa3d194ed0a6.js",
          "schema_version": 0,
          "attributes": {
            "acl": null,
            "arn": "arn:aws:s3:::gisblog-assets/_next/static/chunks/app/(main)/res/[[...slug]]/loading-b8cafa3d194ed0a6.js",
            "bucket": "gisblog-assets",
            "bucket_key_enabled": false,
            "cache_control": "public, max-age=31536000, immutable",
            "checksum_algorithm": null,
            "checksum_crc32": "",
            "checksum_crc32c": "",
            "checksum_crc64nvme": "",
            "checksum_sha1": "",
            "checksum_sha256": "",
            "content": null,
            "content_base64": null,
            "content_disposition": "",
            "content_encoding": "",
            "content_language": "",
            "content_type": "application/javascript",
            "etag": "043832a1f7410d307492646f90e0f8f7",
            "force_destroy": false,
            "id": "_next/static/chunks/app/(main)/res/[[...slug]]/loading-b8cafa3d194ed0a6.js",
            "key": "_next/static/chunks/app/(main)/res/[[...slug]]/loading-b8cafa3d194ed0a6.js",
            "kms_key_id": null,
            "metadata": null,
            "object_lock_legal_hold_status": "",
            "object_lock_mode": "",
            "object_lock_retain_until_date": "",
            "override_provider": [],
            "server_side_encryption": "AES256",
            "source": "../.open-next/assets/_next/static/chunks/app/(main)/res/[[...slug]]/loading-b8cafa3d194ed0a6.js",
            "source_hash": null,
            "storage_class": "STANDARD",
            "tags": null,
            "tags_all": {},
            "version_id": "",
            "website_redirect": ""
          },
          "sensitive_attributes": [],
          "identity_schema_version": 0,
          "private": "bnVsbA==",
          "dependencies": [
            "aws_s3_bucket.blog_assets"
          ]
        },
        {
          "index_key": "_next/static/chunks/app/(main)/res/[[...slug]]/page-c87c207dbf871da2.js",
          "schema_version": 0,
          "attributes": {
            "acl": null,
            "arn": "arn:aws:s3:::gisblog-assets/_next/static/chunks/app/(main)/res/[[...slug]]/page-c87c207dbf871da2.js",
            "bucket": "gisblog-assets",
            "bucket_key_enabled": false,
            "cache_control": "public, max-age=31536000, immutable",
            "checksum_algorithm": null,
            "checksum_crc32": "",
            "checksum_crc32c": "",
            "checksum_crc64nvme": "",
            "checksum_sha1": "",
            "checksum_sha256": "",
            "content": null,
            "content_base64": null,
            "content_disposition": "",
            "content_encoding": "",
            "content_language": "",
            "content_type": "application/javascript",
            "etag": "1b1bdd5eb273e83e1e50d7763f584dec",
            "force_destroy": false,
            "id": "_next/static/chunks/app/(main)/res/[[...slug]]/page-c87c207dbf871da2.js",
            "key": "_next/static/chunks/app/(main)/res/[[...slug]]/page-c87c207dbf871da2.js",
            "kms_key_id": null,
            "metadata": null,
            "object_lock_legal_hold_status": "",
            "object_lock_mode": "",
            "object_lock_retain_until_date": "",
            "override_provider": [],
            "server_side_encryption": "AES256",
            "source": "../.open-next/assets/_next/static/chunks/app/(main)/res/[[...slug]]/page-c87c207dbf871da2.js",
            "source_hash": null,
            "storage_class": "STANDARD",
            "tags": null,
            "tags_all": {},
            "version_id": "",
            "website_redirect": ""
          },
          "sensitive_attributes": [],
          "identity_schema_version": 0,
          "private": "bnVsbA==",
          "dependencies": [
            "aws_s3_bucket.blog_assets"
          ]
        },
        {
          "index_key": "_next/static/chunks/app/(read)/b/[blog_slug]/loading-b8cafa3d194ed0a6.js",
          "schema_version": 0,
          "attributes": {
            "acl": null,
            "arn": "arn:aws:s3:::gisblog-assets/_next/static/chunks/app/(read)/b/[blog_slug]/loading-b8cafa3d194ed0a6.js",
            "bucket": "gisblog-assets",
            "bucket_key_enabled": false,
            "cache_control": "public, max-age=31536000, immutable",
            "checksum_algorithm": null,
            "checksum_crc32": "",
            "checksum_crc32c": "",
            "checksum_crc64nvme": "",
            "checksum_sha1": "",
            "checksum_sha256": "",
            "content": null,
            "content_base64": null,
            "content_disposition": "",
            "content_encoding": "",
            "content_language": "",
            "content_type": "application/javascript",
            "etag": "043832a1f7410d307492646f90e0f8f7",
            "force_destroy": false,
            "id": "_next/static/chunks/app/(read)/b/[blog_slug]/loading-b8cafa3d194ed0a6.js",
            "key": "_next/static/chunks/app/(read)/b/[blog_slug]/loading-b8cafa3d194ed0a6.js",
            "kms_key_id": null,
            "metadata": null,
            "object_lock_legal_hold_status": "",
            "object_lock_mode": "",
            "object_lock_retain_until_date": "",
            "override_provider": [],
            "server_side_encryption": "AES256",
            "source": "../.open-next/assets/_next/static/chunks/app/(read)/b/[blog_slug]/loading-b8cafa3d194ed0a6.js",
            "source_hash": null,
            "storage_class": "STANDARD",
            "tags": null,
            "tags_all": {},
            "version_id": "",
            "website_redirect": ""
          },
          "sensitive_attributes": [],
          "identity_schema_version": 0,
          "private": "bnVsbA==",
          "dependencies": [
            "aws_s3_bucket.blog_assets"
          ]
        },
        {
          "index_key": "_next/static/chunks/app/(read)/b/[blog_slug]/page-7ff83815f368b179.js",
          "schema_version": 0,
          "attributes": {
            "acl": null,
            "arn": "arn:aws:s3:::gisblog-assets/_next/static/chunks/app/(read)/b/[blog_slug]/page-7ff83815f368b179.js",
            "bucket": "gisblog-assets",
            "bucket_key_enabled": false,
            "cache_control": "public, max-age=31536000, immutable",
            "checksum_algorithm": null,
            "checksum_crc32": "",
            "checksum_crc32c": "",
            "checksum_crc64nvme": "",
            "checksum_sha1": "",
            "checksum_sha256": "",
            "content": null,
            "content_base64": null,
            "content_disposition": "",
            "content_encoding": "",
            "content_language": "",
            "content_type": "application/javascript",
            "etag": "afb4091ca5ce6a059b57e81fb42c9016",
            "force_destroy": false,
            "id": "_next/static/chunks/app/(read)/b/[blog_slug]/page-7ff83815f368b179.js",
            "key": "_next/static/chunks/app/(read)/b/[blog_slug]/page-7ff83815f368b179.js",
            "kms_key_id": null,
            "metadata": null,
            "object_lock_legal_hold_status": "",
            "object_lock_mode": "",
            "object_lock_retain_until_date": "",
            "override_provider": [],
            "server_side_encryption": "AES256",
            "source": "../.open-next/assets/_next/static/chunks/app/(read)/b/[blog_slug]/page-7ff83815f368b179.js",
            "source_hash": null,
            "storage_class": "STANDARD",
            "tags": null,
            "tags_all": {},
            "version_id": "",
            "website_redirect": ""
          },
          "sensitive_attributes": [],
          "identity_schema_version": 0,
          "private": "bnVsbA==",
          "dependencies": [
            "aws_s3_bucket.blog_assets"
          ]
        },
        {
          "index_key": "_next/static/chunks/app/(read)/b/page-b8cafa3d194ed0a6.js",
          "schema_version": 0,
          "attributes": {
            "acl": null,
            "arn": "arn:aws:s3:::gisblog-assets/_next/static/chunks/app/(read)/b/page-b8cafa3d194ed0a6.js",
            "bucket": "gisblog-assets",
            "bucket_key_enabled": false,
            "cache_control": "public, max-age=31536000, immutable",
            "checksum_algorithm": null,
            "checksum_crc32": "",
            "checksum_crc32c": "",
            "checksum_crc64nvme": "",
            "checksum_sha1": "",
            "checksum_sha256": "",
            "content": null,
            "content_base64": null,
            "content_disposition": "",
            "content_encoding": "",
            "content_language": "",
            "content_type": "application/javascript",
            "etag": "043832a1f7410d307492646f90e0f8f7",
            "force_destroy": false,
            "id": "_next/static/chunks/app/(read)/b/page-b8cafa3d194ed0a6.js",
            "key": "_next/static/chunks/app/(read)/b/page-b8cafa3d194ed0a6.js",
            "kms_key_id": null,
            "metadata": null,
            "object_lock_legal_hold_status": "",
            "object_lock_mode": "",
            "object_lock_retain_until_date": "",
            "override_provider": [],
            "server_side_encryption": "AES256",
            "source": "../.open-next/assets/_next/static/chunks/app/(read)/b/page-b8cafa3d194ed0a6.js",
            "source_hash": null,
            "storage_class": "STANDARD",
            "tags": null,
            "tags_all": {},
            "version_id": "",
            "website_redirect": ""
          },
          "sensitive_attributes": [],
          "identity_schema_version": 0,
          "private": "bnVsbA==",
          "dependencies": [
            "aws_s3_bucket.blog_assets"
          ]
        },
        {
          "index_key": "_next/static/chunks/app/(read)/layout-396132f7dcbb856d.js",
          "schema_version": 0,
          "attributes": {
            "acl": null,
            "arn": "arn:aws:s3:::gisblog-assets/_next/static/chunks/app/(read)/layout-396132f7dcbb856d.js",
            "bucket": "gisblog-assets",
            "bucket_key_enabled": false,
            "cache_control": "public, max-age=31536000, immutable",
            "checksum_algorithm": null,
            "checksum_crc32": "",
            "checksum_crc32c": "",
            "checksum_crc64nvme": "",
            "checksum_sha1": "",
            "checksum_sha256": "",
            "content": null,
            "content_base64": null,
            "content_disposition": "",
            "content_encoding": "",
            "content_language": "",
            "content_type": "application/javascript",
            "etag": "185d3bfa88fecbcfefdab6aef00181ec",
            "force_destroy": false,
            "id": "_next/static/chunks/app/(read)/layout-396132f7dcbb856d.js",
            "key": "_next/static/chunks/app/(read)/layout-396132f7dcbb856d.js",
            "kms_key_id": null,
            "metadata": null,
            "object_lock_legal_hold_status": "",
            "object_lock_mode": "",
            "object_lock_retain_until_date": "",
            "override_provider": [],
            "server_side_encryption": "AES256",
            "source": "../.open-next/assets/_next/static/chunks/app/(read)/layout-396132f7dcbb856d.js",
            "source_hash": null,
            "storage_class": "STANDARD",
            "tags": null,
            "tags_all": {},
            "version_id": "",
            "website_redirect": ""
          },
          "sensitive_attributes": [],
          "identity_schema_version": 0,
          "private": "bnVsbA==",
          "dependencies": [
            "aws_s3_bucket.blog_assets"
          ]
        },
        {
          "index_key": "_next/static/chunks/app/_not-found/page-b8cafa3d194ed0a6.js",
          "schema_version": 0,
          "attributes": {
            "acl": null,
            "arn": "arn:aws:s3:::gisblog-assets/_next/static/chunks/app/_not-found/page-b8cafa3d194ed0a6.js",
            "bucket": "gisblog-assets",
            "bucket_key_enabled": false,
            "cache_control": "public, max-age=31536000, immutable",
            "checksum_algorithm": null,
            "checksum_crc32": "",
            "checksum_crc32c": "",
            "checksum_crc64nvme": "",
            "checksum_sha1": "",
            "checksum_sha256": "",
            "content": null,
            "content_base64": null,
            "content_disposition": "",
            "content_encoding": "",
            "content_language": "",
            "content_type": "application/javascript",
            "etag": "043832a1f7410d307492646f90e0f8f7",
            "force_destroy": false,
            "id": "_next/static/chunks/app/_not-found/page-b8cafa3d194ed0a6.js",
            "key": "_next/static/chunks/app/_not-found/page-b8cafa3d194ed0a6.js",
            "kms_key_id": null,
            "metadata": null,
            "object_lock_legal_hold_status": "",
            "object_lock_mode": "",
            "object_lock_retain_until_date": "",
            "override_provider": [],
            "server_side_encryption": "AES256",
            "source": "../.open-next/assets/_next/static/chunks/app/_not-found/page-b8cafa3d194ed0a6.js",
            "source_hash": null,
            "storage_class": "STANDARD",
            "tags": null,
            "tags_all": {},
            "version_id": "",
            "website_redirect": ""
          },
          "sensitive_attributes": [],
          "identity_schema_version": 0,
          "private": "bnVsbA==",
          "dependencies": [
            "aws_s3_bucket.blog_assets"
          ]
        },
        {
          "index_key": "_next/static/chunks/app/api/trpc/[trpc]/route-b8cafa3d194ed0a6.js",
          "schema_version": 0,
          "attributes": {
            "acl": null,
            "arn": "arn:aws:s3:::gisblog-assets/_next/static/chunks/app/api/trpc/[trpc]/route-b8cafa3d194ed0a6.js",
            "bucket": "gisblog-assets",
            "bucket_key_enabled": false,
            "cache_control": "public, max-age=31536000, immutable",
            "checksum_algorithm": null,
            "checksum_crc32": "",
            "checksum_crc32c": "",
            "checksum_crc64nvme": "",
            "checksum_sha1": "",
            "checksum_sha256": "",
            "content": null,
            "content_base64": null,
            "content_disposition": "",
            "content_encoding": "",
            "content_language": "",
            "content_type": "application/javascript",
            "etag": "043832a1f7410d307492646f90e0f8f7",
            "force_destroy": false,
            "id": "_next/static/chunks/app/api/trpc/[trpc]/route-b8cafa3d194ed0a6.js",
            "key": "_next/static/chunks/app/api/trpc/[trpc]/route-b8cafa3d194ed0a6.js",
            "kms_key_id": null,
            "metadata": null,
            "object_lock_legal_hold_status": "",
            "object_lock_mode": "",
            "object_lock_retain_until_date": "",
            "override_provider": [],
            "server_side_encryption": "AES256",
            "source": "../.open-next/assets/_next/static/chunks/app/api/trpc/[trpc]/route-b8cafa3d194ed0a6.js",
            "source_hash": null,
            "storage_class": "STANDARD",
            "tags": null,
            "tags_all": {},
            "version_id": "",
            "website_redirect": ""
          },
          "sensitive_attributes": [],
          "identity_schema_version": 0,
          "private": "bnVsbA==",
          "dependencies": [
            "aws_s3_bucket.blog_assets"
          ]
        },
        {
          "index_key": "_next/static/chunks/app/error-635dc99efaed4296.js",
          "schema_version": 0,
          "attributes": {
            "acl": null,
            "arn": "arn:aws:s3:::gisblog-assets/_next/static/chunks/app/error-635dc99efaed4296.js",
            "bucket": "gisblog-assets",
            "bucket_key_enabled": false,
            "cache_control": "public, max-age=31536000, immutable",
            "checksum_algorithm": null,
            "checksum_crc32": "",
            "checksum_crc32c": "",
            "checksum_crc64nvme": "",
            "checksum_sha1": "",
            "checksum_sha256": "",
            "content": null,
            "content_base64": null,
            "content_disposition": "",
            "content_encoding": "",
            "content_language": "",
            "content_type": "application/javascript",
            "etag": "0bc1bc5756b671ca88a52a750fb7b410",
            "force_destroy": false,
            "id": "_next/static/chunks/app/error-635dc99efaed4296.js",
            "key": "_next/static/chunks/app/error-635dc99efaed4296.js",
            "kms_key_id": null,
            "metadata": null,
            "object_lock_legal_hold_status": "",
            "object_lock_mode": "",
            "object_lock_retain_until_date": "",
            "override_provider": [],
            "server_side_encryption": "AES256",
            "source": "../.open-next/assets/_next/static/chunks/app/error-635dc99efaed4296.js",
            "source_hash": null,
            "storage_class": "STANDARD",
            "tags": null,
            "tags_all": {},
            "version_id": "",
            "website_redirect": ""
          },
          "sensitive_attributes": [],
          "identity_schema_version": 0,
          "private": "bnVsbA==",
          "dependencies": [
            "aws_s3_bucket.blog_assets"
          ]
        },
        {
          "index_key": "_next/static/chunks/app/global-error-88bf61c1c9b9de9b.js",
          "schema_version": 0,
          "attributes": {
            "acl": null,
            "arn": "arn:aws:s3:::gisblog-assets/_next/static/chunks/app/global-error-88bf61c1c9b9de9b.js",
            "bucket": "gisblog-assets",
            "bucket_key_enabled": false,
            "cache_control": "public, max-age=31536000, immutable",
            "checksum_algorithm": null,
            "checksum_crc32": "",
            "checksum_crc32c": "",
            "checksum_crc64nvme": "",
            "checksum_sha1": "",
            "checksum_sha256": "",
            "content": null,
            "content_base64": null,
            "content_disposition": "",
            "content_encoding": "",
            "content_language": "",
            "content_type": "application/javascript",
            "etag": "b1c0d03d85d8b54eaf73b1ad4782fbbc",
            "force_destroy": false,
            "id": "_next/static/chunks/app/global-error-88bf61c1c9b9de9b.js",
            "key": "_next/static/chunks/app/global-error-88bf61c1c9b9de9b.js",
            "kms_key_id": null,
            "metadata": null,
            "object_lock_legal_hold_status": "",
            "object_lock_mode": "",
            "object_lock_retain_until_date": "",
            "override_provider": [],
            "server_side_encryption": "AES256",
            "source": "../.open-next/assets/_next/static/chunks/app/global-error-88bf61c1c9b9de9b.js",
            "source_hash": null,
            "storage_class": "STANDARD",
            "tags": null,
            "tags_all": {},
            "version_id": "",
            "website_redirect": ""
          },
          "sensitive_attributes": [],
          "identity_schema_version": 0,
          "private": "bnVsbA==",
          "dependencies": [
            "aws_s3_bucket.blog_assets"
          ]
        },
        {
          "index_key": "_next/static/chunks/app/layout-3e6693edd7d2a7d9.js",
          "schema_version": 0,
          "attributes": {
            "acl": null,
            "arn": "arn:aws:s3:::gisblog-assets/_next/static/chunks/app/layout-3e6693edd7d2a7d9.js",
            "bucket": "gisblog-assets",
            "bucket_key_enabled": false,
            "cache_control": "public, max-age=31536000, immutable",
            "checksum_algorithm": null,
            "checksum_crc32": "",
            "checksum_crc32c": "",
            "checksum_crc64nvme": "",
            "checksum_sha1": "",
            "checksum_sha256": "",
            "content": null,
            "content_base64": null,
            "content_disposition": "",
            "content_encoding": "",
            "content_language": "",
            "content_type": "application/javascript",
            "etag": "660981cd574bc0810ff574fb71c3387f",
            "force_destroy": false,
            "id": "_next/static/chunks/app/layout-3e6693edd7d2a7d9.js",
            "key": "_next/static/chunks/app/layout-3e6693edd7d2a7d9.js",
            "kms_key_id": null,
            "metadata": null,
            "object_lock_legal_hold_status": "",
            "object_lock_mode": "",
            "object_lock_retain_until_date": "",
            "override_provider": [],
            "server_side_encryption": "AES256",
            "source": "../.open-next/assets/_next/static/chunks/app/layout-3e6693edd7d2a7d9.js",
            "source_hash": null,
            "storage_class": "STANDARD",
            "tags": null,
            "tags_all": {},
            "version_id": "",
            "website_redirect": ""
          },
          "sensitive_attributes": [],
          "identity_schema_version": 0,
          "private": "bnVsbA==",
          "dependencies": [
            "aws_s3_bucket.blog_assets"
          ]
        },
        {
          "index_key": "_next/static/chunks/app/not-found-fb3e8f5dc3302084.js",
          "schema_version": 0,
          "attributes": {
            "acl": null,
            "arn": "arn:aws:s3:::gisblog-assets/_next/static/chunks/app/not-found-fb3e8f5dc3302084.js",
            "bucket": "gisblog-assets",
            "bucket_key_enabled": false,
            "cache_control": "public, max-age=31536000, immutable",
            "checksum_algorithm": null,
            "checksum_crc32": "",
            "checksum_crc32c": "",
            "checksum_crc64nvme": "",
            "checksum_sha1": "",
            "checksum_sha256": "",
            "content": null,
            "content_base64": null,
            "content_disposition": "",
            "content_encoding": "",
            "content_language": "",
            "content_type": "application/javascript",
            "etag": "f8c1ec63e3f9dbfd4f2b2dc4026fa1d9",
            "force_destroy": false,
            "id": "_next/static/chunks/app/not-found-fb3e8f5dc3302084.js",
            "key": "_next/static/chunks/app/not-found-fb3e8f5dc3302084.js",
            "kms_key_id": null,
            "metadata": null,
            "object_lock_legal_hold_status": "",
            "object_lock_mode": "",
            "object_lock_retain_until_date": "",
            "override_provider": [],
            "server_side_encryption": "AES256",
            "source": "../.open-next/assets/_next/static/chunks/app/not-found-fb3e8f5dc3302084.js",
            "source_hash": null,
            "storage_class": "STANDARD",
            "tags": null,
            "tags_all": {},
            "version_id": "",
            "website_redirect": ""
          },
          "sensitive_attributes": [],
          "identity_schema_version": 0,
          "private": "bnVsbA==",
          "dependencies": [
            "aws_s3_bucket.blog_assets"
          ]
        },
        {
          "index_key": "_next/static/chunks/b384b188.d6d9401bc8403121.js",
          "schema_version": 0,
          "attributes": {
            "acl": null,
            "arn": "arn:aws:s3:::gisblog-assets/_next/static/chunks/b384b188.d6d9401bc8403121.js",
            "bucket": "gisblog-assets",
            "bucket_key_enabled": false,
            "cache_control": "public, max-age=31536000, immutable",
            "checksum_algorithm": null,
            "checksum_crc32": "",
            "checksum_crc32c": "",
            "checksum_crc64nvme": "",
            "checksum_sha1": "",
            "checksum_sha256": "",
            "content": null,
            "content_base64": null,
            "content_disposition": "",
            "content_encoding": "",
            "content_language": "",
            "content_type": "application/javascript",
            "etag": "0d4121f46aa427f4ee7c097a2e7b5230",
            "force_destroy": false,
            "id": "_next/static/chunks/b384b188.d6d9401bc8403121.js",
            "key": "_next/static/chunks/b384b188.d6d9401bc8403121.js",
            "kms_key_id": null,
            "metadata": null,
            "object_lock_legal_hold_status": "",
            "object_lock_mode": "",
            "object_lock_retain_until_date": "",
            "override_provider": [],
            "server_side_encryption": "AES256",
            "source": "../.open-next/assets/_next/static/chunks/b384b188.d6d9401bc8403121.js",
            "source_hash": null,
            "storage_class": "STANDARD",
            "tags": null,
            "tags_all": {},
            "version_id": "",
            "website_redirect": ""
          },
          "sensitive_attributes": [],
          "identity_schema_version": 0,
          "private": "bnVsbA==",
          "dependencies": [
            "aws_s3_bucket.blog_assets"
          ]
        },
        {
          "index_key": "_next/static/chunks/d3ac728e.495dd0cad48209d6.js",
          "schema_version": 0,
          "attributes": {
            "acl": null,
            "arn": "arn:aws:s3:::gisblog-assets/_next/static/chunks/d3ac728e.495dd0cad48209d6.js",
            "bucket": "gisblog-assets",
            "bucket_key_enabled": false,
            "cache_control": "public, max-age=31536000, immutable",
            "checksum_algorithm": null,
            "checksum_crc32": "",
            "checksum_crc32c": "",
            "checksum_crc64nvme": "",
            "checksum_sha1": "",
            "checksum_sha256": "",
            "content": null,
            "content_base64": null,
            "content_disposition": "",
            "content_encoding": "",
            "content_language": "",
            "content_type": "application/javascript",
            "etag": "29c49380e04803c8794de198ba6bc1eb",
            "force_destroy": false,
            "id": "_next/static/chunks/d3ac728e.495dd0cad48209d6.js",
            "key": "_next/static/chunks/d3ac728e.495dd0cad48209d6.js",
            "kms_key_id": null,
            "metadata": null,
            "object_lock_legal_hold_status": "",
            "object_lock_mode": "",
            "object_lock_retain_until_date": "",
            "override_provider": [],
            "server_side_encryption": "AES256",
            "source": "../.open-next/assets/_next/static/chunks/d3ac728e.495dd0cad48209d6.js",
            "source_hash": null,
            "storage_class": "STANDARD",
            "tags": null,
            "tags_all": {},
            "version_id": "",
            "website_redirect": ""
          },
          "sensitive_attributes": [],
          "identity_schema_version": 0,
          "private": "bnVsbA==",
          "dependencies": [
            "aws_s3_bucket.blog_assets"
          ]
        },
        {
          "index_key": "_next/static/chunks/framework-b93416a9e872e7b4.js",
          "schema_version": 0,
          "attributes": {
            "acl": null,
            "arn": "arn:aws:s3:::gisblog-assets/_next/static/chunks/framework-b93416a9e872e7b4.js",
            "bucket": "gisblog-assets",
            "bucket_key_enabled": false,
            "cache_control": "public, max-age=31536000, immutable",
            "checksum_algorithm": null,
            "checksum_crc32": "",
            "checksum_crc32c": "",
            "checksum_crc64nvme": "",
            "checksum_sha1": "",
            "checksum_sha256": "",
            "content": null,
            "content_base64": null,
            "content_disposition": "",
            "content_encoding": "",
            "content_language": "",
            "content_type": "application/javascript",
            "etag": "eaefd70c011f902b37d2d25ce0e09110",
            "force_destroy": false,
            "id": "_next/static/chunks/framework-b93416a9e872e7b4.js",
            "key": "_next/static/chunks/framework-b93416a9e872e7b4.js",
            "kms_key_id": null,
            "metadata": null,
            "object_lock_legal_hold_status": "",
            "object_lock_mode": "",
            "object_lock_retain_until_date": "",
            "override_provider": [],
            "server_side_encryption": "AES256",
            "source": "../.open-next/assets/_next/static/chunks/framework-b93416a9e872e7b4.js",
            "source_hash": null,
            "storage_class": "STANDARD",
            "tags": null,
            "tags_all": {},
            "version_id": "",
            "website_redirect": ""
          },
          "sensitive_attributes": [],
          "identity_schema_version": 0,
          "private": "bnVsbA==",
          "dependencies": [
            "aws_s3_bucket.blog_assets"
          ]
        },
        {
          "index_key": "_next/static/chunks/main-6238e22d87ffd15d.js",
          "schema_version": 0,
          "attributes": {
            "acl": null,
            "arn": "arn:aws:s3:::gisblog-assets/_next/static/chunks/main-6238e22d87ffd15d.js",
            "bucket": "gisblog-assets",
            "bucket_key_enabled": false,
            "cache_control": "public, max-age=31536000, immutable",
            "checksum_algorithm": null,
            "checksum_crc32": "",
            "checksum_crc32c": "",
            "checksum_crc64nvme": "",
            "checksum_sha1": "",
            "checksum_sha256": "",
            "content": null,
            "content_base64": null,
            "content_disposition": "",
            "content_encoding": "",
            "content_language": "",
            "content_type": "application/javascript",
            "etag": "dd0a2f47e4b2933ebc75b1d608d95c7e",
            "force_destroy": false,
            "id": "_next/static/chunks/main-6238e22d87ffd15d.js",
            "key": "_next/static/chunks/main-6238e22d87ffd15d.js",
            "kms_key_id": null,
            "metadata": null,
            "object_lock_legal_hold_status": "",
            "object_lock_mode": "",
            "object_lock_retain_until_date": "",
            "override_provider": [],
            "server_side_encryption": "AES256",
            "source": "../.open-next/assets/_next/static/chunks/main-6238e22d87ffd15d.js",
            "source_hash": null,
            "storage_class": "STANDARD",
            "tags": null,
            "tags_all": {},
            "version_id": "",
            "website_redirect": ""
          },
          "sensitive_attributes": [],
          "identity_schema_version": 0,
          "private": "bnVsbA==",
          "dependencies": [
            "aws_s3_bucket.blog_assets"
          ]
        },
        {
          "index_key": "_next/static/chunks/main-app-a0ac7fe6b3e86104.js",
          "schema_version": 0,
          "attributes": {
            "acl": null,
            "arn": "arn:aws:s3:::gisblog-assets/_next/static/chunks/main-app-a0ac7fe6b3e86104.js",
            "bucket": "gisblog-assets",
            "bucket_key_enabled": false,
            "cache_control": "public, max-age=31536000, immutable",
            "checksum_algorithm": null,
            "checksum_crc32": "",
            "checksum_crc32c": "",
            "checksum_crc64nvme": "",
            "checksum_sha1": "",
            "checksum_sha256": "",
            "content": null,
            "content_base64": null,
            "content_disposition": "",
            "content_encoding": "",
            "content_language": "",
            "content_type": "application/javascript",
            "etag": "e02dbde7cd3f0ccc307d8cc09d966c52",
            "force_destroy": false,
            "id": "_next/static/chunks/main-app-a0ac7fe6b3e86104.js",
            "key": "_next/static/chunks/main-app-a0ac7fe6b3e86104.js",
            "kms_key_id": null,
            "metadata": null,
            "object_lock_legal_hold_status": "",
            "object_lock_mode": "",
            "object_lock_retain_until_date": "",
            "override_provider": [],
            "server_side_encryption": "AES256",
            "source": "../.open-next/assets/_next/static/chunks/main-app-a0ac7fe6b3e86104.js",
            "source_hash": null,
            "storage_class": "STANDARD",
            "tags": null,
            "tags_all": {},
            "version_id": "",
            "website_redirect": ""
          },
          "sensitive_attributes": [],
          "identity_schema_version": 0,
          "private": "bnVsbA==",
          "dependencies": [
            "aws_s3_bucket.blog_assets"
          ]
        },
        {
          "index_key": "_next/static/chunks/pages/_app-1af4163d4f10b6fc.js",
          "schema_version": 0,
          "attributes": {
            "acl": null,
            "arn": "arn:aws:s3:::gisblog-assets/_next/static/chunks/pages/_app-1af4163d4f10b6fc.js",
            "bucket": "gisblog-assets",
            "bucket_key_enabled": false,
            "cache_control": "public, max-age=31536000, immutable",
            "checksum_algorithm": null,
            "checksum_crc32": "",
            "checksum_crc32c": "",
            "checksum_crc64nvme": "",
            "checksum_sha1": "",
            "checksum_sha256": "",
            "content": null,
            "content_base64": null,
            "content_disposition": "",
            "content_encoding": "",
            "content_language": "",
            "content_type": "application/javascript",
            "etag": "932aacfc9c942fdb484c39aee2a5f2c6",
            "force_destroy": false,
            "id": "_next/static/chunks/pages/_app-1af4163d4f10b6fc.js",
            "key": "_next/static/chunks/pages/_app-1af4163d4f10b6fc.js",
            "kms_key_id": null,
            "metadata": null,
            "object_lock_legal_hold_status": "",
            "object_lock_mode": "",
            "object_lock_retain_until_date": "",
            "override_provider": [],
            "server_side_encryption": "AES256",
            "source": "../.open-next/assets/_next/static/chunks/pages/_app-1af4163d4f10b6fc.js",
            "source_hash": null,
            "storage_class": "STANDARD",
            "tags": null,
            "tags_all": {},
            "version_id": "",
            "website_redirect": ""
          },
          "sensitive_attributes": [],
          "identity_schema_version": 0,
          "private": "bnVsbA==",
          "dependencies": [
            "aws_s3_bucket.blog_assets"
          ]
        },
        {
          "index_key": "_next/static/chunks/pages/_error-43885327f020d18a.js",
          "schema_version": 0,
          "attributes": {
            "acl": null,
            "arn": "arn:aws:s3:::gisblog-assets/_next/static/chunks/pages/_error-43885327f020d18a.js",
            "bucket": "gisblog-assets",
            "bucket_key_enabled": false,
            "cache_control": "public, max-age=31536000, immutable",
            "checksum_algorithm": null,
            "checksum_crc32": "",
            "checksum_crc32c": "",
            "checksum_crc64nvme": "",
            "checksum_sha1": "",
            "checksum_sha256": "",
            "content": null,
            "content_base64": null,
            "content_disposition": "",
            "content_encoding": "",
            "content_language": "",
            "content_type": "application/javascript",
            "etag": "c7fbffeaa52ff020b88ed3fc37819c17",
            "force_destroy": false,
            "id": "_next/static/chunks/pages/_error-43885327f020d18a.js",
            "key": "_next/static/chunks/pages/_error-43885327f020d18a.js",
            "kms_key_id": null,
            "metadata": null,
            "object_lock_legal_hold_status": "",
            "object_lock_mode": "",
            "object_lock_retain_until_date": "",
            "override_provider": [],
            "server_side_encryption": "AES256",
            "source": "../.open-next/assets/_next/static/chunks/pages/_error-43885327f020d18a.js",
            "source_hash": null,
            "storage_class": "STANDARD",
            "tags": null,
            "tags_all": {},
            "version_id": "",
            "website_redirect": ""
          },
          "sensitive_attributes": [],
          "identity_schema_version": 0,
          "private": "bnVsbA==",
          "dependencies": [
            "aws_s3_bucket.blog_assets"
          ]
        },
        {
          "index_key": "_next/static/chunks/polyfills-42372ed130431b0a.js",
          "schema_version": 0,
          "attributes": {
            "acl": null,
            "arn": "arn:aws:s3:::gisblog-assets/_next/static/chunks/polyfills-42372ed130431b0a.js",
            "bucket": "gisblog-assets",
            "bucket_key_enabled": false,
            "cache_control": "public, max-age=31536000, immutable",
            "checksum_algorithm": null,
            "checksum_crc32": "",
            "checksum_crc32c": "",
            "checksum_crc64nvme": "",
            "checksum_sha1": "",
            "checksum_sha256": "",
            "content": null,
            "content_base64": null,
            "content_disposition": "",
            "content_encoding": "",
            "content_language": "",
            "content_type": "application/javascript",
            "etag": "846118c33b2c0e922d7b3a7676f81f6f",
            "force_destroy": false,
            "id": "_next/static/chunks/polyfills-42372ed130431b0a.js",
            "key": "_next/static/chunks/polyfills-42372ed130431b0a.js",
            "kms_key_id": null,
            "metadata": null,
            "object_lock_legal_hold_status": "",
            "object_lock_mode": "",
            "object_lock_retain_until_date": "",
            "override_provider": [],
            "server_side_encryption": "AES256",
            "source": "../.open-next/assets/_next/static/chunks/polyfills-42372ed130431b0a.js",
            "source_hash": null,
            "storage_class": "STANDARD",
            "tags": null,
            "tags_all": {},
            "version_id": "",
            "website_redirect": ""
          },
          "sensitive_attributes": [],
          "identity_schema_version": 0,
          "private": "bnVsbA==",
          "dependencies": [
            "aws_s3_bucket.blog_assets"
          ]
        },
        {
          "index_key": "_next/static/chunks/webpack-feff315c1eea8c21.js",
          "schema_version": 0,
          "attributes": {
            "acl": null,
            "arn": "arn:aws:s3:::gisblog-assets/_next/static/chunks/webpack-feff315c1eea8c21.js",
            "bucket": "gisblog-assets",
            "bucket_key_enabled": false,
            "cache_control": "public, max-age=31536000, immutable",
            "checksum_algorithm": null,
            "checksum_crc32": "",
            "checksum_crc32c": "",
            "checksum_crc64nvme": "",
            "checksum_sha1": "",
            "checksum_sha256": "",
            "content": null,
            "content_base64": null,
            "content_disposition": "",
            "content_encoding": "",
            "content_language": "",
            "content_type": "application/javascript",
            "etag": "d3b6eefae95cc5d8b35d0851e805447b",
            "force_destroy": false,
            "id": "_next/static/chunks/webpack-feff315c1eea8c21.js",
            "key": "_next/static/chunks/webpack-feff315c1eea8c21.js",
            "kms_key_id": null,
            "metadata": null,
            "object_lock_legal_hold_status": "",
            "object_lock_mode": "",
            "object_lock_retain_until_date": "",
            "override_provider": [],
            "server_side_encryption": "AES256",
            "source": "../.open-next/assets/_next/static/chunks/webpack-feff315c1eea8c21.js",
            "source_hash": null,
            "storage_class": "STANDARD",
            "tags": null,
            "tags_all": {},
            "version_id": "",
            "website_redirect": ""
          },
          "sensitive_attributes": [],
          "identity_schema_version": 0,
          "private": "bnVsbA==",
          "dependencies": [
            "aws_s3_bucket.blog_assets"
          ]
        },
        {
          "index_key": "_next/static/css/106ee3b5177f6da6.css",
          "schema_version": 0,
          "attributes": {
            "acl": null,
            "arn": "arn:aws:s3:::gisblog-assets/_next/static/css/106ee3b5177f6da6.css",
            "bucket": "gisblog-assets",
            "bucket_key_enabled": false,
            "cache_control": "public, max-age=31536000, immutable",
            "checksum_algorithm": null,
            "checksum_crc32": "",
            "checksum_crc32c": "",
            "checksum_crc64nvme": "",
            "checksum_sha1": "",
            "checksum_sha256": "",
            "content": null,
            "content_base64": null,
            "content_disposition": "",
            "content_encoding": "",
            "content_language": "",
            "content_type": "text/css",
            "etag": "ea8df34702040e55339d2449a76c5916",
            "force_destroy": false,
            "id": "_next/static/css/106ee3b5177f6da6.css",
            "key": "_next/static/css/106ee3b5177f6da6.css",
            "kms_key_id": null,
            "metadata": null,
            "object_lock_legal_hold_status": "",
            "object_lock_mode": "",
            "object_lock_retain_until_date": "",
            "override_provider": [],
            "server_side_encryption": "AES256",
            "source": "../.open-next/assets/_next/static/css/106ee3b5177f6da6.css",
            "source_hash": null,
            "storage_class": "STANDARD",
            "tags": null,
            "tags_all": {},
            "version_id": "",
            "website_redirect": ""
          },
          "sensitive_attributes": [],
          "identity_schema_version": 0,
          "private": "bnVsbA==",
          "dependencies": [
            "aws_s3_bucket.blog_assets"
          ]
        },
        {
          "index_key": "_next/static/css/ad7208f0106eef54.css",
          "schema_version": 0,
          "attributes": {
            "acl": null,
            "arn": "arn:aws:s3:::gisblog-assets/_next/static/css/ad7208f0106eef54.css",
            "bucket": "gisblog-assets",
            "bucket_key_enabled": false,
            "cache_control": "public, max-age=31536000, immutable",
            "checksum_algorithm": null,
            "checksum_crc32": "",
            "checksum_crc32c": "",
            "checksum_crc64nvme": "",
            "checksum_sha1": "",
            "checksum_sha256": "",
            "content": null,
            "content_base64": null,
            "content_disposition": "",
            "content_encoding": "",
            "content_language": "",
            "content_type": "text/css",
            "etag": "82161308b28cef8101841af8e91c68fe",
            "force_destroy": false,
            "id": "_next/static/css/ad7208f0106eef54.css",
            "key": "_next/static/css/ad7208f0106eef54.css",
            "kms_key_id": null,
            "metadata": null,
            "object_lock_legal_hold_status": "",
            "object_lock_mode": "",
            "object_lock_retain_until_date": "",
            "override_provider": [],
            "server_side_encryption": "AES256",
            "source": "../.open-next/assets/_next/static/css/ad7208f0106eef54.css",
            "source_hash": null,
            "storage_class": "STANDARD",
            "tags": null,
            "tags_all": {},
            "version_id": "",
            "website_redirect": ""
          },
          "sensitive_attributes": [],
          "identity_schema_version": 0,
          "private": "bnVsbA==",
          "dependencies": [
            "aws_s3_bucket.blog_assets"
          ]
        },
        {
          "index_key": "ab3.jpeg",
          "schema_version": 0,
          "attributes": {
            "acl": null,
            "arn": "arn:aws:s3:::gisblog-assets/ab3.jpeg",
            "bucket": "gisblog-assets",
            "bucket_key_enabled": false,
            "cache_control": "public, max-age=0, must-revalidate",
            "checksum_algorithm": null,
            "checksum_crc32": "",
            "checksum_crc32c": "",
            "checksum_crc64nvme": "",
            "checksum_sha1": "",
            "checksum_sha256": "",
            "content": null,
            "content_base64": null,
            "content_disposition": "",
            "content_encoding": "",
            "content_language": "",
            "content_type": "image/jpeg",
            "etag": "aa807b9889b0f5beca77eda7f04a3a33",
            "force_destroy": false,
            "id": "ab3.jpeg",
            "key": "ab3.jpeg",
            "kms_key_id": null,
            "metadata": null,
            "object_lock_legal_hold_status": "",
            "object_lock_mode": "",
            "object_lock_retain_until_date": "",
            "override_provider": [],
            "server_side_encryption": "AES256",
            "source": "../.open-next/assets/ab3.jpeg",
            "source_hash": null,
            "storage_class": "STANDARD",
            "tags": null,
            "tags_all": {},
            "version_id": "",
            "website_redirect": ""
          },
          "sensitive_attributes": [],
          "identity_schema_version": 0,
          "private": "bnVsbA==",
          "dependencies": [
            "aws_s3_bucket.blog_assets"
          ]
        },
        {
          "index_key": "ab4.jpg",
          "schema_version": 0,
          "attributes": {
            "acl": null,
            "arn": "arn:aws:s3:::gisblog-assets/ab4.jpg",
            "bucket": "gisblog-assets",
            "bucket_key_enabled": false,
            "cache_control": "public, max-age=0, must-revalidate",
            "checksum_algorithm": null,
            "checksum_crc32": "",
            "checksum_crc32c": "",
            "checksum_crc64nvme": "",
            "checksum_sha1": "",
            "checksum_sha256": "",
            "content": null,
            "content_base64": null,
            "content_disposition": "",
            "content_encoding": "",
            "content_language": "",
            "content_type": "image/jpeg",
            "etag": "b077fc75fabb40d89b03d0272d3ecfac",
            "force_destroy": false,
            "id": "ab4.jpg",
            "key": "ab4.jpg",
            "kms_key_id": null,
            "metadata": null,
            "object_lock_legal_hold_status": "",
            "object_lock_mode": "",
            "object_lock_retain_until_date": "",
            "override_provider": [],
            "server_side_encryption": "AES256",
            "source": "../.open-next/assets/ab4.jpg",
            "source_hash": null,
            "storage_class": "STANDARD",
            "tags": null,
            "tags_all": {},
            "version_id": "",
            "website_redirect": ""
          },
          "sensitive_attributes": [],
          "identity_schema_version": 0,
          "private": "bnVsbA==",
          "dependencies": [
            "aws_s3_bucket.blog_assets"
          ]
        },
        {
          "index_key": "favicon.ico",
          "schema_version": 0,
          "attributes": {
            "acl": null,
            "arn": "arn:aws:s3:::gisblog-assets/favicon.ico",
            "bucket": "gisblog-assets",
            "bucket_key_enabled": false,
            "cache_control": "public, max-age=0, must-revalidate",
            "checksum_algorithm": null,
            "checksum_crc32": "",
            "checksum_crc32c": "",
            "checksum_crc64nvme": "",
            "checksum_sha1": "",
            "checksum_sha256": "",
            "content": null,
            "content_base64": null,
            "content_disposition": "",
            "content_encoding": "",
            "content_language": "",
            "content_type": "image/x-icon",
            "etag": "7f98bbc43ba0d1dbf3564adf0821a304",
            "force_destroy": false,
            "id": "favicon.ico",
            "key": "favicon.ico",
            "kms_key_id": null,
            "metadata": null,
            "object_lock_legal_hold_status": "",
            "object_lock_mode": "",
            "object_lock_retain_until_date": "",
            "override_provider": [],
            "server_side_encryption": "AES256",
            "source": "../.open-next/assets/favicon.ico",
            "source_hash": null,
            "storage_class": "STANDARD",
            "tags": null,
            "tags_all": {},
            "version_id": "",
            "website_redirect": ""
          },
          "sensitive_attributes": [],
          "identity_schema_version": 0,
          "private": "bnVsbA==",
          "dependencies": [
            "aws_s3_bucket.blog_assets"
          ]
        },
        {
          "index_key": "i18n/en/common.json",
          "schema_version": 0,
          "attributes": {
            "acl": null,
            "arn": "arn:aws:s3:::gisblog-assets/i18n/en/common.json",
            "bucket": "gisblog-assets",
            "bucket_key_enabled": false,
            "cache_control": "public, max-age=0, must-revalidate",
            "checksum_algorithm": null,
            "checksum_crc32": "",
            "checksum_crc32c": "",
            "checksum_crc64nvme": "",
            "checksum_sha1": "",
            "checksum_sha256": "",
            "content": null,
            "content_base64": null,
            "content_disposition": "",
            "content_encoding": "",
            "content_language": "",
            "content_type": "application/json",
            "etag": "6817dd95193e2794d06eead89646e7d0",
            "force_destroy": false,
            "id": "i18n/en/common.json",
            "key": "i18n/en/common.json",
            "kms_key_id": null,
            "metadata": null,
            "object_lock_legal_hold_status": "",
            "object_lock_mode": "",
            "object_lock_retain_until_date": "",
            "override_provider": [],
            "server_side_encryption": "AES256",
            "source": "../.open-next/assets/i18n/en/common.json",
            "source_hash": null,
            "storage_class": "STANDARD",
            "tags": null,
            "tags_all": {},
            "version_id": "",
            "website_redirect": ""
          },
          "sensitive_attributes": [],
          "identity_schema_version": 0,
          "private": "bnVsbA==",
          "dependencies": [
            "aws_s3_bucket.blog_assets"
          ]
        },
        {
          "index_key": "i18n/fr/common.json",
          "schema_version": 0,
          "attributes": {
            "acl": null,
            "arn": "arn:aws:s3:::gisblog-assets/i18n/fr/common.json",
            "bucket": "gisblog-assets",
            "bucket_key_enabled": false,
            "cache_control": "public, max-age=0, must-revalidate",
            "checksum_algorithm": null,
            "checksum_crc32": "",
            "checksum_crc32c": "",
            "checksum_crc64nvme": "",
            "checksum_sha1": "",
            "checksum_sha256": "",
            "content": null,
            "content_base64": null,
            "content_disposition": "",
            "content_encoding": "",
            "content_language": "",
            "content_type": "application/json",
            "etag": "2091be398f465a83506dd55e7ffc0a4c",
            "force_destroy": false,
            "id": "i18n/fr/common.json",
            "key": "i18n/fr/common.json",
            "kms_key_id": null,
            "metadata": null,
            "object_lock_legal_hold_status": "",
            "object_lock_mode": "",
            "object_lock_retain_until_date": "",
            "override_provider": [],
            "server_side_encryption": "AES256",
            "source": "../.open-next/assets/i18n/fr/common.json",
            "source_hash": null,
            "storage_class": "STANDARD",
            "tags": null,
            "tags_all": {},
            "version_id": "",
            "website_redirect": ""
          },
          "sensitive_attributes": [],
          "identity_schema_version": 0,
          "private": "bnVsbA==",
          "dependencies": [
            "aws_s3_bucket.blog_assets"
          ]
        }
      ]
    },
    {
      "mode": "managed",
      "type": "null_resource",
      "name": "blog_assets_invalidation",
      "provider": "provider[\"registry.terraform.io/hashicorp/null\"]",
      "instances": [
        {
          "schema_version": 0,
          "attributes": {
            "id": "4571982138158465297",
            "triggers": {
              "assets_hash": "07d7fbaef836c60fa5323135279ad172"
            }
          },
          "sensitive_attributes": [],
          "identity_schema_version": 0,
          "dependencies": [
            "aws_cloudfront_distribution.blog_cdn",
            "aws_cloudfront_origin_access_control.blog_oac",
            "aws_iam_role.lambda_role",
            "aws_lambda_function.blog_server",
            "aws_lambda_function_url.blog_server_url",
            "aws_s3_bucket.blog_assets",
            "aws_s3_bucket.blog_cache",
            "data.archive_file.server_function_zip",
            "null_resource.prepare_lambda_source"
          ]
        }
      ]
    },
    {
      "mode": "managed",
      "type": "null_resource",
      "name": "prepare_lambda_source",
      "provider": "provider[\"registry.terraform.io/hashicorp/null\"]",
      "instances": [
        {
          "schema_version": 0,
          "attributes": {
            "id": "6096853981170332517",
            "triggers": {
              "assets_hash": "07d7fbaef836c60fa5323135279ad172"
            }
          },
          "sensitive_attributes": [],
          "identity_schema_version": 0
        }
      ]
    },
    {
      "mode": "managed",
      "type": "random_id",
      "name": "bucket_suffix",
      "provider": "provider[\"registry.terraform.io/hashicorp/random\"]",
      "instances": [
        {
          "schema_version": 0,
          "attributes": {
            "b64_std": "dYUjvG79fl4=",
            "b64_url": "dYUjvG79fl4",
            "byte_length": 8,
            "dec": "8468213966563016286",
            "hex": "758523bc6efd7e5e",
            "id": "dYUjvG79fl4",
            "keepers": null,
            "prefix": null
          },
          "sensitive_attributes": [],
          "identity_schema_version": 0,
          "private": "bnVsbA=="
        }
      ]
    }
  ],
  "check_results": null
}
