{
  "version": 4,
  "terraform_version": "1.12.2",
  "serial": 115,
  "lineage": "29bd4e66-27a3-b966-c6b4-569561663b73",
  "outputs": {
    "cache_bucket_name": {
      "value": "gisblog-cache",
      "type": "string"
    },
    "cloudfront_url": {
      "value": "https://d2e51vymg6rz8p.cloudfront.net",
      "type": "string"
    },
    "image_optimization_lambda_arn": {
      "value": "arn:aws:lambda:eu-central-1:571075516563:function:gisblog-image-optimization",
      "type": "string"
    },
    "lambda_arn": {
      "value": "arn:aws:lambda:eu-central-1:571075516563:function:gisblog-server",
      "type": "string"
    },
    "lambda_url": {
      "value": "https://4nddupnumpmetbfyzuph4ujx4i0mrjem.lambda-url.eu-central-1.on.aws/",
      "type": "string"
    },
    "s3_bucket": {
      "value": "gisblog-assets",
      "type": "string"
    }
  },
  "resources": [
    {
      "mode": "data",
      "type": "archive_file",
      "name": "image_optimization_zip",
      "provider": "provider[\"registry.terraform.io/hashicorp/archive\"]",
      "instances": [
        {
          "schema_version": 0,
          "attributes": {
            "exclude_symlink_directories": null,
            "excludes": null,
            "id": "bbc0dfb9fefe8d0630dc7401b6b83377a90b17d5",
            "output_base64sha256": "rB093zqvsqIK8ECCKugbOCDL+mEn7NATqZzIhmJrVwo=",
            "output_base64sha512": "yUMSQBLdYTyprdLRlkZvnQeedpwnBDa3aP6+Tu0awz5ODK0zGkcqyNnLK5icW2eZPpb39gnBhGyFHPzXr06rVQ==",
            "output_file_mode": null,
            "output_md5": "b6628afba88ed2f5f8289c9f263bf103",
            "output_path": "../image-optimization-function.zip",
            "output_sha": "bbc0dfb9fefe8d0630dc7401b6b83377a90b17d5",
            "output_sha256": "ac1d3ddf3aafb2a20af040822ae81b3820cbfa6127ecd013a99cc886626b570a",
            "output_sha512": "c943124012dd613ca9add2d196466f9d079e769c270436b768febe4eed1ac33e4e0cad331a472ac8d9cb2b989c5b67993e96f7f609c1846c851cfcd7af4eab55",
            "output_size": 11259706,
            "source": [],
            "source_content": null,
            "source_content_filename": null,
            "source_dir": "../.open-next/image-optimization-function",
            "source_file": null,
            "type": "zip"
          },
          "sensitive_attributes": [],
          "identity_schema_version": 0
        }
      ]
    },
    {
      "mode": "data",
      "type": "archive_file",
      "name": "server_function_zip",
      "provider": "provider[\"registry.terraform.io/hashicorp/archive\"]",
      "instances": [
        {
          "schema_version": 0,
          "attributes": {
            "exclude_symlink_directories": null,
            "excludes": null,
            "id": "80b4e19c279280b5dea7aa218575782cdded1aea",
            "output_base64sha256": "4v5i6T53hrFFz5ofJZ1uCiVL0Q5FtwX9gDbuzhsdNlw=",
            "output_base64sha512": "1hZSiIS/cROULznSYfPb/yTdZg7ccYb49u6uF41b6OywxpT8WaPcB/LZKssj7CApJ+YQZE4oUfegSC/W0k2Uqg==",
            "output_file_mode": null,
            "output_md5": "f5cdd1a4e3411c11de63a85daba68a6c",
            "output_path": "../server-functions.zip",
            "output_sha": "80b4e19c279280b5dea7aa218575782cdded1aea",
            "output_sha256": "e2fe62e93e7786b145cf9a1f259d6e0a254bd10e45b705fd8036eece1b1d365c",
            "output_sha512": "d616528884bf7113942f39d261f3dbff24dd660edc7186f8f6eeae178d5be8ecb0c694fc59a3dc07f2d92acb23ec202927e610644e2851f7a0482fd6d24d94aa",
            "output_size": 18840868,
            "source": [],
            "source_content": null,
            "source_content_filename": null,
            "source_dir": "../.open-next/server-functions/default",
            "source_file": null,
            "type": "zip"
          },
          "sensitive_attributes": [],
          "identity_schema_version": 0
        }
      ]
    },
    {
      "mode": "data",
      "type": "aws_cloudfront_cache_policy",
      "name": "caching_disabled",
      "provider": "provider[\"registry.terraform.io/hashicorp/aws\"]",
      "instances": [
        {
          "schema_version": 0,
          "attributes": {
            "arn": "arn:aws:cloudfront::571075516563:cache-policy/4135ea2d-6df8-44a3-9df3-4b5a84be39ad",
            "comment": "Policy with caching disabled",
            "default_ttl": 0,
            "etag": "E23ZP02F085DFQ",
            "id": "4135ea2d-6df8-44a3-9df3-4b5a84be39ad",
            "max_ttl": 0,
            "min_ttl": 0,
            "name": "Managed-CachingDisabled",
            "parameters_in_cache_key_and_forwarded_to_origin": [
              {
                "cookies_config": [
                  {
                    "cookie_behavior": "none",
                    "cookies": []
                  }
                ],
                "enable_accept_encoding_brotli": false,
                "enable_accept_encoding_gzip": false,
                "headers_config": [
                  {
                    "header_behavior": "none",
                    "headers": []
                  }
                ],
                "query_strings_config": [
                  {
                    "query_string_behavior": "none",
                    "query_strings": []
                  }
                ]
              }
            ]
          },
          "sensitive_attributes": [],
          "identity_schema_version": 0
        }
      ]
    },
    {
      "mode": "data",
      "type": "aws_cloudfront_cache_policy",
      "name": "caching_optimized",
      "provider": "provider[\"registry.terraform.io/hashicorp/aws\"]",
      "instances": [
        {
          "schema_version": 0,
          "attributes": {
            "arn": "arn:aws:cloudfront::571075516563:cache-policy/658327ea-f89d-4fab-a63d-7e88639e58f6",
            "comment": "Policy with caching enabled. Supports Gzip and Brotli compression.",
            "default_ttl": 86400,
            "etag": "E23ZP02F085DFQ",
            "id": "658327ea-f89d-4fab-a63d-7e88639e58f6",
            "max_ttl": 31536000,
            "min_ttl": 1,
            "name": "Managed-CachingOptimized",
            "parameters_in_cache_key_and_forwarded_to_origin": [
              {
                "cookies_config": [
                  {
                    "cookie_behavior": "none",
                    "cookies": []
                  }
                ],
                "enable_accept_encoding_brotli": true,
                "enable_accept_encoding_gzip": true,
                "headers_config": [
                  {
                    "header_behavior": "none",
                    "headers": []
                  }
                ],
                "query_strings_config": [
                  {
                    "query_string_behavior": "none",
                    "query_strings": []
                  }
                ]
              }
            ]
          },
          "sensitive_attributes": [],
          "identity_schema_version": 0
        }
      ]
    },
    {
      "mode": "managed",
      "type": "aws_cloudfront_cache_policy",
      "name": "image_optimization_policy",
      "provider": "provider[\"registry.terraform.io/hashicorp/aws\"]",
      "instances": [
        {
          "schema_version": 0,
          "attributes": {
            "arn": "arn:aws:cloudfront::571075516563:cache-policy/a6bc225e-7f24-47f9-a3b5-cc4bd4681bdd",
            "comment": "Cache policy for Next.js Image Optimization",
            "default_ttl": 86400,
            "etag": "E23ZP02F085DFQ",
            "id": "a6bc225e-7f24-47f9-a3b5-cc4bd4681bdd",
            "max_ttl": 31536000,
            "min_ttl": 0,
            "name": "gisblog-image-optimization-policy",
            "parameters_in_cache_key_and_forwarded_to_origin": [
              {
                "cookies_config": [
                  {
                    "cookie_behavior": "none",
                    "cookies": []
                  }
                ],
                "enable_accept_encoding_brotli": true,
                "enable_accept_encoding_gzip": true,
                "headers_config": [
                  {
                    "header_behavior": "whitelist",
                    "headers": [
                      {
                        "items": [
                          "Accept"
                        ]
                      }
                    ]
                  }
                ],
                "query_strings_config": [
                  {
                    "query_string_behavior": "whitelist",
                    "query_strings": [
                      {
                        "items": [
                          "q",
                          "url",
                          "w"
                        ]
                      }
                    ]
                  }
                ]
              }
            ]
          },
          "sensitive_attributes": [],
          "identity_schema_version": 0,
          "private": "bnVsbA=="
        }
      ]
    },
    {
      "mode": "managed",
      "type": "aws_cloudfront_distribution",
      "name": "blog_cdn",
      "provider": "provider[\"registry.terraform.io/hashicorp/aws\"]",
      "instances": [
        {
          "schema_version": 1,
          "attributes": {
            "aliases": null,
            "arn": "arn:aws:cloudfront::571075516563:distribution/E1QYBIN6OHU38I",
            "caller_reference": "terraform-20251001203845380000000002",
            "comment": "blog Next.js App CDN",
            "continuous_deployment_policy_id": "",
            "custom_error_response": [],
            "default_cache_behavior": [
              {
                "allowed_methods": [
                  "DELETE",
                  "GET",
                  "HEAD",
                  "OPTIONS",
                  "PATCH",
                  "POST",
                  "PUT"
                ],
                "cache_policy_id": "4135ea2d-6df8-44a3-9df3-4b5a84be39ad",
                "cached_methods": [
                  "GET",
                  "HEAD",
                  "OPTIONS"
                ],
                "compress": true,
                "default_ttl": 0,
                "field_level_encryption_id": "",
                "forwarded_values": [],
                "function_association": [],
                "grpc_config": [
                  {
                    "enabled": false
                  }
                ],
                "lambda_function_association": [],
                "max_ttl": 0,
                "min_ttl": 0,
                "origin_request_policy_id": "",
                "realtime_log_config_arn": "",
                "response_headers_policy_id": "",
                "smooth_streaming": false,
                "target_origin_id": "lambda-blog-server",
                "trusted_key_groups": [],
                "trusted_signers": [],
                "viewer_protocol_policy": "redirect-to-https"
              }
            ],
            "default_root_object": "",
            "domain_name": "d2e51vymg6rz8p.cloudfront.net",
            "enabled": true,
            "etag": "E2HRDT5N9G336H",
            "hosted_zone_id": "Z2FDTNDATAQYW2",
            "http_version": "http2",
            "id": "E1QYBIN6OHU38I",
            "in_progress_validation_batches": 0,
            "is_ipv6_enabled": true,
            "last_modified_time": "2025-10-01 20:38:46.927 +0000 UTC",
            "logging_config": [],
            "ordered_cache_behavior": [
              {
                "allowed_methods": [
                  "GET",
                  "HEAD",
                  "OPTIONS"
                ],
                "cache_policy_id": "a6bc225e-7f24-47f9-a3b5-cc4bd4681bdd",
                "cached_methods": [
                  "GET",
                  "HEAD",
                  "OPTIONS"
                ],
                "compress": true,
                "default_ttl": 0,
                "field_level_encryption_id": "",
                "forwarded_values": [],
                "function_association": [],
                "grpc_config": [
                  {
                    "enabled": false
                  }
                ],
                "lambda_function_association": [],
                "max_ttl": 0,
                "min_ttl": 0,
                "origin_request_policy_id": "",
                "path_pattern": "_next/image",
                "realtime_log_config_arn": "",
                "response_headers_policy_id": "",
                "smooth_streaming": false,
                "target_origin_id": "lambda-blog-image-optimization",
                "trusted_key_groups": null,
                "trusted_signers": null,
                "viewer_protocol_policy": "redirect-to-https"
              },
              {
                "allowed_methods": [
                  "GET",
                  "HEAD",
                  "OPTIONS"
                ],
                "cache_policy_id": "658327ea-f89d-4fab-a63d-7e88639e58f6",
                "cached_methods": [
                  "GET",
                  "HEAD",
                  "OPTIONS"
                ],
                "compress": true,
                "default_ttl": 0,
                "field_level_encryption_id": "",
                "forwarded_values": [],
                "function_association": [],
                "grpc_config": [
                  {
                    "enabled": false
                  }
                ],
                "lambda_function_association": [],
                "max_ttl": 0,
                "min_ttl": 0,
                "origin_request_policy_id": "",
                "path_pattern": "_next/static/*",
                "realtime_log_config_arn": "",
                "response_headers_policy_id": "",
                "smooth_streaming": false,
                "target_origin_id": "s3-blog-assets",
                "trusted_key_groups": null,
                "trusted_signers": null,
                "viewer_protocol_policy": "redirect-to-https"
              },
              {
                "allowed_methods": [
                  "GET",
                  "HEAD",
                  "OPTIONS"
                ],
                "cache_policy_id": "658327ea-f89d-4fab-a63d-7e88639e58f6",
                "cached_methods": [
                  "GET",
                  "HEAD",
                  "OPTIONS"
                ],
                "compress": true,
                "default_ttl": 0,
                "field_level_encryption_id": "",
                "forwarded_values": [],
                "function_association": [],
                "grpc_config": [
                  {
                    "enabled": false
                  }
                ],
                "lambda_function_association": [],
                "max_ttl": 0,
                "min_ttl": 0,
                "origin_request_policy_id": "",
                "path_pattern": "i18n/*",
                "realtime_log_config_arn": "",
                "response_headers_policy_id": "",
                "smooth_streaming": false,
                "target_origin_id": "s3-blog-assets",
                "trusted_key_groups": null,
                "trusted_signers": null,
                "viewer_protocol_policy": "redirect-to-https"
              },
              {
                "allowed_methods": [
                  "GET",
                  "HEAD",
                  "OPTIONS"
                ],
                "cache_policy_id": "658327ea-f89d-4fab-a63d-7e88639e58f6",
                "cached_methods": [
                  "GET",
                  "HEAD",
                  "OPTIONS"
                ],
                "compress": true,
                "default_ttl": 0,
                "field_level_encryption_id": "",
                "forwarded_values": [],
                "function_association": [],
                "grpc_config": [
                  {
                    "enabled": false
                  }
                ],
                "lambda_function_association": [],
                "max_ttl": 0,
                "min_ttl": 0,
                "origin_request_policy_id": "",
                "path_pattern": "*.png",
                "realtime_log_config_arn": "",
                "response_headers_policy_id": "",
                "smooth_streaming": false,
                "target_origin_id": "s3-blog-assets",
                "trusted_key_groups": null,
                "trusted_signers": null,
                "viewer_protocol_policy": "redirect-to-https"
              },
              {
                "allowed_methods": [
                  "GET",
                  "HEAD",
                  "OPTIONS"
                ],
                "cache_policy_id": "658327ea-f89d-4fab-a63d-7e88639e58f6",
                "cached_methods": [
                  "GET",
                  "HEAD",
                  "OPTIONS"
                ],
                "compress": true,
                "default_ttl": 0,
                "field_level_encryption_id": "",
                "forwarded_values": [],
                "function_association": [],
                "grpc_config": [
                  {
                    "enabled": false
                  }
                ],
                "lambda_function_association": [],
                "max_ttl": 0,
                "min_ttl": 0,
                "origin_request_policy_id": "",
                "path_pattern": "*.jpg",
                "realtime_log_config_arn": "",
                "response_headers_policy_id": "",
                "smooth_streaming": false,
                "target_origin_id": "s3-blog-assets",
                "trusted_key_groups": null,
                "trusted_signers": null,
                "viewer_protocol_policy": "redirect-to-https"
              },
              {
                "allowed_methods": [
                  "GET",
                  "HEAD",
                  "OPTIONS"
                ],
                "cache_policy_id": "658327ea-f89d-4fab-a63d-7e88639e58f6",
                "cached_methods": [
                  "GET",
                  "HEAD",
                  "OPTIONS"
                ],
                "compress": true,
                "default_ttl": 0,
                "field_level_encryption_id": "",
                "forwarded_values": [],
                "function_association": [],
                "grpc_config": [
                  {
                    "enabled": false
                  }
                ],
                "lambda_function_association": [],
                "max_ttl": 0,
                "min_ttl": 0,
                "origin_request_policy_id": "",
                "path_pattern": "*.jpeg",
                "realtime_log_config_arn": "",
                "response_headers_policy_id": "",
                "smooth_streaming": false,
                "target_origin_id": "s3-blog-assets",
                "trusted_key_groups": null,
                "trusted_signers": null,
                "viewer_protocol_policy": "redirect-to-https"
              },
              {
                "allowed_methods": [
                  "GET",
                  "HEAD",
                  "OPTIONS"
                ],
                "cache_policy_id": "658327ea-f89d-4fab-a63d-7e88639e58f6",
                "cached_methods": [
                  "GET",
                  "HEAD",
                  "OPTIONS"
                ],
                "compress": true,
                "default_ttl": 0,
                "field_level_encryption_id": "",
                "forwarded_values": [],
                "function_association": [],
                "grpc_config": [
                  {
                    "enabled": false
                  }
                ],
                "lambda_function_association": [],
                "max_ttl": 0,
                "min_ttl": 0,
                "origin_request_policy_id": "",
                "path_pattern": "*.ico",
                "realtime_log_config_arn": "",
                "response_headers_policy_id": "",
                "smooth_streaming": false,
                "target_origin_id": "s3-blog-assets",
                "trusted_key_groups": null,
                "trusted_signers": null,
                "viewer_protocol_policy": "redirect-to-https"
              },
              {
                "allowed_methods": [
                  "GET",
                  "HEAD",
                  "OPTIONS"
                ],
                "cache_policy_id": "658327ea-f89d-4fab-a63d-7e88639e58f6",
                "cached_methods": [
                  "GET",
                  "HEAD",
                  "OPTIONS"
                ],
                "compress": true,
                "default_ttl": 0,
                "field_level_encryption_id": "",
                "forwarded_values": [],
                "function_association": [],
                "grpc_config": [
                  {
                    "enabled": false
                  }
                ],
                "lambda_function_association": [],
                "max_ttl": 0,
                "min_ttl": 0,
                "origin_request_policy_id": "",
                "path_pattern": "*.svg",
                "realtime_log_config_arn": "",
                "response_headers_policy_id": "",
                "smooth_streaming": false,
                "target_origin_id": "s3-blog-assets",
                "trusted_key_groups": null,
                "trusted_signers": null,
                "viewer_protocol_policy": "redirect-to-https"
              },
              {
                "allowed_methods": [
                  "GET",
                  "HEAD",
                  "OPTIONS"
                ],
                "cache_policy_id": "658327ea-f89d-4fab-a63d-7e88639e58f6",
                "cached_methods": [
                  "GET",
                  "HEAD",
                  "OPTIONS"
                ],
                "compress": true,
                "default_ttl": 0,
                "field_level_encryption_id": "",
                "forwarded_values": [],
                "function_association": [],
                "grpc_config": [
                  {
                    "enabled": false
                  }
                ],
                "lambda_function_association": [],
                "max_ttl": 0,
                "min_ttl": 0,
                "origin_request_policy_id": "",
                "path_pattern": "*.webp",
                "realtime_log_config_arn": "",
                "response_headers_policy_id": "",
                "smooth_streaming": false,
                "target_origin_id": "s3-blog-assets",
                "trusted_key_groups": null,
                "trusted_signers": null,
                "viewer_protocol_policy": "redirect-to-https"
              },
              {
                "allowed_methods": [
                  "GET",
                  "HEAD",
                  "OPTIONS"
                ],
                "cache_policy_id": "658327ea-f89d-4fab-a63d-7e88639e58f6",
                "cached_methods": [
                  "GET",
                  "HEAD",
                  "OPTIONS"
                ],
                "compress": true,
                "default_ttl": 0,
                "field_level_encryption_id": "",
                "forwarded_values": [],
                "function_association": [],
                "grpc_config": [
                  {
                    "enabled": false
                  }
                ],
                "lambda_function_association": [],
                "max_ttl": 0,
                "min_ttl": 0,
                "origin_request_policy_id": "",
                "path_pattern": "*.gif",
                "realtime_log_config_arn": "",
                "response_headers_policy_id": "",
                "smooth_streaming": false,
                "target_origin_id": "s3-blog-assets",
                "trusted_key_groups": null,
                "trusted_signers": null,
                "viewer_protocol_policy": "redirect-to-https"
              }
            ],
            "origin": [
              {
                "connection_attempts": 3,
                "connection_timeout": 10,
                "custom_header": [],
                "custom_origin_config": [
                  {
                    "http_port": 443,
                    "https_port": 443,
                    "origin_keepalive_timeout": 5,
                    "origin_protocol_policy": "https-only",
                    "origin_read_timeout": 30,
                    "origin_ssl_protocols": [
                      "TLSv1.2"
                    ]
                  }
                ],
                "domain_name": "4nddupnumpmetbfyzuph4ujx4i0mrjem.lambda-url.eu-central-1.on.aws",
                "origin_access_control_id": "",
                "origin_id": "lambda-blog-server",
                "origin_path": "",
                "origin_shield": [],
                "s3_origin_config": [],
                "vpc_origin_config": []
              },
              {
                "connection_attempts": 3,
                "connection_timeout": 10,
                "custom_header": [],
                "custom_origin_config": [
                  {
                    "http_port": 443,
                    "https_port": 443,
                    "origin_keepalive_timeout": 5,
                    "origin_protocol_policy": "https-only",
                    "origin_read_timeout": 30,
                    "origin_ssl_protocols": [
                      "TLSv1.2"
                    ]
                  }
                ],
                "domain_name": "5pn2cpiyara6m64cblz77kr2xm0omjmu.lambda-url.eu-central-1.on.aws",
                "origin_access_control_id": "",
                "origin_id": "lambda-blog-image-optimization",
                "origin_path": "",
                "origin_shield": [],
                "s3_origin_config": [],
                "vpc_origin_config": []
              },
              {
                "connection_attempts": 3,
                "connection_timeout": 10,
                "custom_header": [],
                "custom_origin_config": [],
                "domain_name": "gisblog-assets.s3.eu-central-1.amazonaws.com",
                "origin_access_control_id": "EYP4TH64E66SS",
                "origin_id": "s3-blog-assets",
                "origin_path": "",
                "origin_shield": [],
                "s3_origin_config": [],
                "vpc_origin_config": []
              }
            ],
            "origin_group": [],
            "price_class": "PriceClass_All",
            "restrictions": [
              {
                "geo_restriction": [
                  {
                    "locations": [],
                    "restriction_type": "none"
                  }
                ]
              }
            ],
            "retain_on_delete": false,
            "staging": false,
            "status": "Deployed",
            "tags": null,
            "tags_all": {},
            "trusted_key_groups": [
              {
                "enabled": false,
                "items": []
              }
            ],
            "trusted_signers": [
              {
                "enabled": false,
                "items": []
              }
            ],
            "viewer_certificate": [
              {
                "acm_certificate_arn": "",
                "cloudfront_default_certificate": true,
                "iam_certificate_id": "",
                "minimum_protocol_version": "TLSv1",
                "ssl_support_method": ""
              }
            ],
            "wait_for_deployment": true,
            "web_acl_id": ""
          },
          "sensitive_attributes": [],
          "identity_schema_version": 0,
          "private": "eyJzY2hlbWFfdmVyc2lvbiI6IjEifQ==",
          "dependencies": [
            "aws_cloudfront_cache_policy.image_optimization_policy",
            "aws_cloudfront_origin_access_control.blog_oac",
            "aws_iam_role.lambda_role",
            "aws_lambda_function.blog_image_optimization",
            "aws_lambda_function.blog_server",
            "aws_lambda_function_url.blog_image_optimization_url",
            "aws_lambda_function_url.blog_server_url",
            "aws_s3_bucket.blog_assets",
            "aws_s3_bucket.blog_cache",
            "data.archive_file.image_optimization_zip",
            "data.archive_file.server_function_zip",
            "data.aws_cloudfront_cache_policy.caching_disabled",
            "data.aws_cloudfront_cache_policy.caching_optimized",
            "null_resource.prepare_lambda_source"
          ]
        }
      ]
    },
    {
      "mode": "managed",
      "type": "aws_cloudfront_origin_access_control",
      "name": "blog_oac",
      "provider": "provider[\"registry.terraform.io/hashicorp/aws\"]",
      "instances": [
        {
          "schema_version": 0,
          "attributes": {
            "arn": "arn:aws:cloudfront::571075516563:origin-access-control/EYP4TH64E66SS",
            "description": "OAC for blog Next.js assets bucket",
            "etag": "ETVPDKIKX0DER",
            "id": "EYP4TH64E66SS",
            "name": "gisblog-oac",
            "origin_access_control_origin_type": "s3",
            "signing_behavior": "always",
            "signing_protocol": "sigv4"
          },
          "sensitive_attributes": [],
          "identity_schema_version": 0,
          "private": "bnVsbA=="
        }
      ]
    },
    {
      "mode": "managed",
      "type": "aws_iam_role",
      "name": "lambda_role",
      "provider": "provider[\"registry.terraform.io/hashicorp/aws\"]",
      "instances": [
        {
          "schema_version": 0,
          "attributes": {
            "arn": "arn:aws:iam::571075516563:role/gisblog-lambda-role",
            "assume_role_policy": "{\"Statement\":[{\"Action\":\"sts:AssumeRole\",\"Effect\":\"Allow\",\"Principal\":{\"Service\":\"lambda.amazonaws.com\"}}],\"Version\":\"2012-10-17\"}",
            "create_date": "2025-10-01T20:34:52Z",
            "description": "",
            "force_detach_policies": false,
            "id": "gisblog-lambda-role",
            "inline_policy": [],
            "managed_policy_arns": [],
            "max_session_duration": 3600,
            "name": "gisblog-lambda-role",
            "name_prefix": "",
            "path": "/",
            "permissions_boundary": "",
            "tags": null,
            "tags_all": {},
            "unique_id": "AROAYJ5WA3CJ3IPCJIQSG"
          },
          "sensitive_attributes": [],
          "identity_schema_version": 0,
          "private": "bnVsbA=="
        }
      ]
    },
    {
      "mode": "managed",
      "type": "aws_iam_role_policy",
      "name": "lambda_s3_assets_policy",
      "provider": "provider[\"registry.terraform.io/hashicorp/aws\"]",
      "instances": [
        {
          "schema_version": 0,
          "attributes": {
            "id": "gisblog-lambda-role:gisblog-lambda-s3-assets-policy",
            "name": "gisblog-lambda-s3-assets-policy",
            "name_prefix": "",
            "policy": "{\"Version\":\"2012-10-17\",\"Statement\":[{\"Action\":\"s3:GetObject\",\"Effect\":\"Allow\",\"Resource\":\"arn:aws:s3:::gisblog-assets/*\"}]}",
            "role": "gisblog-lambda-role"
          },
          "sensitive_attributes": [],
          "identity_schema_version": 0,
          "private": "bnVsbA==",
          "dependencies": [
            "aws_iam_role.lambda_role",
            "aws_s3_bucket.blog_assets"
          ]
        }
      ]
    },
    {
      "mode": "managed",
      "type": "aws_iam_role_policy",
      "name": "lambda_s3_cache_policy",
      "provider": "provider[\"registry.terraform.io/hashicorp/aws\"]",
      "instances": [
        {
          "schema_version": 0,
          "attributes": {
            "id": "gisblog-lambda-role:gisblog-lambda-s3-cache-policy",
            "name": "gisblog-lambda-s3-cache-policy",
            "name_prefix": "",
            "policy": "{\"Version\":\"2012-10-17\",\"Statement\":[{\"Action\":[\"s3:GetObject\",\"s3:PutObject\"],\"Effect\":\"Allow\",\"Resource\":\"arn:aws:s3:::gisblog-cache/*\"},{\"Action\":\"s3:ListBucket\",\"Effect\":\"Allow\",\"Resource\":\"arn:aws:s3:::gisblog-cache\"}]}",
            "role": "gisblog-lambda-role"
          },
          "sensitive_attributes": [],
          "identity_schema_version": 0,
          "private": "bnVsbA==",
          "dependencies": [
            "aws_iam_role.lambda_role",
            "aws_s3_bucket.blog_cache"
          ]
        }
      ]
    },
    {
      "mode": "managed",
      "type": "aws_iam_role_policy_attachment",
      "name": "lambda_basic_execution",
      "provider": "provider[\"registry.terraform.io/hashicorp/aws\"]",
      "instances": [
        {
          "schema_version": 0,
          "attributes": {
            "id": "gisblog-lambda-role-20251001203454239200000001",
            "policy_arn": "arn:aws:iam::aws:policy/service-role/AWSLambdaBasicExecutionRole",
            "role": "gisblog-lambda-role"
          },
          "sensitive_attributes": [],
          "identity_schema_version": 0,
          "private": "bnVsbA==",
          "dependencies": [
            "aws_iam_role.lambda_role"
          ]
        }
      ]
    },
    {
      "mode": "managed",
      "type": "aws_lambda_function",
      "name": "blog_image_optimization",
      "provider": "provider[\"registry.terraform.io/hashicorp/aws\"]",
      "instances": [
        {
          "schema_version": 0,
          "attributes": {
            "architectures": [
              "x86_64"
            ],
            "arn": "arn:aws:lambda:eu-central-1:571075516563:function:gisblog-image-optimization",
            "code_sha256": "rB093zqvsqIK8ECCKugbOCDL+mEn7NATqZzIhmJrVwo=",
            "code_signing_config_arn": "",
            "dead_letter_config": [],
            "description": "",
            "environment": [
              {
                "variables": {
                  "S3_BUCKET_NAME": "gisblog-assets"
                }
              }
            ],
            "ephemeral_storage": [
              {
                "size": 512
              }
            ],
            "file_system_config": [],
            "filename": "../image-optimization-function.zip",
            "function_name": "gisblog-image-optimization",
            "handler": "index.handler",
            "id": "gisblog-image-optimization",
            "image_config": [],
            "image_uri": "",
            "invoke_arn": "arn:aws:apigateway:eu-central-1:lambda:path/2015-03-31/functions/arn:aws:lambda:eu-central-1:571075516563:function:gisblog-image-optimization/invocations",
            "kms_key_arn": "",
            "last_modified": "2025-10-01T20:35:47.766+0000",
            "layers": null,
            "logging_config": [
              {
                "application_log_level": "",
                "log_format": "Text",
                "log_group": "/aws/lambda/gisblog-image-optimization",
                "system_log_level": ""
              }
            ],
            "memory_size": 1536,
            "package_type": "Zip",
            "publish": true,
            "qualified_arn": "arn:aws:lambda:eu-central-1:571075516563:function:gisblog-image-optimization:3",
            "qualified_invoke_arn": "arn:aws:apigateway:eu-central-1:lambda:path/2015-03-31/functions/arn:aws:lambda:eu-central-1:571075516563:function:gisblog-image-optimization:3/invocations",
            "replace_security_groups_on_destroy": null,
            "replacement_security_group_ids": null,
            "reserved_concurrent_executions": -1,
            "role": "arn:aws:iam::571075516563:role/gisblog-lambda-role",
            "runtime": "nodejs20.x",
            "s3_bucket": null,
            "s3_key": null,
            "s3_object_version": null,
            "signing_job_arn": "",
            "signing_profile_version_arn": "",
            "skip_destroy": false,
            "snap_start": [],
            "source_code_hash": "rB093zqvsqIK8ECCKugbOCDL+mEn7NATqZzIhmJrVwo=",
            "source_code_size": 11259706,
            "tags": null,
            "tags_all": {},
            "timeout": 25,
            "timeouts": null,
            "tracing_config": [
              {
                "mode": "PassThrough"
              }
            ],
            "version": "3",
            "vpc_config": []
          },
          "sensitive_attributes": [],
          "identity_schema_version": 0,
          "private": "eyJlMmJmYjczMC1lY2FhLTExZTYtOGY4OC0zNDM2M2JjN2M0YzAiOnsiY3JlYXRlIjo2MDAwMDAwMDAwMDAsImRlbGV0ZSI6NjAwMDAwMDAwMDAwLCJ1cGRhdGUiOjYwMDAwMDAwMDAwMH19",
          "dependencies": [
            "aws_iam_role.lambda_role",
            "aws_s3_bucket.blog_assets",
            "data.archive_file.image_optimization_zip"
          ]
        }
      ]
    },
    {
      "mode": "managed",
      "type": "aws_lambda_function",
      "name": "blog_server",
      "provider": "provider[\"registry.terraform.io/hashicorp/aws\"]",
      "instances": [
        {
          "schema_version": 0,
          "attributes": {
            "architectures": [
              "x86_64"
            ],
            "arn": "arn:aws:lambda:eu-central-1:571075516563:function:gisblog-server",
            "code_sha256": "4v5i6T53hrFFz5ofJZ1uCiVL0Q5FtwX9gDbuzhsdNlw=",
            "code_signing_config_arn": "",
            "dead_letter_config": [],
            "description": "",
            "environment": [
              {
                "variables": {
                  "CACHE_BUCKET_NAME": "gisblog-cache",
                  "CACHE_BUCKET_REGION": "eu-central-1",
                  "NODE_ENV": "production"
                }
              }
            ],
            "ephemeral_storage": [
              {
                "size": 512
              }
            ],
            "file_system_config": [],
            "filename": "../server-functions.zip",
            "function_name": "gisblog-server",
            "handler": "index.handler",
            "id": "gisblog-server",
            "image_config": [],
            "image_uri": "",
            "invoke_arn": "arn:aws:apigateway:eu-central-1:lambda:path/2015-03-31/functions/arn:aws:lambda:eu-central-1:571075516563:function:gisblog-server/invocations",
            "kms_key_arn": "",
            "last_modified": "2025-10-01T20:38:36.780+0000",
            "layers": null,
            "logging_config": [
              {
                "application_log_level": "",
                "log_format": "Text",
                "log_group": "/aws/lambda/gisblog-server",
                "system_log_level": ""
              }
            ],
            "memory_size": 1024,
            "package_type": "Zip",
            "publish": true,
            "qualified_arn": "arn:aws:lambda:eu-central-1:571075516563:function:gisblog-server:7",
            "qualified_invoke_arn": "arn:aws:apigateway:eu-central-1:lambda:path/2015-03-31/functions/arn:aws:lambda:eu-central-1:571075516563:function:gisblog-server:7/invocations",
            "replace_security_groups_on_destroy": null,
            "replacement_security_group_ids": null,
            "reserved_concurrent_executions": -1,
            "role": "arn:aws:iam::571075516563:role/gisblog-lambda-role",
            "runtime": "nodejs20.x",
            "s3_bucket": null,
            "s3_key": null,
            "s3_object_version": null,
            "signing_job_arn": "",
            "signing_profile_version_arn": "",
            "skip_destroy": false,
            "snap_start": [],
            "source_code_hash": "4v5i6T53hrFFz5ofJZ1uCiVL0Q5FtwX9gDbuzhsdNlw=",
            "source_code_size": 18840868,
            "tags": null,
            "tags_all": {},
            "timeout": 30,
            "timeouts": null,
            "tracing_config": [
              {
                "mode": "PassThrough"
              }
            ],
            "version": "7",
            "vpc_config": []
          },
          "sensitive_attributes": [],
          "identity_schema_version": 0,
          "private": "eyJlMmJmYjczMC1lY2FhLTExZTYtOGY4OC0zNDM2M2JjN2M0YzAiOnsiY3JlYXRlIjo2MDAwMDAwMDAwMDAsImRlbGV0ZSI6NjAwMDAwMDAwMDAwLCJ1cGRhdGUiOjYwMDAwMDAwMDAwMH19",
          "dependencies": [
            "aws_iam_role.lambda_role",
            "aws_s3_bucket.blog_cache",
            "data.archive_file.server_function_zip",
            "null_resource.prepare_lambda_source"
          ]
        }
      ]
    },
    {
      "mode": "managed",
      "type": "aws_lambda_function_url",
      "name": "blog_image_optimization_url",
      "provider": "provider[\"registry.terraform.io/hashicorp/aws\"]",
      "instances": [
        {
          "schema_version": 0,
          "attributes": {
            "authorization_type": "NONE",
            "cors": [],
            "function_arn": "arn:aws:lambda:eu-central-1:571075516563:function:gisblog-image-optimization",
            "function_name": "gisblog-image-optimization",
            "function_url": "https://5pn2cpiyara6m64cblz77kr2xm0omjmu.lambda-url.eu-central-1.on.aws/",
            "id": "gisblog-image-optimization",
            "invoke_mode": "BUFFERED",
            "qualifier": "",
            "timeouts": null,
            "url_id": "5pn2cpiyara6m64cblz77kr2xm0omjmu"
          },
          "sensitive_attributes": [],
          "identity_schema_version": 0,
          "private": "eyJlMmJmYjczMC1lY2FhLTExZTYtOGY4OC0zNDM2M2JjN2M0YzAiOnsiY3JlYXRlIjo2MDAwMDAwMDAwMDB9fQ==",
          "dependencies": [
            "aws_iam_role.lambda_role",
            "aws_lambda_function.blog_image_optimization",
            "aws_s3_bucket.blog_assets",
            "data.archive_file.image_optimization_zip"
          ]
        }
      ]
    },
    {
      "mode": "managed",
      "type": "aws_lambda_function_url",
      "name": "blog_server_url",
      "provider": "provider[\"registry.terraform.io/hashicorp/aws\"]",
      "instances": [
        {
          "schema_version": 0,
          "attributes": {
            "authorization_type": "NONE",
            "cors": [
              {
                "allow_credentials": false,
                "allow_headers": [
                  "*"
                ],
                "allow_methods": [
                  "*"
                ],
                "allow_origins": [
                  "*"
                ],
                "expose_headers": [
                  "*"
                ],
                "max_age": 86400
              }
            ],
            "function_arn": "arn:aws:lambda:eu-central-1:571075516563:function:gisblog-server",
            "function_name": "gisblog-server",
            "function_url": "https://4nddupnumpmetbfyzuph4ujx4i0mrjem.lambda-url.eu-central-1.on.aws/",
            "id": "gisblog-server",
            "invoke_mode": "BUFFERED",
            "qualifier": "",
            "timeouts": null,
            "url_id": "4nddupnumpmetbfyzuph4ujx4i0mrjem"
          },
          "sensitive_attributes": [],
          "identity_schema_version": 0,
          "private": "eyJlMmJmYjczMC1lY2FhLTExZTYtOGY4OC0zNDM2M2JjN2M0YzAiOnsiY3JlYXRlIjo2MDAwMDAwMDAwMDB9fQ==",
          "dependencies": [
            "aws_iam_role.lambda_role",
            "aws_lambda_function.blog_server",
            "aws_s3_bucket.blog_cache",
            "data.archive_file.server_function_zip",
            "null_resource.prepare_lambda_source"
          ]
        }
      ]
    },
    {
      "mode": "managed",
      "type": "aws_s3_bucket",
      "name": "blog_assets",
      "provider": "provider[\"registry.terraform.io/hashicorp/aws\"]",
      "instances": [
        {
          "schema_version": 0,
          "attributes": {
            "acceleration_status": "",
            "acl": null,
            "arn": "arn:aws:s3:::gisblog-assets",
            "bucket": "gisblog-assets",
            "bucket_domain_name": "gisblog-assets.s3.amazonaws.com",
            "bucket_prefix": "",
            "bucket_regional_domain_name": "gisblog-assets.s3.eu-central-1.amazonaws.com",
            "cors_rule": [],
            "force_destroy": false,
            "grant": [
              {
                "id": "1021d3a72ea640256d91cf8897c11662e45a24be025d44d7a6d2464aa2fc24ef",
                "permissions": [
                  "FULL_CONTROL"
                ],
                "type": "CanonicalUser",
                "uri": ""
              }
            ],
            "hosted_zone_id": "Z21DNDUVLTQW6Q",
            "id": "gisblog-assets",
            "lifecycle_rule": [],
            "logging": [],
            "object_lock_configuration": [],
            "object_lock_enabled": false,
            "policy": "",
            "region": "eu-central-1",
            "replication_configuration": [],
            "request_payer": "BucketOwner",
            "server_side_encryption_configuration": [
              {
                "rule": [
                  {
                    "apply_server_side_encryption_by_default": [
                      {
                        "kms_master_key_id": "",
                        "sse_algorithm": "AES256"
                      }
                    ],
                    "bucket_key_enabled": false
                  }
                ]
              }
            ],
            "tags": null,
            "tags_all": {},
            "timeouts": null,
            "versioning": [
              {
                "enabled": false,
                "mfa_delete": false
              }
            ],
            "website": [],
            "website_domain": null,
            "website_endpoint": null
          },
          "sensitive_attributes": [],
          "identity_schema_version": 0,
          "private": "eyJlMmJmYjczMC1lY2FhLTExZTYtOGY4OC0zNDM2M2JjN2M0YzAiOnsiY3JlYXRlIjoxMjAwMDAwMDAwMDAwLCJkZWxldGUiOjM2MDAwMDAwMDAwMDAsInJlYWQiOjEyMDAwMDAwMDAwMDAsInVwZGF0ZSI6MTIwMDAwMDAwMDAwMH19"
        }
      ]
    },
    {
      "mode": "managed",
      "type": "aws_s3_bucket",
      "name": "blog_cache",
      "provider": "provider[\"registry.terraform.io/hashicorp/aws\"]",
      "instances": [
        {
          "schema_version": 0,
          "attributes": {
            "acceleration_status": "",
            "acl": null,
            "arn": "arn:aws:s3:::gisblog-cache",
            "bucket": "gisblog-cache",
            "bucket_domain_name": "gisblog-cache.s3.amazonaws.com",
            "bucket_prefix": "",
            "bucket_regional_domain_name": "gisblog-cache.s3.eu-central-1.amazonaws.com",
            "cors_rule": [],
            "force_destroy": false,
            "grant": [
              {
                "id": "1021d3a72ea640256d91cf8897c11662e45a24be025d44d7a6d2464aa2fc24ef",
                "permissions": [
                  "FULL_CONTROL"
                ],
                "type": "CanonicalUser",
                "uri": ""
              }
            ],
            "hosted_zone_id": "Z21DNDUVLTQW6Q",
            "id": "gisblog-cache",
            "lifecycle_rule": [],
            "logging": [],
            "object_lock_configuration": [],
            "object_lock_enabled": false,
            "policy": "",
            "region": "eu-central-1",
            "replication_configuration": [],
            "request_payer": "BucketOwner",
            "server_side_encryption_configuration": [
              {
                "rule": [
                  {
                    "apply_server_side_encryption_by_default": [
                      {
                        "kms_master_key_id": "",
                        "sse_algorithm": "AES256"
                      }
                    ],
                    "bucket_key_enabled": false
                  }
                ]
              }
            ],
            "tags": null,
            "tags_all": {},
            "timeouts": null,
            "versioning": [
              {
                "enabled": false,
                "mfa_delete": false
              }
            ],
            "website": [],
            "website_domain": null,
            "website_endpoint": null
          },
          "sensitive_attributes": [],
          "identity_schema_version": 0,
          "private": "eyJlMmJmYjczMC1lY2FhLTExZTYtOGY4OC0zNDM2M2JjN2M0YzAiOnsiY3JlYXRlIjoxMjAwMDAwMDAwMDAwLCJkZWxldGUiOjM2MDAwMDAwMDAwMDAsInJlYWQiOjEyMDAwMDAwMDAwMDAsInVwZGF0ZSI6MTIwMDAwMDAwMDAwMH19"
        }
      ]
    },
    {
      "mode": "managed",
      "type": "aws_s3_bucket_ownership_controls",
      "name": "blog_assets_acl",
      "provider": "provider[\"registry.terraform.io/hashicorp/aws\"]",
      "instances": [
        {
          "schema_version": 0,
          "attributes": {
            "bucket": "gisblog-assets",
            "id": "gisblog-assets",
            "rule": [
              {
                "object_ownership": "BucketOwnerEnforced"
              }
            ]
          },
          "sensitive_attributes": [],
          "identity_schema_version": 0,
          "private": "bnVsbA==",
          "dependencies": [
            "aws_s3_bucket.blog_assets"
          ]
        }
      ]
    },
    {
      "mode": "managed",
      "type": "aws_s3_bucket_policy",
      "name": "blog_assets_policy",
      "provider": "provider[\"registry.terraform.io/hashicorp/aws\"]",
      "instances": [
        {
          "schema_version": 0,
          "attributes": {
            "bucket": "gisblog-assets",
            "id": "gisblog-assets",
            "policy": "{\"Statement\":[{\"Action\":\"s3:GetObject\",\"Condition\":{\"StringEquals\":{\"AWS:SourceArn\":\"arn:aws:cloudfront::571075516563:distribution/E1QYBIN6OHU38I\"}},\"Effect\":\"Allow\",\"Principal\":{\"Service\":\"cloudfront.amazonaws.com\"},\"Resource\":\"arn:aws:s3:::gisblog-assets/*\",\"Sid\":\"AllowCloudFrontServicePrincipal\"}],\"Version\":\"2012-10-17\"}"
          },
          "sensitive_attributes": [],
          "identity_schema_version": 0,
          "private": "bnVsbA==",
          "dependencies": [
            "aws_cloudfront_cache_policy.image_optimization_policy",
            "aws_cloudfront_distribution.blog_cdn",
            "aws_cloudfront_origin_access_control.blog_oac",
            "aws_iam_role.lambda_role",
            "aws_lambda_function.blog_image_optimization",
            "aws_lambda_function.blog_server",
            "aws_lambda_function_url.blog_image_optimization_url",
            "aws_lambda_function_url.blog_server_url",
            "aws_s3_bucket.blog_assets",
            "aws_s3_bucket.blog_cache",
            "aws_s3_bucket_public_access_block.blog_assets_pab",
            "data.archive_file.image_optimization_zip",
            "data.archive_file.server_function_zip",
            "data.aws_cloudfront_cache_policy.caching_disabled",
            "data.aws_cloudfront_cache_policy.caching_optimized",
            "null_resource.prepare_lambda_source"
          ]
        }
      ]
    },
    {
      "mode": "managed",
      "type": "aws_s3_bucket_public_access_block",
      "name": "blog_assets_pab",
      "provider": "provider[\"registry.terraform.io/hashicorp/aws\"]",
      "instances": [
        {
          "schema_version": 0,
          "attributes": {
            "block_public_acls": true,
            "block_public_policy": true,
            "bucket": "gisblog-assets",
            "id": "gisblog-assets",
            "ignore_public_acls": true,
            "restrict_public_buckets": true
          },
          "sensitive_attributes": [],
          "identity_schema_version": 0,
          "private": "bnVsbA==",
          "dependencies": [
            "aws_s3_bucket.blog_assets"
          ]
        }
      ]
    },
    {
      "mode": "managed",
      "type": "aws_s3_object",
      "name": "blog_assets_objects",
      "provider": "provider[\"registry.terraform.io/hashicorp/aws\"]",
      "instances": [
        {
          "index_key": "BUILD_ID",
          "schema_version": 0,
          "attributes": {
            "acl": null,
            "arn": "arn:aws:s3:::gisblog-assets/BUILD_ID",
            "bucket": "gisblog-assets",
            "bucket_key_enabled": false,
            "cache_control": "public, max-age=0, must-revalidate",
            "checksum_algorithm": null,
            "checksum_crc32": "",
            "checksum_crc32c": "",
            "checksum_crc64nvme": "",
            "checksum_sha1": "",
            "checksum_sha256": "",
            "content": null,
            "content_base64": null,
            "content_disposition": "",
            "content_encoding": "",
            "content_language": "",
            "content_type": "application/octet-stream",
            "etag": "cdbab2b719514eeead17724fa8c64ae5",
            "force_destroy": false,
            "id": "BUILD_ID",
            "key": "BUILD_ID",
            "kms_key_id": null,
            "metadata": null,
            "object_lock_legal_hold_status": "",
            "object_lock_mode": "",
            "object_lock_retain_until_date": "",
            "override_provider": [],
            "server_side_encryption": "AES256",
            "source": "../.open-next/assets/BUILD_ID",
            "source_hash": null,
            "storage_class": "STANDARD",
            "tags": null,
            "tags_all": {},
            "version_id": "",
            "website_redirect": ""
          },
          "sensitive_attributes": [],
          "identity_schema_version": 0,
          "private": "bnVsbA==",
          "dependencies": [
            "aws_s3_bucket.blog_assets"
          ]
        },
        {
          "index_key": "_next/static/QZxBJSlGpPxSur_qdEKSd/_buildManifest.js",
          "schema_version": 0,
          "attributes": {
            "acl": null,
            "arn": "arn:aws:s3:::gisblog-assets/_next/static/QZxBJSlGpPxSur_qdEKSd/_buildManifest.js",
            "bucket": "gisblog-assets",
            "bucket_key_enabled": false,
            "cache_control": "public, max-age=31536000, immutable",
            "checksum_algorithm": null,
            "checksum_crc32": "",
            "checksum_crc32c": "",
            "checksum_crc64nvme": "",
            "checksum_sha1": "",
            "checksum_sha256": "",
            "content": null,
            "content_base64": null,
            "content_disposition": "",
            "content_encoding": "",
            "content_language": "",
            "content_type": "application/javascript",
            "etag": "25ac921267a1f05d8691bf2c6299edd1",
            "force_destroy": false,
            "id": "_next/static/QZxBJSlGpPxSur_qdEKSd/_buildManifest.js",
            "key": "_next/static/QZxBJSlGpPxSur_qdEKSd/_buildManifest.js",
            "kms_key_id": null,
            "metadata": null,
            "object_lock_legal_hold_status": "",
            "object_lock_mode": "",
            "object_lock_retain_until_date": "",
            "override_provider": [],
            "server_side_encryption": "AES256",
            "source": "../.open-next/assets/_next/static/QZxBJSlGpPxSur_qdEKSd/_buildManifest.js",
            "source_hash": null,
            "storage_class": "STANDARD",
            "tags": null,
            "tags_all": {},
            "version_id": "",
            "website_redirect": ""
          },
          "sensitive_attributes": [],
          "identity_schema_version": 0,
          "private": "bnVsbA==",
          "dependencies": [
            "aws_s3_bucket.blog_assets"
          ]
        },
        {
          "index_key": "_next/static/QZxBJSlGpPxSur_qdEKSd/_ssgManifest.js",
          "schema_version": 0,
          "attributes": {
            "acl": null,
            "arn": "arn:aws:s3:::gisblog-assets/_next/static/QZxBJSlGpPxSur_qdEKSd/_ssgManifest.js",
            "bucket": "gisblog-assets",
            "bucket_key_enabled": false,
            "cache_control": "public, max-age=31536000, immutable",
            "checksum_algorithm": null,
            "checksum_crc32": "",
            "checksum_crc32c": "",
            "checksum_crc64nvme": "",
            "checksum_sha1": "",
            "checksum_sha256": "",
            "content": null,
            "content_base64": null,
            "content_disposition": "",
            "content_encoding": "",
            "content_language": "",
            "content_type": "application/javascript",
            "etag": "b404e23d62d95bafd03ad7747cc0e88b",
            "force_destroy": false,
            "id": "_next/static/QZxBJSlGpPxSur_qdEKSd/_ssgManifest.js",
            "key": "_next/static/QZxBJSlGpPxSur_qdEKSd/_ssgManifest.js",
            "kms_key_id": null,
            "metadata": null,
            "object_lock_legal_hold_status": "",
            "object_lock_mode": "",
            "object_lock_retain_until_date": "",
            "override_provider": [],
            "server_side_encryption": "AES256",
            "source": "../.open-next/assets/_next/static/QZxBJSlGpPxSur_qdEKSd/_ssgManifest.js",
            "source_hash": null,
            "storage_class": "STANDARD",
            "tags": null,
            "tags_all": {},
            "version_id": "",
            "website_redirect": ""
          },
          "sensitive_attributes": [],
          "identity_schema_version": 0,
          "private": "bnVsbA==",
          "dependencies": [
            "aws_s3_bucket.blog_assets"
          ]
        },
        {
          "index_key": "_next/static/chunks/0dbeb660-340fb348d50fd234.js",
          "schema_version": 0,
          "attributes": {
            "acl": null,
            "arn": "arn:aws:s3:::gisblog-assets/_next/static/chunks/0dbeb660-340fb348d50fd234.js",
            "bucket": "gisblog-assets",
            "bucket_key_enabled": false,
            "cache_control": "public, max-age=31536000, immutable",
            "checksum_algorithm": null,
            "checksum_crc32": "",
            "checksum_crc32c": "",
            "checksum_crc64nvme": "",
            "checksum_sha1": "",
            "checksum_sha256": "",
            "content": null,
            "content_base64": null,
            "content_disposition": "",
            "content_encoding": "",
            "content_language": "",
            "content_type": "application/javascript",
            "etag": "09fb473496a42a4bf872f3b9e10c3f6f",
            "force_destroy": false,
            "id": "_next/static/chunks/0dbeb660-340fb348d50fd234.js",
            "key": "_next/static/chunks/0dbeb660-340fb348d50fd234.js",
            "kms_key_id": null,
            "metadata": null,
            "object_lock_legal_hold_status": "",
            "object_lock_mode": "",
            "object_lock_retain_until_date": "",
            "override_provider": [],
            "server_side_encryption": "AES256",
            "source": "../.open-next/assets/_next/static/chunks/0dbeb660-340fb348d50fd234.js",
            "source_hash": null,
            "storage_class": "STANDARD",
            "tags": null,
            "tags_all": {},
            "version_id": "",
            "website_redirect": ""
          },
          "sensitive_attributes": [],
          "identity_schema_version": 0,
          "private": "bnVsbA==",
          "dependencies": [
            "aws_s3_bucket.blog_assets"
          ]
        },
        {
          "index_key": "_next/static/chunks/1128.a27eb3c45f9c9378.js",
          "schema_version": 0,
          "attributes": {
            "acl": null,
            "arn": "arn:aws:s3:::gisblog-assets/_next/static/chunks/1128.a27eb3c45f9c9378.js",
            "bucket": "gisblog-assets",
            "bucket_key_enabled": false,
            "cache_control": "public, max-age=31536000, immutable",
            "checksum_algorithm": null,
            "checksum_crc32": "",
            "checksum_crc32c": "",
            "checksum_crc64nvme": "",
            "checksum_sha1": "",
            "checksum_sha256": "",
            "content": null,
            "content_base64": null,
            "content_disposition": "",
            "content_encoding": "",
            "content_language": "",
            "content_type": "application/javascript",
            "etag": "df2e5077ffbcea6c5514941258e87a1d",
            "force_destroy": false,
            "id": "_next/static/chunks/1128.a27eb3c45f9c9378.js",
            "key": "_next/static/chunks/1128.a27eb3c45f9c9378.js",
            "kms_key_id": null,
            "metadata": null,
            "object_lock_legal_hold_status": "",
            "object_lock_mode": "",
            "object_lock_retain_until_date": "",
            "override_provider": [],
            "server_side_encryption": "AES256",
            "source": "../.open-next/assets/_next/static/chunks/1128.a27eb3c45f9c9378.js",
            "source_hash": null,
            "storage_class": "STANDARD",
            "tags": null,
            "tags_all": {},
            "version_id": "",
            "website_redirect": ""
          },
          "sensitive_attributes": [],
          "identity_schema_version": 0,
          "private": "bnVsbA==",
          "dependencies": [
            "aws_s3_bucket.blog_assets"
          ]
        },
        {
          "index_key": "_next/static/chunks/1255-ad92d48e3e7ce61a.js",
          "schema_version": 0,
          "attributes": {
            "acl": null,
            "arn": "arn:aws:s3:::gisblog-assets/_next/static/chunks/1255-ad92d48e3e7ce61a.js",
            "bucket": "gisblog-assets",
            "bucket_key_enabled": false,
            "cache_control": "public, max-age=31536000, immutable",
            "checksum_algorithm": null,
            "checksum_crc32": "",
            "checksum_crc32c": "",
            "checksum_crc64nvme": "",
            "checksum_sha1": "",
            "checksum_sha256": "",
            "content": null,
            "content_base64": null,
            "content_disposition": "",
            "content_encoding": "",
            "content_language": "",
            "content_type": "application/javascript",
            "etag": "3098e7295493a3253c73fda4d15b8133",
            "force_destroy": false,
            "id": "_next/static/chunks/1255-ad92d48e3e7ce61a.js",
            "key": "_next/static/chunks/1255-ad92d48e3e7ce61a.js",
            "kms_key_id": null,
            "metadata": null,
            "object_lock_legal_hold_status": "",
            "object_lock_mode": "",
            "object_lock_retain_until_date": "",
            "override_provider": [],
            "server_side_encryption": "AES256",
            "source": "../.open-next/assets/_next/static/chunks/1255-ad92d48e3e7ce61a.js",
            "source_hash": null,
            "storage_class": "STANDARD",
            "tags": null,
            "tags_all": {},
            "version_id": "",
            "website_redirect": ""
          },
          "sensitive_attributes": [],
          "identity_schema_version": 0,
          "private": "bnVsbA==",
          "dependencies": [
            "aws_s3_bucket.blog_assets"
          ]
        },
        {
          "index_key": "_next/static/chunks/1256-87c93be6076ac8a3.js",
          "schema_version": 0,
          "attributes": {
            "acl": null,
            "arn": "arn:aws:s3:::gisblog-assets/_next/static/chunks/1256-87c93be6076ac8a3.js",
            "bucket": "gisblog-assets",
            "bucket_key_enabled": false,
            "cache_control": "public, max-age=31536000, immutable",
            "checksum_algorithm": null,
            "checksum_crc32": "",
            "checksum_crc32c": "",
            "checksum_crc64nvme": "",
            "checksum_sha1": "",
            "checksum_sha256": "",
            "content": null,
            "content_base64": null,
            "content_disposition": "",
            "content_encoding": "",
            "content_language": "",
            "content_type": "application/javascript",
            "etag": "baf655a179afaa13de08bc8e0e40cca5",
            "force_destroy": false,
            "id": "_next/static/chunks/1256-87c93be6076ac8a3.js",
            "key": "_next/static/chunks/1256-87c93be6076ac8a3.js",
            "kms_key_id": null,
            "metadata": null,
            "object_lock_legal_hold_status": "",
            "object_lock_mode": "",
            "object_lock_retain_until_date": "",
            "override_provider": [],
            "server_side_encryption": "AES256",
            "source": "../.open-next/assets/_next/static/chunks/1256-87c93be6076ac8a3.js",
            "source_hash": null,
            "storage_class": "STANDARD",
            "tags": null,
            "tags_all": {},
            "version_id": "",
            "website_redirect": ""
          },
          "sensitive_attributes": [],
          "identity_schema_version": 0,
          "private": "bnVsbA==",
          "dependencies": [
            "aws_s3_bucket.blog_assets"
          ]
        },
        {
          "index_key": "_next/static/chunks/1345.5a5995f06131c608.js",
          "schema_version": 0,
          "attributes": {
            "acl": null,
            "arn": "arn:aws:s3:::gisblog-assets/_next/static/chunks/1345.5a5995f06131c608.js",
            "bucket": "gisblog-assets",
            "bucket_key_enabled": false,
            "cache_control": "public, max-age=31536000, immutable",
            "checksum_algorithm": null,
            "checksum_crc32": "",
            "checksum_crc32c": "",
            "checksum_crc64nvme": "",
            "checksum_sha1": "",
            "checksum_sha256": "",
            "content": null,
            "content_base64": null,
            "content_disposition": "",
            "content_encoding": "",
            "content_language": "",
            "content_type": "application/javascript",
            "etag": "3818e6be15d4377513679a0d96ef4396",
            "force_destroy": false,
            "id": "_next/static/chunks/1345.5a5995f06131c608.js",
            "key": "_next/static/chunks/1345.5a5995f06131c608.js",
            "kms_key_id": null,
            "metadata": null,
            "object_lock_legal_hold_status": "",
            "object_lock_mode": "",
            "object_lock_retain_until_date": "",
            "override_provider": [],
            "server_side_encryption": "AES256",
            "source": "../.open-next/assets/_next/static/chunks/1345.5a5995f06131c608.js",
            "source_hash": null,
            "storage_class": "STANDARD",
            "tags": null,
            "tags_all": {},
            "version_id": "",
            "website_redirect": ""
          },
          "sensitive_attributes": [],
          "identity_schema_version": 0,
          "private": "bnVsbA==",
          "dependencies": [
            "aws_s3_bucket.blog_assets"
          ]
        },
        {
          "index_key": "_next/static/chunks/1380.77135630c8daf916.js",
          "schema_version": 0,
          "attributes": {
            "acl": null,
            "arn": "arn:aws:s3:::gisblog-assets/_next/static/chunks/1380.77135630c8daf916.js",
            "bucket": "gisblog-assets",
            "bucket_key_enabled": false,
            "cache_control": "public, max-age=31536000, immutable",
            "checksum_algorithm": null,
            "checksum_crc32": "",
            "checksum_crc32c": "",
            "checksum_crc64nvme": "",
            "checksum_sha1": "",
            "checksum_sha256": "",
            "content": null,
            "content_base64": null,
            "content_disposition": "",
            "content_encoding": "",
            "content_language": "",
            "content_type": "application/javascript",
            "etag": "28dce80f29b566068fe030d4a6d7941b",
            "force_destroy": false,
            "id": "_next/static/chunks/1380.77135630c8daf916.js",
            "key": "_next/static/chunks/1380.77135630c8daf916.js",
            "kms_key_id": null,
            "metadata": null,
            "object_lock_legal_hold_status": "",
            "object_lock_mode": "",
            "object_lock_retain_until_date": "",
            "override_provider": [],
            "server_side_encryption": "AES256",
            "source": "../.open-next/assets/_next/static/chunks/1380.77135630c8daf916.js",
            "source_hash": null,
            "storage_class": "STANDARD",
            "tags": null,
            "tags_all": {},
            "version_id": "",
            "website_redirect": ""
          },
          "sensitive_attributes": [],
          "identity_schema_version": 0,
          "private": "bnVsbA==",
          "dependencies": [
            "aws_s3_bucket.blog_assets"
          ]
        },
        {
          "index_key": "_next/static/chunks/1490.dd6d015ecdda9e44.js",
          "schema_version": 0,
          "attributes": {
            "acl": null,
            "arn": "arn:aws:s3:::gisblog-assets/_next/static/chunks/1490.dd6d015ecdda9e44.js",
            "bucket": "gisblog-assets",
            "bucket_key_enabled": false,
            "cache_control": "public, max-age=31536000, immutable",
            "checksum_algorithm": null,
            "checksum_crc32": "",
            "checksum_crc32c": "",
            "checksum_crc64nvme": "",
            "checksum_sha1": "",
            "checksum_sha256": "",
            "content": null,
            "content_base64": null,
            "content_disposition": "",
            "content_encoding": "",
            "content_language": "",
            "content_type": "application/javascript",
            "etag": "92ffa11ea12d36c7242b7e8959be6c44",
            "force_destroy": false,
            "id": "_next/static/chunks/1490.dd6d015ecdda9e44.js",
            "key": "_next/static/chunks/1490.dd6d015ecdda9e44.js",
            "kms_key_id": null,
            "metadata": null,
            "object_lock_legal_hold_status": "",
            "object_lock_mode": "",
            "object_lock_retain_until_date": "",
            "override_provider": [],
            "server_side_encryption": "AES256",
            "source": "../.open-next/assets/_next/static/chunks/1490.dd6d015ecdda9e44.js",
            "source_hash": null,
            "storage_class": "STANDARD",
            "tags": null,
            "tags_all": {},
            "version_id": "",
            "website_redirect": ""
          },
          "sensitive_attributes": [],
          "identity_schema_version": 0,
          "private": "bnVsbA==",
          "dependencies": [
            "aws_s3_bucket.blog_assets"
          ]
        },
        {
          "index_key": "_next/static/chunks/1535.4e411b7dba1da3b2.js",
          "schema_version": 0,
          "attributes": {
            "acl": null,
            "arn": "arn:aws:s3:::gisblog-assets/_next/static/chunks/1535.4e411b7dba1da3b2.js",
            "bucket": "gisblog-assets",
            "bucket_key_enabled": false,
            "cache_control": "public, max-age=31536000, immutable",
            "checksum_algorithm": null,
            "checksum_crc32": "",
            "checksum_crc32c": "",
            "checksum_crc64nvme": "",
            "checksum_sha1": "",
            "checksum_sha256": "",
            "content": null,
            "content_base64": null,
            "content_disposition": "",
            "content_encoding": "",
            "content_language": "",
            "content_type": "application/javascript",
            "etag": "8bd7ff3174decff9377db3f62492cbf3",
            "force_destroy": false,
            "id": "_next/static/chunks/1535.4e411b7dba1da3b2.js",
            "key": "_next/static/chunks/1535.4e411b7dba1da3b2.js",
            "kms_key_id": null,
            "metadata": null,
            "object_lock_legal_hold_status": "",
            "object_lock_mode": "",
            "object_lock_retain_until_date": "",
            "override_provider": [],
            "server_side_encryption": "AES256",
            "source": "../.open-next/assets/_next/static/chunks/1535.4e411b7dba1da3b2.js",
            "source_hash": null,
            "storage_class": "STANDARD",
            "tags": null,
            "tags_all": {},
            "version_id": "",
            "website_redirect": ""
          },
          "sensitive_attributes": [],
          "identity_schema_version": 0,
          "private": "bnVsbA==",
          "dependencies": [
            "aws_s3_bucket.blog_assets"
          ]
        },
        {
          "index_key": "_next/static/chunks/1569.a697fdf102bee408.js",
          "schema_version": 0,
          "attributes": {
            "acl": null,
            "arn": "arn:aws:s3:::gisblog-assets/_next/static/chunks/1569.a697fdf102bee408.js",
            "bucket": "gisblog-assets",
            "bucket_key_enabled": false,
            "cache_control": "public, max-age=31536000, immutable",
            "checksum_algorithm": null,
            "checksum_crc32": "",
            "checksum_crc32c": "",
            "checksum_crc64nvme": "",
            "checksum_sha1": "",
            "checksum_sha256": "",
            "content": null,
            "content_base64": null,
            "content_disposition": "",
            "content_encoding": "",
            "content_language": "",
            "content_type": "application/javascript",
            "etag": "181e37a987f18e0a3f0f72ee22094729",
            "force_destroy": false,
            "id": "_next/static/chunks/1569.a697fdf102bee408.js",
            "key": "_next/static/chunks/1569.a697fdf102bee408.js",
            "kms_key_id": null,
            "metadata": null,
            "object_lock_legal_hold_status": "",
            "object_lock_mode": "",
            "object_lock_retain_until_date": "",
            "override_provider": [],
            "server_side_encryption": "AES256",
            "source": "../.open-next/assets/_next/static/chunks/1569.a697fdf102bee408.js",
            "source_hash": null,
            "storage_class": "STANDARD",
            "tags": null,
            "tags_all": {},
            "version_id": "",
            "website_redirect": ""
          },
          "sensitive_attributes": [],
          "identity_schema_version": 0,
          "private": "bnVsbA==",
          "dependencies": [
            "aws_s3_bucket.blog_assets"
          ]
        },
        {
          "index_key": "_next/static/chunks/1974.5aafb13bfffafcea.js",
          "schema_version": 0,
          "attributes": {
            "acl": null,
            "arn": "arn:aws:s3:::gisblog-assets/_next/static/chunks/1974.5aafb13bfffafcea.js",
            "bucket": "gisblog-assets",
            "bucket_key_enabled": false,
            "cache_control": "public, max-age=31536000, immutable",
            "checksum_algorithm": null,
            "checksum_crc32": "",
            "checksum_crc32c": "",
            "checksum_crc64nvme": "",
            "checksum_sha1": "",
            "checksum_sha256": "",
            "content": null,
            "content_base64": null,
            "content_disposition": "",
            "content_encoding": "",
            "content_language": "",
            "content_type": "application/javascript",
            "etag": "d0d21d82cb769b510fa5ad32e5864750",
            "force_destroy": false,
            "id": "_next/static/chunks/1974.5aafb13bfffafcea.js",
            "key": "_next/static/chunks/1974.5aafb13bfffafcea.js",
            "kms_key_id": null,
            "metadata": null,
            "object_lock_legal_hold_status": "",
            "object_lock_mode": "",
            "object_lock_retain_until_date": "",
            "override_provider": [],
            "server_side_encryption": "AES256",
            "source": "../.open-next/assets/_next/static/chunks/1974.5aafb13bfffafcea.js",
            "source_hash": null,
            "storage_class": "STANDARD",
            "tags": null,
            "tags_all": {},
            "version_id": "",
            "website_redirect": ""
          },
          "sensitive_attributes": [],
          "identity_schema_version": 0,
          "private": "bnVsbA==",
          "dependencies": [
            "aws_s3_bucket.blog_assets"
          ]
        },
        {
          "index_key": "_next/static/chunks/2320.015c7644b9ef5b70.js",
          "schema_version": 0,
          "attributes": {
            "acl": null,
            "arn": "arn:aws:s3:::gisblog-assets/_next/static/chunks/2320.015c7644b9ef5b70.js",
            "bucket": "gisblog-assets",
            "bucket_key_enabled": false,
            "cache_control": "public, max-age=31536000, immutable",
            "checksum_algorithm": null,
            "checksum_crc32": "",
            "checksum_crc32c": "",
            "checksum_crc64nvme": "",
            "checksum_sha1": "",
            "checksum_sha256": "",
            "content": null,
            "content_base64": null,
            "content_disposition": "",
            "content_encoding": "",
            "content_language": "",
            "content_type": "application/javascript",
            "etag": "5be9d76ba7d744ce5bba73e92f676ebd",
            "force_destroy": false,
            "id": "_next/static/chunks/2320.015c7644b9ef5b70.js",
            "key": "_next/static/chunks/2320.015c7644b9ef5b70.js",
            "kms_key_id": null,
            "metadata": null,
            "object_lock_legal_hold_status": "",
            "object_lock_mode": "",
            "object_lock_retain_until_date": "",
            "override_provider": [],
            "server_side_encryption": "AES256",
            "source": "../.open-next/assets/_next/static/chunks/2320.015c7644b9ef5b70.js",
            "source_hash": null,
            "storage_class": "STANDARD",
            "tags": null,
            "tags_all": {},
            "version_id": "",
            "website_redirect": ""
          },
          "sensitive_attributes": [],
          "identity_schema_version": 0,
          "private": "bnVsbA==",
          "dependencies": [
            "aws_s3_bucket.blog_assets"
          ]
        },
        {
          "index_key": "_next/static/chunks/2406.fb5bb75fd84ca1c5.js",
          "schema_version": 0,
          "attributes": {
            "acl": null,
            "arn": "arn:aws:s3:::gisblog-assets/_next/static/chunks/2406.fb5bb75fd84ca1c5.js",
            "bucket": "gisblog-assets",
            "bucket_key_enabled": false,
            "cache_control": "public, max-age=31536000, immutable",
            "checksum_algorithm": null,
            "checksum_crc32": "",
            "checksum_crc32c": "",
            "checksum_crc64nvme": "",
            "checksum_sha1": "",
            "checksum_sha256": "",
            "content": null,
            "content_base64": null,
            "content_disposition": "",
            "content_encoding": "",
            "content_language": "",
            "content_type": "application/javascript",
            "etag": "094b3a95d5fe8e693ac9e123043c30f0",
            "force_destroy": false,
            "id": "_next/static/chunks/2406.fb5bb75fd84ca1c5.js",
            "key": "_next/static/chunks/2406.fb5bb75fd84ca1c5.js",
            "kms_key_id": null,
            "metadata": null,
            "object_lock_legal_hold_status": "",
            "object_lock_mode": "",
            "object_lock_retain_until_date": "",
            "override_provider": [],
            "server_side_encryption": "AES256",
            "source": "../.open-next/assets/_next/static/chunks/2406.fb5bb75fd84ca1c5.js",
            "source_hash": null,
            "storage_class": "STANDARD",
            "tags": null,
            "tags_all": {},
            "version_id": "",
            "website_redirect": ""
          },
          "sensitive_attributes": [],
          "identity_schema_version": 0,
          "private": "bnVsbA==",
          "dependencies": [
            "aws_s3_bucket.blog_assets"
          ]
        },
        {
          "index_key": "_next/static/chunks/2619-04bc32f026a0d946.js",
          "schema_version": 0,
          "attributes": {
            "acl": null,
            "arn": "arn:aws:s3:::gisblog-assets/_next/static/chunks/2619-04bc32f026a0d946.js",
            "bucket": "gisblog-assets",
            "bucket_key_enabled": false,
            "cache_control": "public, max-age=31536000, immutable",
            "checksum_algorithm": null,
            "checksum_crc32": "",
            "checksum_crc32c": "",
            "checksum_crc64nvme": "",
            "checksum_sha1": "",
            "checksum_sha256": "",
            "content": null,
            "content_base64": null,
            "content_disposition": "",
            "content_encoding": "",
            "content_language": "",
            "content_type": "application/javascript",
            "etag": "3c358925a71873c489c9acf268fcec12",
            "force_destroy": false,
            "id": "_next/static/chunks/2619-04bc32f026a0d946.js",
            "key": "_next/static/chunks/2619-04bc32f026a0d946.js",
            "kms_key_id": null,
            "metadata": null,
            "object_lock_legal_hold_status": "",
            "object_lock_mode": "",
            "object_lock_retain_until_date": "",
            "override_provider": [],
            "server_side_encryption": "AES256",
            "source": "../.open-next/assets/_next/static/chunks/2619-04bc32f026a0d946.js",
            "source_hash": null,
            "storage_class": "STANDARD",
            "tags": null,
            "tags_all": {},
            "version_id": "",
            "website_redirect": ""
          },
          "sensitive_attributes": [],
          "identity_schema_version": 0,
          "private": "bnVsbA==",
          "dependencies": [
            "aws_s3_bucket.blog_assets"
          ]
        },
        {
          "index_key": "_next/static/chunks/2649.c7ff9c084a006638.js",
          "schema_version": 0,
          "attributes": {
            "acl": null,
            "arn": "arn:aws:s3:::gisblog-assets/_next/static/chunks/2649.c7ff9c084a006638.js",
            "bucket": "gisblog-assets",
            "bucket_key_enabled": false,
            "cache_control": "public, max-age=31536000, immutable",
            "checksum_algorithm": null,
            "checksum_crc32": "",
            "checksum_crc32c": "",
            "checksum_crc64nvme": "",
            "checksum_sha1": "",
            "checksum_sha256": "",
            "content": null,
            "content_base64": null,
            "content_disposition": "",
            "content_encoding": "",
            "content_language": "",
            "content_type": "application/javascript",
            "etag": "5891d2a73aebb71cd932196ae281aa44",
            "force_destroy": false,
            "id": "_next/static/chunks/2649.c7ff9c084a006638.js",
            "key": "_next/static/chunks/2649.c7ff9c084a006638.js",
            "kms_key_id": null,
            "metadata": null,
            "object_lock_legal_hold_status": "",
            "object_lock_mode": "",
            "object_lock_retain_until_date": "",
            "override_provider": [],
            "server_side_encryption": "AES256",
            "source": "../.open-next/assets/_next/static/chunks/2649.c7ff9c084a006638.js",
            "source_hash": null,
            "storage_class": "STANDARD",
            "tags": null,
            "tags_all": {},
            "version_id": "",
            "website_redirect": ""
          },
          "sensitive_attributes": [],
          "identity_schema_version": 0,
          "private": "bnVsbA==",
          "dependencies": [
            "aws_s3_bucket.blog_assets"
          ]
        },
        {
          "index_key": "_next/static/chunks/2749.bb316b0862ac1907.js",
          "schema_version": 0,
          "attributes": {
            "acl": null,
            "arn": "arn:aws:s3:::gisblog-assets/_next/static/chunks/2749.bb316b0862ac1907.js",
            "bucket": "gisblog-assets",
            "bucket_key_enabled": false,
            "cache_control": "public, max-age=31536000, immutable",
            "checksum_algorithm": null,
            "checksum_crc32": "",
            "checksum_crc32c": "",
            "checksum_crc64nvme": "",
            "checksum_sha1": "",
            "checksum_sha256": "",
            "content": null,
            "content_base64": null,
            "content_disposition": "",
            "content_encoding": "",
            "content_language": "",
            "content_type": "application/javascript",
            "etag": "6efd742b776e208b5f10ab94705b656c",
            "force_destroy": false,
            "id": "_next/static/chunks/2749.bb316b0862ac1907.js",
            "key": "_next/static/chunks/2749.bb316b0862ac1907.js",
            "kms_key_id": null,
            "metadata": null,
            "object_lock_legal_hold_status": "",
            "object_lock_mode": "",
            "object_lock_retain_until_date": "",
            "override_provider": [],
            "server_side_encryption": "AES256",
            "source": "../.open-next/assets/_next/static/chunks/2749.bb316b0862ac1907.js",
            "source_hash": null,
            "storage_class": "STANDARD",
            "tags": null,
            "tags_all": {},
            "version_id": "",
            "website_redirect": ""
          },
          "sensitive_attributes": [],
          "identity_schema_version": 0,
          "private": "bnVsbA==",
          "dependencies": [
            "aws_s3_bucket.blog_assets"
          ]
        },
        {
          "index_key": "_next/static/chunks/2cdb6380.7ce265ab428ea4eb.js",
          "schema_version": 0,
          "attributes": {
            "acl": null,
            "arn": "arn:aws:s3:::gisblog-assets/_next/static/chunks/2cdb6380.7ce265ab428ea4eb.js",
            "bucket": "gisblog-assets",
            "bucket_key_enabled": false,
            "cache_control": "public, max-age=31536000, immutable",
            "checksum_algorithm": null,
            "checksum_crc32": "",
            "checksum_crc32c": "",
            "checksum_crc64nvme": "",
            "checksum_sha1": "",
            "checksum_sha256": "",
            "content": null,
            "content_base64": null,
            "content_disposition": "",
            "content_encoding": "",
            "content_language": "",
            "content_type": "application/javascript",
            "etag": "d385d1de0ac6b5725e22eee41e3228d2",
            "force_destroy": false,
            "id": "_next/static/chunks/2cdb6380.7ce265ab428ea4eb.js",
            "key": "_next/static/chunks/2cdb6380.7ce265ab428ea4eb.js",
            "kms_key_id": null,
            "metadata": null,
            "object_lock_legal_hold_status": "",
            "object_lock_mode": "",
            "object_lock_retain_until_date": "",
            "override_provider": [],
            "server_side_encryption": "AES256",
            "source": "../.open-next/assets/_next/static/chunks/2cdb6380.7ce265ab428ea4eb.js",
            "source_hash": null,
            "storage_class": "STANDARD",
            "tags": null,
            "tags_all": {},
            "version_id": "",
            "website_redirect": ""
          },
          "sensitive_attributes": [],
          "identity_schema_version": 0,
          "private": "bnVsbA==",
          "dependencies": [
            "aws_s3_bucket.blog_assets"
          ]
        },
        {
          "index_key": "_next/static/chunks/338-a69646eef8aa0d99.js",
          "schema_version": 0,
          "attributes": {
            "acl": null,
            "arn": "arn:aws:s3:::gisblog-assets/_next/static/chunks/338-a69646eef8aa0d99.js",
            "bucket": "gisblog-assets",
            "bucket_key_enabled": false,
            "cache_control": "public, max-age=31536000, immutable",
            "checksum_algorithm": null,
            "checksum_crc32": "",
            "checksum_crc32c": "",
            "checksum_crc64nvme": "",
            "checksum_sha1": "",
            "checksum_sha256": "",
            "content": null,
            "content_base64": null,
            "content_disposition": "",
            "content_encoding": "",
            "content_language": "",
            "content_type": "application/javascript",
            "etag": "da962df5a184b0bee13f179aae66f954",
            "force_destroy": false,
            "id": "_next/static/chunks/338-a69646eef8aa0d99.js",
            "key": "_next/static/chunks/338-a69646eef8aa0d99.js",
            "kms_key_id": null,
            "metadata": null,
            "object_lock_legal_hold_status": "",
            "object_lock_mode": "",
            "object_lock_retain_until_date": "",
            "override_provider": [],
            "server_side_encryption": "AES256",
            "source": "../.open-next/assets/_next/static/chunks/338-a69646eef8aa0d99.js",
            "source_hash": null,
            "storage_class": "STANDARD",
            "tags": null,
            "tags_all": {},
            "version_id": "",
            "website_redirect": ""
          },
          "sensitive_attributes": [],
          "identity_schema_version": 0,
          "private": "bnVsbA==",
          "dependencies": [
            "aws_s3_bucket.blog_assets"
          ]
        },
        {
          "index_key": "_next/static/chunks/4101.5b0bd5fd8aa549b2.js",
          "schema_version": 0,
          "attributes": {
            "acl": null,
            "arn": "arn:aws:s3:::gisblog-assets/_next/static/chunks/4101.5b0bd5fd8aa549b2.js",
            "bucket": "gisblog-assets",
            "bucket_key_enabled": false,
            "cache_control": "public, max-age=31536000, immutable",
            "checksum_algorithm": null,
            "checksum_crc32": "",
            "checksum_crc32c": "",
            "checksum_crc64nvme": "",
            "checksum_sha1": "",
            "checksum_sha256": "",
            "content": null,
            "content_base64": null,
            "content_disposition": "",
            "content_encoding": "",
            "content_language": "",
            "content_type": "application/javascript",
            "etag": "8fda653f2e5e61998622aa8fedbe95c4",
            "force_destroy": false,
            "id": "_next/static/chunks/4101.5b0bd5fd8aa549b2.js",
            "key": "_next/static/chunks/4101.5b0bd5fd8aa549b2.js",
            "kms_key_id": null,
            "metadata": null,
            "object_lock_legal_hold_status": "",
            "object_lock_mode": "",
            "object_lock_retain_until_date": "",
            "override_provider": [],
            "server_side_encryption": "AES256",
            "source": "../.open-next/assets/_next/static/chunks/4101.5b0bd5fd8aa549b2.js",
            "source_hash": null,
            "storage_class": "STANDARD",
            "tags": null,
            "tags_all": {},
            "version_id": "",
            "website_redirect": ""
          },
          "sensitive_attributes": [],
          "identity_schema_version": 0,
          "private": "bnVsbA==",
          "dependencies": [
            "aws_s3_bucket.blog_assets"
          ]
        },
        {
          "index_key": "_next/static/chunks/4153.fa6f2b99a31c4b95.js",
          "schema_version": 0,
          "attributes": {
            "acl": null,
            "arn": "arn:aws:s3:::gisblog-assets/_next/static/chunks/4153.fa6f2b99a31c4b95.js",
            "bucket": "gisblog-assets",
            "bucket_key_enabled": false,
            "cache_control": "public, max-age=31536000, immutable",
            "checksum_algorithm": null,
            "checksum_crc32": "",
            "checksum_crc32c": "",
            "checksum_crc64nvme": "",
            "checksum_sha1": "",
            "checksum_sha256": "",
            "content": null,
            "content_base64": null,
            "content_disposition": "",
            "content_encoding": "",
            "content_language": "",
            "content_type": "application/javascript",
            "etag": "b8086364cf942a07c2b65c45a449711c",
            "force_destroy": false,
            "id": "_next/static/chunks/4153.fa6f2b99a31c4b95.js",
            "key": "_next/static/chunks/4153.fa6f2b99a31c4b95.js",
            "kms_key_id": null,
            "metadata": null,
            "object_lock_legal_hold_status": "",
            "object_lock_mode": "",
            "object_lock_retain_until_date": "",
            "override_provider": [],
            "server_side_encryption": "AES256",
            "source": "../.open-next/assets/_next/static/chunks/4153.fa6f2b99a31c4b95.js",
            "source_hash": null,
            "storage_class": "STANDARD",
            "tags": null,
            "tags_all": {},
            "version_id": "",
            "website_redirect": ""
          },
          "sensitive_attributes": [],
          "identity_schema_version": 0,
          "private": "bnVsbA==",
          "dependencies": [
            "aws_s3_bucket.blog_assets"
          ]
        },
        {
          "index_key": "_next/static/chunks/4243.d4ba4b8b4c2b5488.js",
          "schema_version": 0,
          "attributes": {
            "acl": null,
            "arn": "arn:aws:s3:::gisblog-assets/_next/static/chunks/4243.d4ba4b8b4c2b5488.js",
            "bucket": "gisblog-assets",
            "bucket_key_enabled": false,
            "cache_control": "public, max-age=31536000, immutable",
            "checksum_algorithm": null,
            "checksum_crc32": "",
            "checksum_crc32c": "",
            "checksum_crc64nvme": "",
            "checksum_sha1": "",
            "checksum_sha256": "",
            "content": null,
            "content_base64": null,
            "content_disposition": "",
            "content_encoding": "",
            "content_language": "",
            "content_type": "application/javascript",
            "etag": "bcb1d8fa31a95949102b03cf7ba3563c",
            "force_destroy": false,
            "id": "_next/static/chunks/4243.d4ba4b8b4c2b5488.js",
            "key": "_next/static/chunks/4243.d4ba4b8b4c2b5488.js",
            "kms_key_id": null,
            "metadata": null,
            "object_lock_legal_hold_status": "",
            "object_lock_mode": "",
            "object_lock_retain_until_date": "",
            "override_provider": [],
            "server_side_encryption": "AES256",
            "source": "../.open-next/assets/_next/static/chunks/4243.d4ba4b8b4c2b5488.js",
            "source_hash": null,
            "storage_class": "STANDARD",
            "tags": null,
            "tags_all": {},
            "version_id": "",
            "website_redirect": ""
          },
          "sensitive_attributes": [],
          "identity_schema_version": 0,
          "private": "bnVsbA==",
          "dependencies": [
            "aws_s3_bucket.blog_assets"
          ]
        },
        {
          "index_key": "_next/static/chunks/4274-73897d9656203528.js",
          "schema_version": 0,
          "attributes": {
            "acl": null,
            "arn": "arn:aws:s3:::gisblog-assets/_next/static/chunks/4274-73897d9656203528.js",
            "bucket": "gisblog-assets",
            "bucket_key_enabled": false,
            "cache_control": "public, max-age=31536000, immutable",
            "checksum_algorithm": null,
            "checksum_crc32": "",
            "checksum_crc32c": "",
            "checksum_crc64nvme": "",
            "checksum_sha1": "",
            "checksum_sha256": "",
            "content": null,
            "content_base64": null,
            "content_disposition": "",
            "content_encoding": "",
            "content_language": "",
            "content_type": "application/javascript",
            "etag": "e8dc5cd52835271fa9e482e451d1851e",
            "force_destroy": false,
            "id": "_next/static/chunks/4274-73897d9656203528.js",
            "key": "_next/static/chunks/4274-73897d9656203528.js",
            "kms_key_id": null,
            "metadata": null,
            "object_lock_legal_hold_status": "",
            "object_lock_mode": "",
            "object_lock_retain_until_date": "",
            "override_provider": [],
            "server_side_encryption": "AES256",
            "source": "../.open-next/assets/_next/static/chunks/4274-73897d9656203528.js",
            "source_hash": null,
            "storage_class": "STANDARD",
            "tags": null,
            "tags_all": {},
            "version_id": "",
            "website_redirect": ""
          },
          "sensitive_attributes": [],
          "identity_schema_version": 0,
          "private": "bnVsbA==",
          "dependencies": [
            "aws_s3_bucket.blog_assets"
          ]
        },
        {
          "index_key": "_next/static/chunks/4290.73764db1899f27cb.js",
          "schema_version": 0,
          "attributes": {
            "acl": null,
            "arn": "arn:aws:s3:::gisblog-assets/_next/static/chunks/4290.73764db1899f27cb.js",
            "bucket": "gisblog-assets",
            "bucket_key_enabled": false,
            "cache_control": "public, max-age=31536000, immutable",
            "checksum_algorithm": null,
            "checksum_crc32": "",
            "checksum_crc32c": "",
            "checksum_crc64nvme": "",
            "checksum_sha1": "",
            "checksum_sha256": "",
            "content": null,
            "content_base64": null,
            "content_disposition": "",
            "content_encoding": "",
            "content_language": "",
            "content_type": "application/javascript",
            "etag": "7700a967d258f8bd751e6baf9b84c0fd",
            "force_destroy": false,
            "id": "_next/static/chunks/4290.73764db1899f27cb.js",
            "key": "_next/static/chunks/4290.73764db1899f27cb.js",
            "kms_key_id": null,
            "metadata": null,
            "object_lock_legal_hold_status": "",
            "object_lock_mode": "",
            "object_lock_retain_until_date": "",
            "override_provider": [],
            "server_side_encryption": "AES256",
            "source": "../.open-next/assets/_next/static/chunks/4290.73764db1899f27cb.js",
            "source_hash": null,
            "storage_class": "STANDARD",
            "tags": null,
            "tags_all": {},
            "version_id": "",
            "website_redirect": ""
          },
          "sensitive_attributes": [],
          "identity_schema_version": 0,
          "private": "bnVsbA==",
          "dependencies": [
            "aws_s3_bucket.blog_assets"
          ]
        },
        {
          "index_key": "_next/static/chunks/4389.2155d85ffe90aaec.js",
          "schema_version": 0,
          "attributes": {
            "acl": null,
            "arn": "arn:aws:s3:::gisblog-assets/_next/static/chunks/4389.2155d85ffe90aaec.js",
            "bucket": "gisblog-assets",
            "bucket_key_enabled": false,
            "cache_control": "public, max-age=31536000, immutable",
            "checksum_algorithm": null,
            "checksum_crc32": "",
            "checksum_crc32c": "",
            "checksum_crc64nvme": "",
            "checksum_sha1": "",
            "checksum_sha256": "",
            "content": null,
            "content_base64": null,
            "content_disposition": "",
            "content_encoding": "",
            "content_language": "",
            "content_type": "application/javascript",
            "etag": "03e787788538d20952cfb19d190562cc",
            "force_destroy": false,
            "id": "_next/static/chunks/4389.2155d85ffe90aaec.js",
            "key": "_next/static/chunks/4389.2155d85ffe90aaec.js",
            "kms_key_id": null,
            "metadata": null,
            "object_lock_legal_hold_status": "",
            "object_lock_mode": "",
            "object_lock_retain_until_date": "",
            "override_provider": [],
            "server_side_encryption": "AES256",
            "source": "../.open-next/assets/_next/static/chunks/4389.2155d85ffe90aaec.js",
            "source_hash": null,
            "storage_class": "STANDARD",
            "tags": null,
            "tags_all": {},
            "version_id": "",
            "website_redirect": ""
          },
          "sensitive_attributes": [],
          "identity_schema_version": 0,
          "private": "bnVsbA==",
          "dependencies": [
            "aws_s3_bucket.blog_assets"
          ]
        },
        {
          "index_key": "_next/static/chunks/4459.bd1bcf0e75dafac8.js",
          "schema_version": 0,
          "attributes": {
            "acl": null,
            "arn": "arn:aws:s3:::gisblog-assets/_next/static/chunks/4459.bd1bcf0e75dafac8.js",
            "bucket": "gisblog-assets",
            "bucket_key_enabled": false,
            "cache_control": "public, max-age=31536000, immutable",
            "checksum_algorithm": null,
            "checksum_crc32": "",
            "checksum_crc32c": "",
            "checksum_crc64nvme": "",
            "checksum_sha1": "",
            "checksum_sha256": "",
            "content": null,
            "content_base64": null,
            "content_disposition": "",
            "content_encoding": "",
            "content_language": "",
            "content_type": "application/javascript",
            "etag": "cd41753bc63dfd457c527e1001fb14c1",
            "force_destroy": false,
            "id": "_next/static/chunks/4459.bd1bcf0e75dafac8.js",
            "key": "_next/static/chunks/4459.bd1bcf0e75dafac8.js",
            "kms_key_id": null,
            "metadata": null,
            "object_lock_legal_hold_status": "",
            "object_lock_mode": "",
            "object_lock_retain_until_date": "",
            "override_provider": [],
            "server_side_encryption": "AES256",
            "source": "../.open-next/assets/_next/static/chunks/4459.bd1bcf0e75dafac8.js",
            "source_hash": null,
            "storage_class": "STANDARD",
            "tags": null,
            "tags_all": {},
            "version_id": "",
            "website_redirect": ""
          },
          "sensitive_attributes": [],
          "identity_schema_version": 0,
          "private": "bnVsbA==",
          "dependencies": [
            "aws_s3_bucket.blog_assets"
          ]
        },
        {
          "index_key": "_next/static/chunks/461.cd7882eef4303dba.js",
          "schema_version": 0,
          "attributes": {
            "acl": null,
            "arn": "arn:aws:s3:::gisblog-assets/_next/static/chunks/461.cd7882eef4303dba.js",
            "bucket": "gisblog-assets",
            "bucket_key_enabled": false,
            "cache_control": "public, max-age=31536000, immutable",
            "checksum_algorithm": null,
            "checksum_crc32": "",
            "checksum_crc32c": "",
            "checksum_crc64nvme": "",
            "checksum_sha1": "",
            "checksum_sha256": "",
            "content": null,
            "content_base64": null,
            "content_disposition": "",
            "content_encoding": "",
            "content_language": "",
            "content_type": "application/javascript",
            "etag": "1dc2afe08fc42cbc84fcc17308d90026",
            "force_destroy": false,
            "id": "_next/static/chunks/461.cd7882eef4303dba.js",
            "key": "_next/static/chunks/461.cd7882eef4303dba.js",
            "kms_key_id": null,
            "metadata": null,
            "object_lock_legal_hold_status": "",
            "object_lock_mode": "",
            "object_lock_retain_until_date": "",
            "override_provider": [],
            "server_side_encryption": "AES256",
            "source": "../.open-next/assets/_next/static/chunks/461.cd7882eef4303dba.js",
            "source_hash": null,
            "storage_class": "STANDARD",
            "tags": null,
            "tags_all": {},
            "version_id": "",
            "website_redirect": ""
          },
          "sensitive_attributes": [],
          "identity_schema_version": 0,
          "private": "bnVsbA==",
          "dependencies": [
            "aws_s3_bucket.blog_assets"
          ]
        },
        {
          "index_key": "_next/static/chunks/485.32d3a3e1f7d614e9.js",
          "schema_version": 0,
          "attributes": {
            "acl": null,
            "arn": "arn:aws:s3:::gisblog-assets/_next/static/chunks/485.32d3a3e1f7d614e9.js",
            "bucket": "gisblog-assets",
            "bucket_key_enabled": false,
            "cache_control": "public, max-age=31536000, immutable",
            "checksum_algorithm": null,
            "checksum_crc32": "",
            "checksum_crc32c": "",
            "checksum_crc64nvme": "",
            "checksum_sha1": "",
            "checksum_sha256": "",
            "content": null,
            "content_base64": null,
            "content_disposition": "",
            "content_encoding": "",
            "content_language": "",
            "content_type": "application/javascript",
            "etag": "180d0a83bdfee0f694e1e1ef535e5321",
            "force_destroy": false,
            "id": "_next/static/chunks/485.32d3a3e1f7d614e9.js",
            "key": "_next/static/chunks/485.32d3a3e1f7d614e9.js",
            "kms_key_id": null,
            "metadata": null,
            "object_lock_legal_hold_status": "",
            "object_lock_mode": "",
            "object_lock_retain_until_date": "",
            "override_provider": [],
            "server_side_encryption": "AES256",
            "source": "../.open-next/assets/_next/static/chunks/485.32d3a3e1f7d614e9.js",
            "source_hash": null,
            "storage_class": "STANDARD",
            "tags": null,
            "tags_all": {},
            "version_id": "",
            "website_redirect": ""
          },
          "sensitive_attributes": [],
          "identity_schema_version": 0,
          "private": "bnVsbA==",
          "dependencies": [
            "aws_s3_bucket.blog_assets"
          ]
        },
        {
          "index_key": "_next/static/chunks/4bd1b696-100b9d70ed4e49c1.js",
          "schema_version": 0,
          "attributes": {
            "acl": null,
            "arn": "arn:aws:s3:::gisblog-assets/_next/static/chunks/4bd1b696-100b9d70ed4e49c1.js",
            "bucket": "gisblog-assets",
            "bucket_key_enabled": false,
            "cache_control": "public, max-age=31536000, immutable",
            "checksum_algorithm": null,
            "checksum_crc32": "",
            "checksum_crc32c": "",
            "checksum_crc64nvme": "",
            "checksum_sha1": "",
            "checksum_sha256": "",
            "content": null,
            "content_base64": null,
            "content_disposition": "",
            "content_encoding": "",
            "content_language": "",
            "content_type": "application/javascript",
            "etag": "2a9c2166a0ae63c27a466c7fb5903d80",
            "force_destroy": false,
            "id": "_next/static/chunks/4bd1b696-100b9d70ed4e49c1.js",
            "key": "_next/static/chunks/4bd1b696-100b9d70ed4e49c1.js",
            "kms_key_id": null,
            "metadata": null,
            "object_lock_legal_hold_status": "",
            "object_lock_mode": "",
            "object_lock_retain_until_date": "",
            "override_provider": [],
            "server_side_encryption": "AES256",
            "source": "../.open-next/assets/_next/static/chunks/4bd1b696-100b9d70ed4e49c1.js",
            "source_hash": null,
            "storage_class": "STANDARD",
            "tags": null,
            "tags_all": {},
            "version_id": "",
            "website_redirect": ""
          },
          "sensitive_attributes": [],
          "identity_schema_version": 0,
          "private": "bnVsbA==",
          "dependencies": [
            "aws_s3_bucket.blog_assets"
          ]
        },
        {
          "index_key": "_next/static/chunks/5239-b5d471afce036544.js",
          "schema_version": 0,
          "attributes": {
            "acl": null,
            "arn": "arn:aws:s3:::gisblog-assets/_next/static/chunks/5239-b5d471afce036544.js",
            "bucket": "gisblog-assets",
            "bucket_key_enabled": false,
            "cache_control": "public, max-age=31536000, immutable",
            "checksum_algorithm": null,
            "checksum_crc32": "",
            "checksum_crc32c": "",
            "checksum_crc64nvme": "",
            "checksum_sha1": "",
            "checksum_sha256": "",
            "content": null,
            "content_base64": null,
            "content_disposition": "",
            "content_encoding": "",
            "content_language": "",
            "content_type": "application/javascript",
            "etag": "75d7e3bcffa71181c03f9a80a329f297",
            "force_destroy": false,
            "id": "_next/static/chunks/5239-b5d471afce036544.js",
            "key": "_next/static/chunks/5239-b5d471afce036544.js",
            "kms_key_id": null,
            "metadata": null,
            "object_lock_legal_hold_status": "",
            "object_lock_mode": "",
            "object_lock_retain_until_date": "",
            "override_provider": [],
            "server_side_encryption": "AES256",
            "source": "../.open-next/assets/_next/static/chunks/5239-b5d471afce036544.js",
            "source_hash": null,
            "storage_class": "STANDARD",
            "tags": null,
            "tags_all": {},
            "version_id": "",
            "website_redirect": ""
          },
          "sensitive_attributes": [],
          "identity_schema_version": 0,
          "private": "bnVsbA==",
          "dependencies": [
            "aws_s3_bucket.blog_assets"
          ]
        },
        {
          "index_key": "_next/static/chunks/526.47382bf23733427d.js",
          "schema_version": 0,
          "attributes": {
            "acl": null,
            "arn": "arn:aws:s3:::gisblog-assets/_next/static/chunks/526.47382bf23733427d.js",
            "bucket": "gisblog-assets",
            "bucket_key_enabled": false,
            "cache_control": "public, max-age=31536000, immutable",
            "checksum_algorithm": null,
            "checksum_crc32": "",
            "checksum_crc32c": "",
            "checksum_crc64nvme": "",
            "checksum_sha1": "",
            "checksum_sha256": "",
            "content": null,
            "content_base64": null,
            "content_disposition": "",
            "content_encoding": "",
            "content_language": "",
            "content_type": "application/javascript",
            "etag": "e1fd04537ecbd43a71c7fc78e76f4f27",
            "force_destroy": false,
            "id": "_next/static/chunks/526.47382bf23733427d.js",
            "key": "_next/static/chunks/526.47382bf23733427d.js",
            "kms_key_id": null,
            "metadata": null,
            "object_lock_legal_hold_status": "",
            "object_lock_mode": "",
            "object_lock_retain_until_date": "",
            "override_provider": [],
            "server_side_encryption": "AES256",
            "source": "../.open-next/assets/_next/static/chunks/526.47382bf23733427d.js",
            "source_hash": null,
            "storage_class": "STANDARD",
            "tags": null,
            "tags_all": {},
            "version_id": "",
            "website_redirect": ""
          },
          "sensitive_attributes": [],
          "identity_schema_version": 0,
          "private": "bnVsbA==",
          "dependencies": [
            "aws_s3_bucket.blog_assets"
          ]
        },
        {
          "index_key": "_next/static/chunks/5281.51c549f558da3099.js",
          "schema_version": 0,
          "attributes": {
            "acl": null,
            "arn": "arn:aws:s3:::gisblog-assets/_next/static/chunks/5281.51c549f558da3099.js",
            "bucket": "gisblog-assets",
            "bucket_key_enabled": false,
            "cache_control": "public, max-age=31536000, immutable",
            "checksum_algorithm": null,
            "checksum_crc32": "",
            "checksum_crc32c": "",
            "checksum_crc64nvme": "",
            "checksum_sha1": "",
            "checksum_sha256": "",
            "content": null,
            "content_base64": null,
            "content_disposition": "",
            "content_encoding": "",
            "content_language": "",
            "content_type": "application/javascript",
            "etag": "6816c68b105098a5a991c28a3110c0f4",
            "force_destroy": false,
            "id": "_next/static/chunks/5281.51c549f558da3099.js",
            "key": "_next/static/chunks/5281.51c549f558da3099.js",
            "kms_key_id": null,
            "metadata": null,
            "object_lock_legal_hold_status": "",
            "object_lock_mode": "",
            "object_lock_retain_until_date": "",
            "override_provider": [],
            "server_side_encryption": "AES256",
            "source": "../.open-next/assets/_next/static/chunks/5281.51c549f558da3099.js",
            "source_hash": null,
            "storage_class": "STANDARD",
            "tags": null,
            "tags_all": {},
            "version_id": "",
            "website_redirect": ""
          },
          "sensitive_attributes": [],
          "identity_schema_version": 0,
          "private": "bnVsbA==",
          "dependencies": [
            "aws_s3_bucket.blog_assets"
          ]
        },
        {
          "index_key": "_next/static/chunks/5526-386131f96751740b.js",
          "schema_version": 0,
          "attributes": {
            "acl": null,
            "arn": "arn:aws:s3:::gisblog-assets/_next/static/chunks/5526-386131f96751740b.js",
            "bucket": "gisblog-assets",
            "bucket_key_enabled": false,
            "cache_control": "public, max-age=31536000, immutable",
            "checksum_algorithm": null,
            "checksum_crc32": "",
            "checksum_crc32c": "",
            "checksum_crc64nvme": "",
            "checksum_sha1": "",
            "checksum_sha256": "",
            "content": null,
            "content_base64": null,
            "content_disposition": "",
            "content_encoding": "",
            "content_language": "",
            "content_type": "application/javascript",
            "etag": "c8f4b68bf36b490454013556d2435967",
            "force_destroy": false,
            "id": "_next/static/chunks/5526-386131f96751740b.js",
            "key": "_next/static/chunks/5526-386131f96751740b.js",
            "kms_key_id": null,
            "metadata": null,
            "object_lock_legal_hold_status": "",
            "object_lock_mode": "",
            "object_lock_retain_until_date": "",
            "override_provider": [],
            "server_side_encryption": "AES256",
            "source": "../.open-next/assets/_next/static/chunks/5526-386131f96751740b.js",
            "source_hash": null,
            "storage_class": "STANDARD",
            "tags": null,
            "tags_all": {},
            "version_id": "",
            "website_redirect": ""
          },
          "sensitive_attributes": [],
          "identity_schema_version": 0,
          "private": "bnVsbA==",
          "dependencies": [
            "aws_s3_bucket.blog_assets"
          ]
        },
        {
          "index_key": "_next/static/chunks/5600-f177b6049e3c766e.js",
          "schema_version": 0,
          "attributes": {
            "acl": null,
            "arn": "arn:aws:s3:::gisblog-assets/_next/static/chunks/5600-f177b6049e3c766e.js",
            "bucket": "gisblog-assets",
            "bucket_key_enabled": false,
            "cache_control": "public, max-age=31536000, immutable",
            "checksum_algorithm": null,
            "checksum_crc32": "",
            "checksum_crc32c": "",
            "checksum_crc64nvme": "",
            "checksum_sha1": "",
            "checksum_sha256": "",
            "content": null,
            "content_base64": null,
            "content_disposition": "",
            "content_encoding": "",
            "content_language": "",
            "content_type": "application/javascript",
            "etag": "52d610128310574ce12160234ea8cbd3",
            "force_destroy": false,
            "id": "_next/static/chunks/5600-f177b6049e3c766e.js",
            "key": "_next/static/chunks/5600-f177b6049e3c766e.js",
            "kms_key_id": null,
            "metadata": null,
            "object_lock_legal_hold_status": "",
            "object_lock_mode": "",
            "object_lock_retain_until_date": "",
            "override_provider": [],
            "server_side_encryption": "AES256",
            "source": "../.open-next/assets/_next/static/chunks/5600-f177b6049e3c766e.js",
            "source_hash": null,
            "storage_class": "STANDARD",
            "tags": null,
            "tags_all": {},
            "version_id": "",
            "website_redirect": ""
          },
          "sensitive_attributes": [],
          "identity_schema_version": 0,
          "private": "bnVsbA==",
          "dependencies": [
            "aws_s3_bucket.blog_assets"
          ]
        },
        {
          "index_key": "_next/static/chunks/5812.e4e39ca4f4d2a2ef.js",
          "schema_version": 0,
          "attributes": {
            "acl": null,
            "arn": "arn:aws:s3:::gisblog-assets/_next/static/chunks/5812.e4e39ca4f4d2a2ef.js",
            "bucket": "gisblog-assets",
            "bucket_key_enabled": false,
            "cache_control": "public, max-age=31536000, immutable",
            "checksum_algorithm": null,
            "checksum_crc32": "",
            "checksum_crc32c": "",
            "checksum_crc64nvme": "",
            "checksum_sha1": "",
            "checksum_sha256": "",
            "content": null,
            "content_base64": null,
            "content_disposition": "",
            "content_encoding": "",
            "content_language": "",
            "content_type": "application/javascript",
            "etag": "95b0f7f5d50e5e425332efb92e22ad9c",
            "force_destroy": false,
            "id": "_next/static/chunks/5812.e4e39ca4f4d2a2ef.js",
            "key": "_next/static/chunks/5812.e4e39ca4f4d2a2ef.js",
            "kms_key_id": null,
            "metadata": null,
            "object_lock_legal_hold_status": "",
            "object_lock_mode": "",
            "object_lock_retain_until_date": "",
            "override_provider": [],
            "server_side_encryption": "AES256",
            "source": "../.open-next/assets/_next/static/chunks/5812.e4e39ca4f4d2a2ef.js",
            "source_hash": null,
            "storage_class": "STANDARD",
            "tags": null,
            "tags_all": {},
            "version_id": "",
            "website_redirect": ""
          },
          "sensitive_attributes": [],
          "identity_schema_version": 0,
          "private": "bnVsbA==",
          "dependencies": [
            "aws_s3_bucket.blog_assets"
          ]
        },
        {
          "index_key": "_next/static/chunks/5889-2250f65e3c6717a3.js",
          "schema_version": 0,
          "attributes": {
            "acl": null,
            "arn": "arn:aws:s3:::gisblog-assets/_next/static/chunks/5889-2250f65e3c6717a3.js",
            "bucket": "gisblog-assets",
            "bucket_key_enabled": false,
            "cache_control": "public, max-age=31536000, immutable",
            "checksum_algorithm": null,
            "checksum_crc32": "",
            "checksum_crc32c": "",
            "checksum_crc64nvme": "",
            "checksum_sha1": "",
            "checksum_sha256": "",
            "content": null,
            "content_base64": null,
            "content_disposition": "",
            "content_encoding": "",
            "content_language": "",
            "content_type": "application/javascript",
            "etag": "3d42280d457a07dc18ef97e8f2efb9b8",
            "force_destroy": false,
            "id": "_next/static/chunks/5889-2250f65e3c6717a3.js",
            "key": "_next/static/chunks/5889-2250f65e3c6717a3.js",
            "kms_key_id": null,
            "metadata": null,
            "object_lock_legal_hold_status": "",
            "object_lock_mode": "",
            "object_lock_retain_until_date": "",
            "override_provider": [],
            "server_side_encryption": "AES256",
            "source": "../.open-next/assets/_next/static/chunks/5889-2250f65e3c6717a3.js",
            "source_hash": null,
            "storage_class": "STANDARD",
            "tags": null,
            "tags_all": {},
            "version_id": "",
            "website_redirect": ""
          },
          "sensitive_attributes": [],
          "identity_schema_version": 0,
          "private": "bnVsbA==",
          "dependencies": [
            "aws_s3_bucket.blog_assets"
          ]
        },
        {
          "index_key": "_next/static/chunks/5933.b78b6f041ddc37ee.js",
          "schema_version": 0,
          "attributes": {
            "acl": null,
            "arn": "arn:aws:s3:::gisblog-assets/_next/static/chunks/5933.b78b6f041ddc37ee.js",
            "bucket": "gisblog-assets",
            "bucket_key_enabled": false,
            "cache_control": "public, max-age=31536000, immutable",
            "checksum_algorithm": null,
            "checksum_crc32": "",
            "checksum_crc32c": "",
            "checksum_crc64nvme": "",
            "checksum_sha1": "",
            "checksum_sha256": "",
            "content": null,
            "content_base64": null,
            "content_disposition": "",
            "content_encoding": "",
            "content_language": "",
            "content_type": "application/javascript",
            "etag": "8073118f15c8edbc4ce8fb9d1c49b9d0",
            "force_destroy": false,
            "id": "_next/static/chunks/5933.b78b6f041ddc37ee.js",
            "key": "_next/static/chunks/5933.b78b6f041ddc37ee.js",
            "kms_key_id": null,
            "metadata": null,
            "object_lock_legal_hold_status": "",
            "object_lock_mode": "",
            "object_lock_retain_until_date": "",
            "override_provider": [],
            "server_side_encryption": "AES256",
            "source": "../.open-next/assets/_next/static/chunks/5933.b78b6f041ddc37ee.js",
            "source_hash": null,
            "storage_class": "STANDARD",
            "tags": null,
            "tags_all": {},
            "version_id": "",
            "website_redirect": ""
          },
          "sensitive_attributes": [],
          "identity_schema_version": 0,
          "private": "bnVsbA==",
          "dependencies": [
            "aws_s3_bucket.blog_assets"
          ]
        },
        {
          "index_key": "_next/static/chunks/5951.ed969c78175e34b4.js",
          "schema_version": 0,
          "attributes": {
            "acl": null,
            "arn": "arn:aws:s3:::gisblog-assets/_next/static/chunks/5951.ed969c78175e34b4.js",
            "bucket": "gisblog-assets",
            "bucket_key_enabled": false,
            "cache_control": "public, max-age=31536000, immutable",
            "checksum_algorithm": null,
            "checksum_crc32": "",
            "checksum_crc32c": "",
            "checksum_crc64nvme": "",
            "checksum_sha1": "",
            "checksum_sha256": "",
            "content": null,
            "content_base64": null,
            "content_disposition": "",
            "content_encoding": "",
            "content_language": "",
            "content_type": "application/javascript",
            "etag": "a1be326bd4d69d66ae560fbb6125fb17",
            "force_destroy": false,
            "id": "_next/static/chunks/5951.ed969c78175e34b4.js",
            "key": "_next/static/chunks/5951.ed969c78175e34b4.js",
            "kms_key_id": null,
            "metadata": null,
            "object_lock_legal_hold_status": "",
            "object_lock_mode": "",
            "object_lock_retain_until_date": "",
            "override_provider": [],
            "server_side_encryption": "AES256",
            "source": "../.open-next/assets/_next/static/chunks/5951.ed969c78175e34b4.js",
            "source_hash": null,
            "storage_class": "STANDARD",
            "tags": null,
            "tags_all": {},
            "version_id": "",
            "website_redirect": ""
          },
          "sensitive_attributes": [],
          "identity_schema_version": 0,
          "private": "bnVsbA==",
          "dependencies": [
            "aws_s3_bucket.blog_assets"
          ]
        },
        {
          "index_key": "_next/static/chunks/6354.a90b3e82a055aa9b.js",
          "schema_version": 0,
          "attributes": {
            "acl": null,
            "arn": "arn:aws:s3:::gisblog-assets/_next/static/chunks/6354.a90b3e82a055aa9b.js",
            "bucket": "gisblog-assets",
            "bucket_key_enabled": false,
            "cache_control": "public, max-age=31536000, immutable",
            "checksum_algorithm": null,
            "checksum_crc32": "",
            "checksum_crc32c": "",
            "checksum_crc64nvme": "",
            "checksum_sha1": "",
            "checksum_sha256": "",
            "content": null,
            "content_base64": null,
            "content_disposition": "",
            "content_encoding": "",
            "content_language": "",
            "content_type": "application/javascript",
            "etag": "477ddbbbaf70f21042bd09caec504f0f",
            "force_destroy": false,
            "id": "_next/static/chunks/6354.a90b3e82a055aa9b.js",
            "key": "_next/static/chunks/6354.a90b3e82a055aa9b.js",
            "kms_key_id": null,
            "metadata": null,
            "object_lock_legal_hold_status": "",
            "object_lock_mode": "",
            "object_lock_retain_until_date": "",
            "override_provider": [],
            "server_side_encryption": "AES256",
            "source": "../.open-next/assets/_next/static/chunks/6354.a90b3e82a055aa9b.js",
            "source_hash": null,
            "storage_class": "STANDARD",
            "tags": null,
            "tags_all": {},
            "version_id": "",
            "website_redirect": ""
          },
          "sensitive_attributes": [],
          "identity_schema_version": 0,
          "private": "bnVsbA==",
          "dependencies": [
            "aws_s3_bucket.blog_assets"
          ]
        },
        {
          "index_key": "_next/static/chunks/65ce2e30.e9519eac3be41a32.js",
          "schema_version": 0,
          "attributes": {
            "acl": null,
            "arn": "arn:aws:s3:::gisblog-assets/_next/static/chunks/65ce2e30.e9519eac3be41a32.js",
            "bucket": "gisblog-assets",
            "bucket_key_enabled": false,
            "cache_control": "public, max-age=31536000, immutable",
            "checksum_algorithm": null,
            "checksum_crc32": "",
            "checksum_crc32c": "",
            "checksum_crc64nvme": "",
            "checksum_sha1": "",
            "checksum_sha256": "",
            "content": null,
            "content_base64": null,
            "content_disposition": "",
            "content_encoding": "",
            "content_language": "",
            "content_type": "application/javascript",
            "etag": "5bcf45a27c602d0736998d0bd25af4be",
            "force_destroy": false,
            "id": "_next/static/chunks/65ce2e30.e9519eac3be41a32.js",
            "key": "_next/static/chunks/65ce2e30.e9519eac3be41a32.js",
            "kms_key_id": null,
            "metadata": null,
            "object_lock_legal_hold_status": "",
            "object_lock_mode": "",
            "object_lock_retain_until_date": "",
            "override_provider": [],
            "server_side_encryption": "AES256",
            "source": "../.open-next/assets/_next/static/chunks/65ce2e30.e9519eac3be41a32.js",
            "source_hash": null,
            "storage_class": "STANDARD",
            "tags": null,
            "tags_all": {},
            "version_id": "",
            "website_redirect": ""
          },
          "sensitive_attributes": [],
          "identity_schema_version": 0,
          "private": "bnVsbA==",
          "dependencies": [
            "aws_s3_bucket.blog_assets"
          ]
        },
        {
          "index_key": "_next/static/chunks/665.d7bdc3a888bcc810.js",
          "schema_version": 0,
          "attributes": {
            "acl": null,
            "arn": "arn:aws:s3:::gisblog-assets/_next/static/chunks/665.d7bdc3a888bcc810.js",
            "bucket": "gisblog-assets",
            "bucket_key_enabled": false,
            "cache_control": "public, max-age=31536000, immutable",
            "checksum_algorithm": null,
            "checksum_crc32": "",
            "checksum_crc32c": "",
            "checksum_crc64nvme": "",
            "checksum_sha1": "",
            "checksum_sha256": "",
            "content": null,
            "content_base64": null,
            "content_disposition": "",
            "content_encoding": "",
            "content_language": "",
            "content_type": "application/javascript",
            "etag": "0604307defae564324225fbac6464519",
            "force_destroy": false,
            "id": "_next/static/chunks/665.d7bdc3a888bcc810.js",
            "key": "_next/static/chunks/665.d7bdc3a888bcc810.js",
            "kms_key_id": null,
            "metadata": null,
            "object_lock_legal_hold_status": "",
            "object_lock_mode": "",
            "object_lock_retain_until_date": "",
            "override_provider": [],
            "server_side_encryption": "AES256",
            "source": "../.open-next/assets/_next/static/chunks/665.d7bdc3a888bcc810.js",
            "source_hash": null,
            "storage_class": "STANDARD",
            "tags": null,
            "tags_all": {},
            "version_id": "",
            "website_redirect": ""
          },
          "sensitive_attributes": [],
          "identity_schema_version": 0,
          "private": "bnVsbA==",
          "dependencies": [
            "aws_s3_bucket.blog_assets"
          ]
        },
        {
          "index_key": "_next/static/chunks/6706.daddad8ae3394c26.js",
          "schema_version": 0,
          "attributes": {
            "acl": null,
            "arn": "arn:aws:s3:::gisblog-assets/_next/static/chunks/6706.daddad8ae3394c26.js",
            "bucket": "gisblog-assets",
            "bucket_key_enabled": false,
            "cache_control": "public, max-age=31536000, immutable",
            "checksum_algorithm": null,
            "checksum_crc32": "",
            "checksum_crc32c": "",
            "checksum_crc64nvme": "",
            "checksum_sha1": "",
            "checksum_sha256": "",
            "content": null,
            "content_base64": null,
            "content_disposition": "",
            "content_encoding": "",
            "content_language": "",
            "content_type": "application/javascript",
            "etag": "0d7f803345f21fe27f53d556cac94f67",
            "force_destroy": false,
            "id": "_next/static/chunks/6706.daddad8ae3394c26.js",
            "key": "_next/static/chunks/6706.daddad8ae3394c26.js",
            "kms_key_id": null,
            "metadata": null,
            "object_lock_legal_hold_status": "",
            "object_lock_mode": "",
            "object_lock_retain_until_date": "",
            "override_provider": [],
            "server_side_encryption": "AES256",
            "source": "../.open-next/assets/_next/static/chunks/6706.daddad8ae3394c26.js",
            "source_hash": null,
            "storage_class": "STANDARD",
            "tags": null,
            "tags_all": {},
            "version_id": "",
            "website_redirect": ""
          },
          "sensitive_attributes": [],
          "identity_schema_version": 0,
          "private": "bnVsbA==",
          "dependencies": [
            "aws_s3_bucket.blog_assets"
          ]
        },
        {
          "index_key": "_next/static/chunks/6935.2d73f9d655ceeb69.js",
          "schema_version": 0,
          "attributes": {
            "acl": null,
            "arn": "arn:aws:s3:::gisblog-assets/_next/static/chunks/6935.2d73f9d655ceeb69.js",
            "bucket": "gisblog-assets",
            "bucket_key_enabled": false,
            "cache_control": "public, max-age=31536000, immutable",
            "checksum_algorithm": null,
            "checksum_crc32": "",
            "checksum_crc32c": "",
            "checksum_crc64nvme": "",
            "checksum_sha1": "",
            "checksum_sha256": "",
            "content": null,
            "content_base64": null,
            "content_disposition": "",
            "content_encoding": "",
            "content_language": "",
            "content_type": "application/javascript",
            "etag": "03eafa71411a714ba1cef48c539afe0f",
            "force_destroy": false,
            "id": "_next/static/chunks/6935.2d73f9d655ceeb69.js",
            "key": "_next/static/chunks/6935.2d73f9d655ceeb69.js",
            "kms_key_id": null,
            "metadata": null,
            "object_lock_legal_hold_status": "",
            "object_lock_mode": "",
            "object_lock_retain_until_date": "",
            "override_provider": [],
            "server_side_encryption": "AES256",
            "source": "../.open-next/assets/_next/static/chunks/6935.2d73f9d655ceeb69.js",
            "source_hash": null,
            "storage_class": "STANDARD",
            "tags": null,
            "tags_all": {},
            "version_id": "",
            "website_redirect": ""
          },
          "sensitive_attributes": [],
          "identity_schema_version": 0,
          "private": "bnVsbA==",
          "dependencies": [
            "aws_s3_bucket.blog_assets"
          ]
        },
        {
          "index_key": "_next/static/chunks/7083.6b5c8f35710a4f00.js",
          "schema_version": 0,
          "attributes": {
            "acl": null,
            "arn": "arn:aws:s3:::gisblog-assets/_next/static/chunks/7083.6b5c8f35710a4f00.js",
            "bucket": "gisblog-assets",
            "bucket_key_enabled": false,
            "cache_control": "public, max-age=31536000, immutable",
            "checksum_algorithm": null,
            "checksum_crc32": "",
            "checksum_crc32c": "",
            "checksum_crc64nvme": "",
            "checksum_sha1": "",
            "checksum_sha256": "",
            "content": null,
            "content_base64": null,
            "content_disposition": "",
            "content_encoding": "",
            "content_language": "",
            "content_type": "application/javascript",
            "etag": "ef8efc5abf70cc95b6236d39e5eaf1f6",
            "force_destroy": false,
            "id": "_next/static/chunks/7083.6b5c8f35710a4f00.js",
            "key": "_next/static/chunks/7083.6b5c8f35710a4f00.js",
            "kms_key_id": null,
            "metadata": null,
            "object_lock_legal_hold_status": "",
            "object_lock_mode": "",
            "object_lock_retain_until_date": "",
            "override_provider": [],
            "server_side_encryption": "AES256",
            "source": "../.open-next/assets/_next/static/chunks/7083.6b5c8f35710a4f00.js",
            "source_hash": null,
            "storage_class": "STANDARD",
            "tags": null,
            "tags_all": {},
            "version_id": "",
            "website_redirect": ""
          },
          "sensitive_attributes": [],
          "identity_schema_version": 0,
          "private": "bnVsbA==",
          "dependencies": [
            "aws_s3_bucket.blog_assets"
          ]
        },
        {
          "index_key": "_next/static/chunks/7141.989f9dcc4eaccb2c.js",
          "schema_version": 0,
          "attributes": {
            "acl": null,
            "arn": "arn:aws:s3:::gisblog-assets/_next/static/chunks/7141.989f9dcc4eaccb2c.js",
            "bucket": "gisblog-assets",
            "bucket_key_enabled": false,
            "cache_control": "public, max-age=31536000, immutable",
            "checksum_algorithm": null,
            "checksum_crc32": "",
            "checksum_crc32c": "",
            "checksum_crc64nvme": "",
            "checksum_sha1": "",
            "checksum_sha256": "",
            "content": null,
            "content_base64": null,
            "content_disposition": "",
            "content_encoding": "",
            "content_language": "",
            "content_type": "application/javascript",
            "etag": "d9e3d80482cd01fc13463063e74da99e",
            "force_destroy": false,
            "id": "_next/static/chunks/7141.989f9dcc4eaccb2c.js",
            "key": "_next/static/chunks/7141.989f9dcc4eaccb2c.js",
            "kms_key_id": null,
            "metadata": null,
            "object_lock_legal_hold_status": "",
            "object_lock_mode": "",
            "object_lock_retain_until_date": "",
            "override_provider": [],
            "server_side_encryption": "AES256",
            "source": "../.open-next/assets/_next/static/chunks/7141.989f9dcc4eaccb2c.js",
            "source_hash": null,
            "storage_class": "STANDARD",
            "tags": null,
            "tags_all": {},
            "version_id": "",
            "website_redirect": ""
          },
          "sensitive_attributes": [],
          "identity_schema_version": 0,
          "private": "bnVsbA==",
          "dependencies": [
            "aws_s3_bucket.blog_assets"
          ]
        },
        {
          "index_key": "_next/static/chunks/7265.66fc839c1d5835d3.js",
          "schema_version": 0,
          "attributes": {
            "acl": null,
            "arn": "arn:aws:s3:::gisblog-assets/_next/static/chunks/7265.66fc839c1d5835d3.js",
            "bucket": "gisblog-assets",
            "bucket_key_enabled": false,
            "cache_control": "public, max-age=31536000, immutable",
            "checksum_algorithm": null,
            "checksum_crc32": "",
            "checksum_crc32c": "",
            "checksum_crc64nvme": "",
            "checksum_sha1": "",
            "checksum_sha256": "",
            "content": null,
            "content_base64": null,
            "content_disposition": "",
            "content_encoding": "",
            "content_language": "",
            "content_type": "application/javascript",
            "etag": "20bb2fdb661c50b2fce6732ee37100b3",
            "force_destroy": false,
            "id": "_next/static/chunks/7265.66fc839c1d5835d3.js",
            "key": "_next/static/chunks/7265.66fc839c1d5835d3.js",
            "kms_key_id": null,
            "metadata": null,
            "object_lock_legal_hold_status": "",
            "object_lock_mode": "",
            "object_lock_retain_until_date": "",
            "override_provider": [],
            "server_side_encryption": "AES256",
            "source": "../.open-next/assets/_next/static/chunks/7265.66fc839c1d5835d3.js",
            "source_hash": null,
            "storage_class": "STANDARD",
            "tags": null,
            "tags_all": {},
            "version_id": "",
            "website_redirect": ""
          },
          "sensitive_attributes": [],
          "identity_schema_version": 0,
          "private": "bnVsbA==",
          "dependencies": [
            "aws_s3_bucket.blog_assets"
          ]
        },
        {
          "index_key": "_next/static/chunks/7761.89ecdb35f2a5776f.js",
          "schema_version": 0,
          "attributes": {
            "acl": null,
            "arn": "arn:aws:s3:::gisblog-assets/_next/static/chunks/7761.89ecdb35f2a5776f.js",
            "bucket": "gisblog-assets",
            "bucket_key_enabled": false,
            "cache_control": "public, max-age=31536000, immutable",
            "checksum_algorithm": null,
            "checksum_crc32": "",
            "checksum_crc32c": "",
            "checksum_crc64nvme": "",
            "checksum_sha1": "",
            "checksum_sha256": "",
            "content": null,
            "content_base64": null,
            "content_disposition": "",
            "content_encoding": "",
            "content_language": "",
            "content_type": "application/javascript",
            "etag": "cdb0bae0e878c6626d400797449eb2d3",
            "force_destroy": false,
            "id": "_next/static/chunks/7761.89ecdb35f2a5776f.js",
            "key": "_next/static/chunks/7761.89ecdb35f2a5776f.js",
            "kms_key_id": null,
            "metadata": null,
            "object_lock_legal_hold_status": "",
            "object_lock_mode": "",
            "object_lock_retain_until_date": "",
            "override_provider": [],
            "server_side_encryption": "AES256",
            "source": "../.open-next/assets/_next/static/chunks/7761.89ecdb35f2a5776f.js",
            "source_hash": null,
            "storage_class": "STANDARD",
            "tags": null,
            "tags_all": {},
            "version_id": "",
            "website_redirect": ""
          },
          "sensitive_attributes": [],
          "identity_schema_version": 0,
          "private": "bnVsbA==",
          "dependencies": [
            "aws_s3_bucket.blog_assets"
          ]
        },
        {
          "index_key": "_next/static/chunks/7866.7396824c4275c4cf.js",
          "schema_version": 0,
          "attributes": {
            "acl": null,
            "arn": "arn:aws:s3:::gisblog-assets/_next/static/chunks/7866.7396824c4275c4cf.js",
            "bucket": "gisblog-assets",
            "bucket_key_enabled": false,
            "cache_control": "public, max-age=31536000, immutable",
            "checksum_algorithm": null,
            "checksum_crc32": "",
            "checksum_crc32c": "",
            "checksum_crc64nvme": "",
            "checksum_sha1": "",
            "checksum_sha256": "",
            "content": null,
            "content_base64": null,
            "content_disposition": "",
            "content_encoding": "",
            "content_language": "",
            "content_type": "application/javascript",
            "etag": "3a4cb99659726ed69c19f5797aecb36c",
            "force_destroy": false,
            "id": "_next/static/chunks/7866.7396824c4275c4cf.js",
            "key": "_next/static/chunks/7866.7396824c4275c4cf.js",
            "kms_key_id": null,
            "metadata": null,
            "object_lock_legal_hold_status": "",
            "object_lock_mode": "",
            "object_lock_retain_until_date": "",
            "override_provider": [],
            "server_side_encryption": "AES256",
            "source": "../.open-next/assets/_next/static/chunks/7866.7396824c4275c4cf.js",
            "source_hash": null,
            "storage_class": "STANDARD",
            "tags": null,
            "tags_all": {},
            "version_id": "",
            "website_redirect": ""
          },
          "sensitive_attributes": [],
          "identity_schema_version": 0,
          "private": "bnVsbA==",
          "dependencies": [
            "aws_s3_bucket.blog_assets"
          ]
        },
        {
          "index_key": "_next/static/chunks/8175.9c76cdfbf4b95839.js",
          "schema_version": 0,
          "attributes": {
            "acl": null,
            "arn": "arn:aws:s3:::gisblog-assets/_next/static/chunks/8175.9c76cdfbf4b95839.js",
            "bucket": "gisblog-assets",
            "bucket_key_enabled": false,
            "cache_control": "public, max-age=31536000, immutable",
            "checksum_algorithm": null,
            "checksum_crc32": "",
            "checksum_crc32c": "",
            "checksum_crc64nvme": "",
            "checksum_sha1": "",
            "checksum_sha256": "",
            "content": null,
            "content_base64": null,
            "content_disposition": "",
            "content_encoding": "",
            "content_language": "",
            "content_type": "application/javascript",
            "etag": "f7b26474dbc74518c7f8754104d46b88",
            "force_destroy": false,
            "id": "_next/static/chunks/8175.9c76cdfbf4b95839.js",
            "key": "_next/static/chunks/8175.9c76cdfbf4b95839.js",
            "kms_key_id": null,
            "metadata": null,
            "object_lock_legal_hold_status": "",
            "object_lock_mode": "",
            "object_lock_retain_until_date": "",
            "override_provider": [],
            "server_side_encryption": "AES256",
            "source": "../.open-next/assets/_next/static/chunks/8175.9c76cdfbf4b95839.js",
            "source_hash": null,
            "storage_class": "STANDARD",
            "tags": null,
            "tags_all": {},
            "version_id": "",
            "website_redirect": ""
          },
          "sensitive_attributes": [],
          "identity_schema_version": 0,
          "private": "bnVsbA==",
          "dependencies": [
            "aws_s3_bucket.blog_assets"
          ]
        },
        {
          "index_key": "_next/static/chunks/8456.49d377e3d7b2c2e8.js",
          "schema_version": 0,
          "attributes": {
            "acl": null,
            "arn": "arn:aws:s3:::gisblog-assets/_next/static/chunks/8456.49d377e3d7b2c2e8.js",
            "bucket": "gisblog-assets",
            "bucket_key_enabled": false,
            "cache_control": "public, max-age=31536000, immutable",
            "checksum_algorithm": null,
            "checksum_crc32": "",
            "checksum_crc32c": "",
            "checksum_crc64nvme": "",
            "checksum_sha1": "",
            "checksum_sha256": "",
            "content": null,
            "content_base64": null,
            "content_disposition": "",
            "content_encoding": "",
            "content_language": "",
            "content_type": "application/javascript",
            "etag": "55e2aeb1fb08f7c9886f4a5282050115",
            "force_destroy": false,
            "id": "_next/static/chunks/8456.49d377e3d7b2c2e8.js",
            "key": "_next/static/chunks/8456.49d377e3d7b2c2e8.js",
            "kms_key_id": null,
            "metadata": null,
            "object_lock_legal_hold_status": "",
            "object_lock_mode": "",
            "object_lock_retain_until_date": "",
            "override_provider": [],
            "server_side_encryption": "AES256",
            "source": "../.open-next/assets/_next/static/chunks/8456.49d377e3d7b2c2e8.js",
            "source_hash": null,
            "storage_class": "STANDARD",
            "tags": null,
            "tags_all": {},
            "version_id": "",
            "website_redirect": ""
          },
          "sensitive_attributes": [],
          "identity_schema_version": 0,
          "private": "bnVsbA==",
          "dependencies": [
            "aws_s3_bucket.blog_assets"
          ]
        },
        {
          "index_key": "_next/static/chunks/8513-10903fe917023380.js",
          "schema_version": 0,
          "attributes": {
            "acl": null,
            "arn": "arn:aws:s3:::gisblog-assets/_next/static/chunks/8513-10903fe917023380.js",
            "bucket": "gisblog-assets",
            "bucket_key_enabled": false,
            "cache_control": "public, max-age=31536000, immutable",
            "checksum_algorithm": null,
            "checksum_crc32": "",
            "checksum_crc32c": "",
            "checksum_crc64nvme": "",
            "checksum_sha1": "",
            "checksum_sha256": "",
            "content": null,
            "content_base64": null,
            "content_disposition": "",
            "content_encoding": "",
            "content_language": "",
            "content_type": "application/javascript",
            "etag": "f7f8c44322746517e8a1631274e50dca",
            "force_destroy": false,
            "id": "_next/static/chunks/8513-10903fe917023380.js",
            "key": "_next/static/chunks/8513-10903fe917023380.js",
            "kms_key_id": null,
            "metadata": null,
            "object_lock_legal_hold_status": "",
            "object_lock_mode": "",
            "object_lock_retain_until_date": "",
            "override_provider": [],
            "server_side_encryption": "AES256",
            "source": "../.open-next/assets/_next/static/chunks/8513-10903fe917023380.js",
            "source_hash": null,
            "storage_class": "STANDARD",
            "tags": null,
            "tags_all": {},
            "version_id": "",
            "website_redirect": ""
          },
          "sensitive_attributes": [],
          "identity_schema_version": 0,
          "private": "bnVsbA==",
          "dependencies": [
            "aws_s3_bucket.blog_assets"
          ]
        },
        {
          "index_key": "_next/static/chunks/8601-6bd900b30f2ccab2.js",
          "schema_version": 0,
          "attributes": {
            "acl": null,
            "arn": "arn:aws:s3:::gisblog-assets/_next/static/chunks/8601-6bd900b30f2ccab2.js",
            "bucket": "gisblog-assets",
            "bucket_key_enabled": false,
            "cache_control": "public, max-age=31536000, immutable",
            "checksum_algorithm": null,
            "checksum_crc32": "",
            "checksum_crc32c": "",
            "checksum_crc64nvme": "",
            "checksum_sha1": "",
            "checksum_sha256": "",
            "content": null,
            "content_base64": null,
            "content_disposition": "",
            "content_encoding": "",
            "content_language": "",
            "content_type": "application/javascript",
            "etag": "a9ec5c0a9c0d7970646dc4946b8da061",
            "force_destroy": false,
            "id": "_next/static/chunks/8601-6bd900b30f2ccab2.js",
            "key": "_next/static/chunks/8601-6bd900b30f2ccab2.js",
            "kms_key_id": null,
            "metadata": null,
            "object_lock_legal_hold_status": "",
            "object_lock_mode": "",
            "object_lock_retain_until_date": "",
            "override_provider": [],
            "server_side_encryption": "AES256",
            "source": "../.open-next/assets/_next/static/chunks/8601-6bd900b30f2ccab2.js",
            "source_hash": null,
            "storage_class": "STANDARD",
            "tags": null,
            "tags_all": {},
            "version_id": "",
            "website_redirect": ""
          },
          "sensitive_attributes": [],
          "identity_schema_version": 0,
          "private": "bnVsbA==",
          "dependencies": [
            "aws_s3_bucket.blog_assets"
          ]
        },
        {
          "index_key": "_next/static/chunks/8874.fca9ab7da32bf9c8.js",
          "schema_version": 0,
          "attributes": {
            "acl": null,
            "arn": "arn:aws:s3:::gisblog-assets/_next/static/chunks/8874.fca9ab7da32bf9c8.js",
            "bucket": "gisblog-assets",
            "bucket_key_enabled": false,
            "cache_control": "public, max-age=31536000, immutable",
            "checksum_algorithm": null,
            "checksum_crc32": "",
            "checksum_crc32c": "",
            "checksum_crc64nvme": "",
            "checksum_sha1": "",
            "checksum_sha256": "",
            "content": null,
            "content_base64": null,
            "content_disposition": "",
            "content_encoding": "",
            "content_language": "",
            "content_type": "application/javascript",
            "etag": "b55a1be62afaa096967a8a4a248f7783",
            "force_destroy": false,
            "id": "_next/static/chunks/8874.fca9ab7da32bf9c8.js",
            "key": "_next/static/chunks/8874.fca9ab7da32bf9c8.js",
            "kms_key_id": null,
            "metadata": null,
            "object_lock_legal_hold_status": "",
            "object_lock_mode": "",
            "object_lock_retain_until_date": "",
            "override_provider": [],
            "server_side_encryption": "AES256",
            "source": "../.open-next/assets/_next/static/chunks/8874.fca9ab7da32bf9c8.js",
            "source_hash": null,
            "storage_class": "STANDARD",
            "tags": null,
            "tags_all": {},
            "version_id": "",
            "website_redirect": ""
          },
          "sensitive_attributes": [],
          "identity_schema_version": 0,
          "private": "bnVsbA==",
          "dependencies": [
            "aws_s3_bucket.blog_assets"
          ]
        },
        {
          "index_key": "_next/static/chunks/8925.d2c1159a3c92adcc.js",
          "schema_version": 0,
          "attributes": {
            "acl": null,
            "arn": "arn:aws:s3:::gisblog-assets/_next/static/chunks/8925.d2c1159a3c92adcc.js",
            "bucket": "gisblog-assets",
            "bucket_key_enabled": false,
            "cache_control": "public, max-age=31536000, immutable",
            "checksum_algorithm": null,
            "checksum_crc32": "",
            "checksum_crc32c": "",
            "checksum_crc64nvme": "",
            "checksum_sha1": "",
            "checksum_sha256": "",
            "content": null,
            "content_base64": null,
            "content_disposition": "",
            "content_encoding": "",
            "content_language": "",
            "content_type": "application/javascript",
            "etag": "0b3012b1a18f517cc70306aa7c1d6922",
            "force_destroy": false,
            "id": "_next/static/chunks/8925.d2c1159a3c92adcc.js",
            "key": "_next/static/chunks/8925.d2c1159a3c92adcc.js",
            "kms_key_id": null,
            "metadata": null,
            "object_lock_legal_hold_status": "",
            "object_lock_mode": "",
            "object_lock_retain_until_date": "",
            "override_provider": [],
            "server_side_encryption": "AES256",
            "source": "../.open-next/assets/_next/static/chunks/8925.d2c1159a3c92adcc.js",
            "source_hash": null,
            "storage_class": "STANDARD",
            "tags": null,
            "tags_all": {},
            "version_id": "",
            "website_redirect": ""
          },
          "sensitive_attributes": [],
          "identity_schema_version": 0,
          "private": "bnVsbA==",
          "dependencies": [
            "aws_s3_bucket.blog_assets"
          ]
        },
        {
          "index_key": "_next/static/chunks/9014.9410ef55ed975a5b.js",
          "schema_version": 0,
          "attributes": {
            "acl": null,
            "arn": "arn:aws:s3:::gisblog-assets/_next/static/chunks/9014.9410ef55ed975a5b.js",
            "bucket": "gisblog-assets",
            "bucket_key_enabled": false,
            "cache_control": "public, max-age=31536000, immutable",
            "checksum_algorithm": null,
            "checksum_crc32": "",
            "checksum_crc32c": "",
            "checksum_crc64nvme": "",
            "checksum_sha1": "",
            "checksum_sha256": "",
            "content": null,
            "content_base64": null,
            "content_disposition": "",
            "content_encoding": "",
            "content_language": "",
            "content_type": "application/javascript",
            "etag": "82487c6a0b6e582423ccb94adcce712f",
            "force_destroy": false,
            "id": "_next/static/chunks/9014.9410ef55ed975a5b.js",
            "key": "_next/static/chunks/9014.9410ef55ed975a5b.js",
            "kms_key_id": null,
            "metadata": null,
            "object_lock_legal_hold_status": "",
            "object_lock_mode": "",
            "object_lock_retain_until_date": "",
            "override_provider": [],
            "server_side_encryption": "AES256",
            "source": "../.open-next/assets/_next/static/chunks/9014.9410ef55ed975a5b.js",
            "source_hash": null,
            "storage_class": "STANDARD",
            "tags": null,
            "tags_all": {},
            "version_id": "",
            "website_redirect": ""
          },
          "sensitive_attributes": [],
          "identity_schema_version": 0,
          "private": "bnVsbA==",
          "dependencies": [
            "aws_s3_bucket.blog_assets"
          ]
        },
        {
          "index_key": "_next/static/chunks/90542734.c2386877103b1d80.js",
          "schema_version": 0,
          "attributes": {
            "acl": null,
            "arn": "arn:aws:s3:::gisblog-assets/_next/static/chunks/90542734.c2386877103b1d80.js",
            "bucket": "gisblog-assets",
            "bucket_key_enabled": false,
            "cache_control": "public, max-age=31536000, immutable",
            "checksum_algorithm": null,
            "checksum_crc32": "",
            "checksum_crc32c": "",
            "checksum_crc64nvme": "",
            "checksum_sha1": "",
            "checksum_sha256": "",
            "content": null,
            "content_base64": null,
            "content_disposition": "",
            "content_encoding": "",
            "content_language": "",
            "content_type": "application/javascript",
            "etag": "0fefc86e81b36c29643f96b59fbb140f",
            "force_destroy": false,
            "id": "_next/static/chunks/90542734.c2386877103b1d80.js",
            "key": "_next/static/chunks/90542734.c2386877103b1d80.js",
            "kms_key_id": null,
            "metadata": null,
            "object_lock_legal_hold_status": "",
            "object_lock_mode": "",
            "object_lock_retain_until_date": "",
            "override_provider": [],
            "server_side_encryption": "AES256",
            "source": "../.open-next/assets/_next/static/chunks/90542734.c2386877103b1d80.js",
            "source_hash": null,
            "storage_class": "STANDARD",
            "tags": null,
            "tags_all": {},
            "version_id": "",
            "website_redirect": ""
          },
          "sensitive_attributes": [],
          "identity_schema_version": 0,
          "private": "bnVsbA==",
          "dependencies": [
            "aws_s3_bucket.blog_assets"
          ]
        },
        {
          "index_key": "_next/static/chunks/9426.551a9d5debcfaddf.js",
          "schema_version": 0,
          "attributes": {
            "acl": null,
            "arn": "arn:aws:s3:::gisblog-assets/_next/static/chunks/9426.551a9d5debcfaddf.js",
            "bucket": "gisblog-assets",
            "bucket_key_enabled": false,
            "cache_control": "public, max-age=31536000, immutable",
            "checksum_algorithm": null,
            "checksum_crc32": "",
            "checksum_crc32c": "",
            "checksum_crc64nvme": "",
            "checksum_sha1": "",
            "checksum_sha256": "",
            "content": null,
            "content_base64": null,
            "content_disposition": "",
            "content_encoding": "",
            "content_language": "",
            "content_type": "application/javascript",
            "etag": "2274dcf2e1baabc6edb5b124c5c93e82",
            "force_destroy": false,
            "id": "_next/static/chunks/9426.551a9d5debcfaddf.js",
            "key": "_next/static/chunks/9426.551a9d5debcfaddf.js",
            "kms_key_id": null,
            "metadata": null,
            "object_lock_legal_hold_status": "",
            "object_lock_mode": "",
            "object_lock_retain_until_date": "",
            "override_provider": [],
            "server_side_encryption": "AES256",
            "source": "../.open-next/assets/_next/static/chunks/9426.551a9d5debcfaddf.js",
            "source_hash": null,
            "storage_class": "STANDARD",
            "tags": null,
            "tags_all": {},
            "version_id": "",
            "website_redirect": ""
          },
          "sensitive_attributes": [],
          "identity_schema_version": 0,
          "private": "bnVsbA==",
          "dependencies": [
            "aws_s3_bucket.blog_assets"
          ]
        },
        {
          "index_key": "_next/static/chunks/9764.4da951db82e989c2.js",
          "schema_version": 0,
          "attributes": {
            "acl": null,
            "arn": "arn:aws:s3:::gisblog-assets/_next/static/chunks/9764.4da951db82e989c2.js",
            "bucket": "gisblog-assets",
            "bucket_key_enabled": false,
            "cache_control": "public, max-age=31536000, immutable",
            "checksum_algorithm": null,
            "checksum_crc32": "",
            "checksum_crc32c": "",
            "checksum_crc64nvme": "",
            "checksum_sha1": "",
            "checksum_sha256": "",
            "content": null,
            "content_base64": null,
            "content_disposition": "",
            "content_encoding": "",
            "content_language": "",
            "content_type": "application/javascript",
            "etag": "1c6918010f7f84c125338c865ccc832a",
            "force_destroy": false,
            "id": "_next/static/chunks/9764.4da951db82e989c2.js",
            "key": "_next/static/chunks/9764.4da951db82e989c2.js",
            "kms_key_id": null,
            "metadata": null,
            "object_lock_legal_hold_status": "",
            "object_lock_mode": "",
            "object_lock_retain_until_date": "",
            "override_provider": [],
            "server_side_encryption": "AES256",
            "source": "../.open-next/assets/_next/static/chunks/9764.4da951db82e989c2.js",
            "source_hash": null,
            "storage_class": "STANDARD",
            "tags": null,
            "tags_all": {},
            "version_id": "",
            "website_redirect": ""
          },
          "sensitive_attributes": [],
          "identity_schema_version": 0,
          "private": "bnVsbA==",
          "dependencies": [
            "aws_s3_bucket.blog_assets"
          ]
        },
        {
          "index_key": "_next/static/chunks/9923.4f29ece38589613f.js",
          "schema_version": 0,
          "attributes": {
            "acl": null,
            "arn": "arn:aws:s3:::gisblog-assets/_next/static/chunks/9923.4f29ece38589613f.js",
            "bucket": "gisblog-assets",
            "bucket_key_enabled": false,
            "cache_control": "public, max-age=31536000, immutable",
            "checksum_algorithm": null,
            "checksum_crc32": "",
            "checksum_crc32c": "",
            "checksum_crc64nvme": "",
            "checksum_sha1": "",
            "checksum_sha256": "",
            "content": null,
            "content_base64": null,
            "content_disposition": "",
            "content_encoding": "",
            "content_language": "",
            "content_type": "application/javascript",
            "etag": "4f39bad29d70152aaa0a6a201a5f1b63",
            "force_destroy": false,
            "id": "_next/static/chunks/9923.4f29ece38589613f.js",
            "key": "_next/static/chunks/9923.4f29ece38589613f.js",
            "kms_key_id": null,
            "metadata": null,
            "object_lock_legal_hold_status": "",
            "object_lock_mode": "",
            "object_lock_retain_until_date": "",
            "override_provider": [],
            "server_side_encryption": "AES256",
            "source": "../.open-next/assets/_next/static/chunks/9923.4f29ece38589613f.js",
            "source_hash": null,
            "storage_class": "STANDARD",
            "tags": null,
            "tags_all": {},
            "version_id": "",
            "website_redirect": ""
          },
          "sensitive_attributes": [],
          "identity_schema_version": 0,
          "private": "bnVsbA==",
          "dependencies": [
            "aws_s3_bucket.blog_assets"
          ]
        },
        {
          "index_key": "_next/static/chunks/9937.4cf96d0f63847220.js",
          "schema_version": 0,
          "attributes": {
            "acl": null,
            "arn": "arn:aws:s3:::gisblog-assets/_next/static/chunks/9937.4cf96d0f63847220.js",
            "bucket": "gisblog-assets",
            "bucket_key_enabled": false,
            "cache_control": "public, max-age=31536000, immutable",
            "checksum_algorithm": null,
            "checksum_crc32": "",
            "checksum_crc32c": "",
            "checksum_crc64nvme": "",
            "checksum_sha1": "",
            "checksum_sha256": "",
            "content": null,
            "content_base64": null,
            "content_disposition": "",
            "content_encoding": "",
            "content_language": "",
            "content_type": "application/javascript",
            "etag": "da7878ed93c2e979b675220432709c9d",
            "force_destroy": false,
            "id": "_next/static/chunks/9937.4cf96d0f63847220.js",
            "key": "_next/static/chunks/9937.4cf96d0f63847220.js",
            "kms_key_id": null,
            "metadata": null,
            "object_lock_legal_hold_status": "",
            "object_lock_mode": "",
            "object_lock_retain_until_date": "",
            "override_provider": [],
            "server_side_encryption": "AES256",
            "source": "../.open-next/assets/_next/static/chunks/9937.4cf96d0f63847220.js",
            "source_hash": null,
            "storage_class": "STANDARD",
            "tags": null,
            "tags_all": {},
            "version_id": "",
            "website_redirect": ""
          },
          "sensitive_attributes": [],
          "identity_schema_version": 0,
          "private": "bnVsbA==",
          "dependencies": [
            "aws_s3_bucket.blog_assets"
          ]
        },
        {
          "index_key": "_next/static/chunks/app/(main)/courses/page-e6790063d6dcd61d.js",
          "schema_version": 0,
          "attributes": {
            "acl": null,
            "arn": "arn:aws:s3:::gisblog-assets/_next/static/chunks/app/(main)/courses/page-e6790063d6dcd61d.js",
            "bucket": "gisblog-assets",
            "bucket_key_enabled": false,
            "cache_control": "public, max-age=31536000, immutable",
            "checksum_algorithm": null,
            "checksum_crc32": "",
            "checksum_crc32c": "",
            "checksum_crc64nvme": "",
            "checksum_sha1": "",
            "checksum_sha256": "",
            "content": null,
            "content_base64": null,
            "content_disposition": "",
            "content_encoding": "",
            "content_language": "",
            "content_type": "application/javascript",
            "etag": "dbe4cb86eaa83a7a0a446b30059668fe",
            "force_destroy": false,
            "id": "_next/static/chunks/app/(main)/courses/page-e6790063d6dcd61d.js",
            "key": "_next/static/chunks/app/(main)/courses/page-e6790063d6dcd61d.js",
            "kms_key_id": null,
            "metadata": null,
            "object_lock_legal_hold_status": "",
            "object_lock_mode": "",
            "object_lock_retain_until_date": "",
            "override_provider": [],
            "server_side_encryption": "AES256",
            "source": "../.open-next/assets/_next/static/chunks/app/(main)/courses/page-e6790063d6dcd61d.js",
            "source_hash": null,
            "storage_class": "STANDARD",
            "tags": null,
            "tags_all": {},
            "version_id": "",
            "website_redirect": ""
          },
          "sensitive_attributes": [],
          "identity_schema_version": 0,
          "private": "bnVsbA==",
          "dependencies": [
            "aws_s3_bucket.blog_assets"
          ]
        },
        {
          "index_key": "_next/static/chunks/app/(main)/layout-a8581d072e7c9b4c.js",
          "schema_version": 0,
          "attributes": {
            "acl": null,
            "arn": "arn:aws:s3:::gisblog-assets/_next/static/chunks/app/(main)/layout-a8581d072e7c9b4c.js",
            "bucket": "gisblog-assets",
            "bucket_key_enabled": false,
            "cache_control": "public, max-age=31536000, immutable",
            "checksum_algorithm": null,
            "checksum_crc32": "",
            "checksum_crc32c": "",
            "checksum_crc64nvme": "",
            "checksum_sha1": "",
            "checksum_sha256": "",
            "content": null,
            "content_base64": null,
            "content_disposition": "",
            "content_encoding": "",
            "content_language": "",
            "content_type": "application/javascript",
            "etag": "c36da2c94cde0b9c370157985b862666",
            "force_destroy": false,
            "id": "_next/static/chunks/app/(main)/layout-a8581d072e7c9b4c.js",
            "key": "_next/static/chunks/app/(main)/layout-a8581d072e7c9b4c.js",
            "kms_key_id": null,
            "metadata": null,
            "object_lock_legal_hold_status": "",
            "object_lock_mode": "",
            "object_lock_retain_until_date": "",
            "override_provider": [],
            "server_side_encryption": "AES256",
            "source": "../.open-next/assets/_next/static/chunks/app/(main)/layout-a8581d072e7c9b4c.js",
            "source_hash": null,
            "storage_class": "STANDARD",
            "tags": null,
            "tags_all": {},
            "version_id": "",
            "website_redirect": ""
          },
          "sensitive_attributes": [],
          "identity_schema_version": 0,
          "private": "bnVsbA==",
          "dependencies": [
            "aws_s3_bucket.blog_assets"
          ]
        },
        {
          "index_key": "_next/static/chunks/app/(main)/loading-127d0b656d926a59.js",
          "schema_version": 0,
          "attributes": {
            "acl": null,
            "arn": "arn:aws:s3:::gisblog-assets/_next/static/chunks/app/(main)/loading-127d0b656d926a59.js",
            "bucket": "gisblog-assets",
            "bucket_key_enabled": false,
            "cache_control": "public, max-age=31536000, immutable",
            "checksum_algorithm": null,
            "checksum_crc32": "",
            "checksum_crc32c": "",
            "checksum_crc64nvme": "",
            "checksum_sha1": "",
            "checksum_sha256": "",
            "content": null,
            "content_base64": null,
            "content_disposition": "",
            "content_encoding": "",
            "content_language": "",
            "content_type": "application/javascript",
            "etag": "b02fc1ad139db4300af62a5ae850f81a",
            "force_destroy": false,
            "id": "_next/static/chunks/app/(main)/loading-127d0b656d926a59.js",
            "key": "_next/static/chunks/app/(main)/loading-127d0b656d926a59.js",
            "kms_key_id": null,
            "metadata": null,
            "object_lock_legal_hold_status": "",
            "object_lock_mode": "",
            "object_lock_retain_until_date": "",
            "override_provider": [],
            "server_side_encryption": "AES256",
            "source": "../.open-next/assets/_next/static/chunks/app/(main)/loading-127d0b656d926a59.js",
            "source_hash": null,
            "storage_class": "STANDARD",
            "tags": null,
            "tags_all": {},
            "version_id": "",
            "website_redirect": ""
          },
          "sensitive_attributes": [],
          "identity_schema_version": 0,
          "private": "bnVsbA==",
          "dependencies": [
            "aws_s3_bucket.blog_assets"
          ]
        },
        {
          "index_key": "_next/static/chunks/app/(main)/mirror/page-127d0b656d926a59.js",
          "schema_version": 0,
          "attributes": {
            "acl": null,
            "arn": "arn:aws:s3:::gisblog-assets/_next/static/chunks/app/(main)/mirror/page-127d0b656d926a59.js",
            "bucket": "gisblog-assets",
            "bucket_key_enabled": false,
            "cache_control": "public, max-age=31536000, immutable",
            "checksum_algorithm": null,
            "checksum_crc32": "",
            "checksum_crc32c": "",
            "checksum_crc64nvme": "",
            "checksum_sha1": "",
            "checksum_sha256": "",
            "content": null,
            "content_base64": null,
            "content_disposition": "",
            "content_encoding": "",
            "content_language": "",
            "content_type": "application/javascript",
            "etag": "b02fc1ad139db4300af62a5ae850f81a",
            "force_destroy": false,
            "id": "_next/static/chunks/app/(main)/mirror/page-127d0b656d926a59.js",
            "key": "_next/static/chunks/app/(main)/mirror/page-127d0b656d926a59.js",
            "kms_key_id": null,
            "metadata": null,
            "object_lock_legal_hold_status": "",
            "object_lock_mode": "",
            "object_lock_retain_until_date": "",
            "override_provider": [],
            "server_side_encryption": "AES256",
            "source": "../.open-next/assets/_next/static/chunks/app/(main)/mirror/page-127d0b656d926a59.js",
            "source_hash": null,
            "storage_class": "STANDARD",
            "tags": null,
            "tags_all": {},
            "version_id": "",
            "website_redirect": ""
          },
          "sensitive_attributes": [],
          "identity_schema_version": 0,
          "private": "bnVsbA==",
          "dependencies": [
            "aws_s3_bucket.blog_assets"
          ]
        },
        {
          "index_key": "_next/static/chunks/app/(main)/page-2143a6953b120cfa.js",
          "schema_version": 0,
          "attributes": {
            "acl": null,
            "arn": "arn:aws:s3:::gisblog-assets/_next/static/chunks/app/(main)/page-2143a6953b120cfa.js",
            "bucket": "gisblog-assets",
            "bucket_key_enabled": false,
            "cache_control": "public, max-age=31536000, immutable",
            "checksum_algorithm": null,
            "checksum_crc32": "",
            "checksum_crc32c": "",
            "checksum_crc64nvme": "",
            "checksum_sha1": "",
            "checksum_sha256": "",
            "content": null,
            "content_base64": null,
            "content_disposition": "",
            "content_encoding": "",
            "content_language": "",
            "content_type": "application/javascript",
            "etag": "195cbc26c7b174b0c672852ec6be2ee0",
            "force_destroy": false,
            "id": "_next/static/chunks/app/(main)/page-2143a6953b120cfa.js",
            "key": "_next/static/chunks/app/(main)/page-2143a6953b120cfa.js",
            "kms_key_id": null,
            "metadata": null,
            "object_lock_legal_hold_status": "",
            "object_lock_mode": "",
            "object_lock_retain_until_date": "",
            "override_provider": [],
            "server_side_encryption": "AES256",
            "source": "../.open-next/assets/_next/static/chunks/app/(main)/page-2143a6953b120cfa.js",
            "source_hash": null,
            "storage_class": "STANDARD",
            "tags": null,
            "tags_all": {},
            "version_id": "",
            "website_redirect": ""
          },
          "sensitive_attributes": [],
          "identity_schema_version": 0,
          "private": "bnVsbA==",
          "dependencies": [
            "aws_s3_bucket.blog_assets"
          ]
        },
        {
          "index_key": "_next/static/chunks/app/(main)/res/[[...slug]]/loading-127d0b656d926a59.js",
          "schema_version": 0,
          "attributes": {
            "acl": null,
            "arn": "arn:aws:s3:::gisblog-assets/_next/static/chunks/app/(main)/res/[[...slug]]/loading-127d0b656d926a59.js",
            "bucket": "gisblog-assets",
            "bucket_key_enabled": false,
            "cache_control": "public, max-age=31536000, immutable",
            "checksum_algorithm": null,
            "checksum_crc32": "",
            "checksum_crc32c": "",
            "checksum_crc64nvme": "",
            "checksum_sha1": "",
            "checksum_sha256": "",
            "content": null,
            "content_base64": null,
            "content_disposition": "",
            "content_encoding": "",
            "content_language": "",
            "content_type": "application/javascript",
            "etag": "b02fc1ad139db4300af62a5ae850f81a",
            "force_destroy": false,
            "id": "_next/static/chunks/app/(main)/res/[[...slug]]/loading-127d0b656d926a59.js",
            "key": "_next/static/chunks/app/(main)/res/[[...slug]]/loading-127d0b656d926a59.js",
            "kms_key_id": null,
            "metadata": null,
            "object_lock_legal_hold_status": "",
            "object_lock_mode": "",
            "object_lock_retain_until_date": "",
            "override_provider": [],
            "server_side_encryption": "AES256",
            "source": "../.open-next/assets/_next/static/chunks/app/(main)/res/[[...slug]]/loading-127d0b656d926a59.js",
            "source_hash": null,
            "storage_class": "STANDARD",
            "tags": null,
            "tags_all": {},
            "version_id": "",
            "website_redirect": ""
          },
          "sensitive_attributes": [],
          "identity_schema_version": 0,
          "private": "bnVsbA==",
          "dependencies": [
            "aws_s3_bucket.blog_assets"
          ]
        },
        {
          "index_key": "_next/static/chunks/app/(main)/res/[[...slug]]/page-d047d2008615618a.js",
          "schema_version": 0,
          "attributes": {
            "acl": null,
            "arn": "arn:aws:s3:::gisblog-assets/_next/static/chunks/app/(main)/res/[[...slug]]/page-d047d2008615618a.js",
            "bucket": "gisblog-assets",
            "bucket_key_enabled": false,
            "cache_control": "public, max-age=31536000, immutable",
            "checksum_algorithm": null,
            "checksum_crc32": "",
            "checksum_crc32c": "",
            "checksum_crc64nvme": "",
            "checksum_sha1": "",
            "checksum_sha256": "",
            "content": null,
            "content_base64": null,
            "content_disposition": "",
            "content_encoding": "",
            "content_language": "",
            "content_type": "application/javascript",
            "etag": "8584798da4d59c989877e0ca727c0071",
            "force_destroy": false,
            "id": "_next/static/chunks/app/(main)/res/[[...slug]]/page-d047d2008615618a.js",
            "key": "_next/static/chunks/app/(main)/res/[[...slug]]/page-d047d2008615618a.js",
            "kms_key_id": null,
            "metadata": null,
            "object_lock_legal_hold_status": "",
            "object_lock_mode": "",
            "object_lock_retain_until_date": "",
            "override_provider": [],
            "server_side_encryption": "AES256",
            "source": "../.open-next/assets/_next/static/chunks/app/(main)/res/[[...slug]]/page-d047d2008615618a.js",
            "source_hash": null,
            "storage_class": "STANDARD",
            "tags": null,
            "tags_all": {},
            "version_id": "",
            "website_redirect": ""
          },
          "sensitive_attributes": [],
          "identity_schema_version": 0,
          "private": "bnVsbA==",
          "dependencies": [
            "aws_s3_bucket.blog_assets"
          ]
        },
        {
          "index_key": "_next/static/chunks/app/(read)/b/[blog_slug]/loading-127d0b656d926a59.js",
          "schema_version": 0,
          "attributes": {
            "acl": null,
            "arn": "arn:aws:s3:::gisblog-assets/_next/static/chunks/app/(read)/b/[blog_slug]/loading-127d0b656d926a59.js",
            "bucket": "gisblog-assets",
            "bucket_key_enabled": false,
            "cache_control": "public, max-age=31536000, immutable",
            "checksum_algorithm": null,
            "checksum_crc32": "",
            "checksum_crc32c": "",
            "checksum_crc64nvme": "",
            "checksum_sha1": "",
            "checksum_sha256": "",
            "content": null,
            "content_base64": null,
            "content_disposition": "",
            "content_encoding": "",
            "content_language": "",
            "content_type": "application/javascript",
            "etag": "b02fc1ad139db4300af62a5ae850f81a",
            "force_destroy": false,
            "id": "_next/static/chunks/app/(read)/b/[blog_slug]/loading-127d0b656d926a59.js",
            "key": "_next/static/chunks/app/(read)/b/[blog_slug]/loading-127d0b656d926a59.js",
            "kms_key_id": null,
            "metadata": null,
            "object_lock_legal_hold_status": "",
            "object_lock_mode": "",
            "object_lock_retain_until_date": "",
            "override_provider": [],
            "server_side_encryption": "AES256",
            "source": "../.open-next/assets/_next/static/chunks/app/(read)/b/[blog_slug]/loading-127d0b656d926a59.js",
            "source_hash": null,
            "storage_class": "STANDARD",
            "tags": null,
            "tags_all": {},
            "version_id": "",
            "website_redirect": ""
          },
          "sensitive_attributes": [],
          "identity_schema_version": 0,
          "private": "bnVsbA==",
          "dependencies": [
            "aws_s3_bucket.blog_assets"
          ]
        },
        {
          "index_key": "_next/static/chunks/app/(read)/b/[blog_slug]/page-b3dec0493fe26048.js",
          "schema_version": 0,
          "attributes": {
            "acl": null,
            "arn": "arn:aws:s3:::gisblog-assets/_next/static/chunks/app/(read)/b/[blog_slug]/page-b3dec0493fe26048.js",
            "bucket": "gisblog-assets",
            "bucket_key_enabled": false,
            "cache_control": "public, max-age=31536000, immutable",
            "checksum_algorithm": null,
            "checksum_crc32": "",
            "checksum_crc32c": "",
            "checksum_crc64nvme": "",
            "checksum_sha1": "",
            "checksum_sha256": "",
            "content": null,
            "content_base64": null,
            "content_disposition": "",
            "content_encoding": "",
            "content_language": "",
            "content_type": "application/javascript",
            "etag": "e2ea51a301f2731f89b00d548f20767e",
            "force_destroy": false,
            "id": "_next/static/chunks/app/(read)/b/[blog_slug]/page-b3dec0493fe26048.js",
            "key": "_next/static/chunks/app/(read)/b/[blog_slug]/page-b3dec0493fe26048.js",
            "kms_key_id": null,
            "metadata": null,
            "object_lock_legal_hold_status": "",
            "object_lock_mode": "",
            "object_lock_retain_until_date": "",
            "override_provider": [],
            "server_side_encryption": "AES256",
            "source": "../.open-next/assets/_next/static/chunks/app/(read)/b/[blog_slug]/page-b3dec0493fe26048.js",
            "source_hash": null,
            "storage_class": "STANDARD",
            "tags": null,
            "tags_all": {},
            "version_id": "",
            "website_redirect": ""
          },
          "sensitive_attributes": [],
          "identity_schema_version": 0,
          "private": "bnVsbA==",
          "dependencies": [
            "aws_s3_bucket.blog_assets"
          ]
        },
        {
          "index_key": "_next/static/chunks/app/(read)/b/page-127d0b656d926a59.js",
          "schema_version": 0,
          "attributes": {
            "acl": null,
            "arn": "arn:aws:s3:::gisblog-assets/_next/static/chunks/app/(read)/b/page-127d0b656d926a59.js",
            "bucket": "gisblog-assets",
            "bucket_key_enabled": false,
            "cache_control": "public, max-age=31536000, immutable",
            "checksum_algorithm": null,
            "checksum_crc32": "",
            "checksum_crc32c": "",
            "checksum_crc64nvme": "",
            "checksum_sha1": "",
            "checksum_sha256": "",
            "content": null,
            "content_base64": null,
            "content_disposition": "",
            "content_encoding": "",
            "content_language": "",
            "content_type": "application/javascript",
            "etag": "b02fc1ad139db4300af62a5ae850f81a",
            "force_destroy": false,
            "id": "_next/static/chunks/app/(read)/b/page-127d0b656d926a59.js",
            "key": "_next/static/chunks/app/(read)/b/page-127d0b656d926a59.js",
            "kms_key_id": null,
            "metadata": null,
            "object_lock_legal_hold_status": "",
            "object_lock_mode": "",
            "object_lock_retain_until_date": "",
            "override_provider": [],
            "server_side_encryption": "AES256",
            "source": "../.open-next/assets/_next/static/chunks/app/(read)/b/page-127d0b656d926a59.js",
            "source_hash": null,
            "storage_class": "STANDARD",
            "tags": null,
            "tags_all": {},
            "version_id": "",
            "website_redirect": ""
          },
          "sensitive_attributes": [],
          "identity_schema_version": 0,
          "private": "bnVsbA==",
          "dependencies": [
            "aws_s3_bucket.blog_assets"
          ]
        },
        {
          "index_key": "_next/static/chunks/app/(read)/layout-014f0fcbc6a0b729.js",
          "schema_version": 0,
          "attributes": {
            "acl": null,
            "arn": "arn:aws:s3:::gisblog-assets/_next/static/chunks/app/(read)/layout-014f0fcbc6a0b729.js",
            "bucket": "gisblog-assets",
            "bucket_key_enabled": false,
            "cache_control": "public, max-age=31536000, immutable",
            "checksum_algorithm": null,
            "checksum_crc32": "",
            "checksum_crc32c": "",
            "checksum_crc64nvme": "",
            "checksum_sha1": "",
            "checksum_sha256": "",
            "content": null,
            "content_base64": null,
            "content_disposition": "",
            "content_encoding": "",
            "content_language": "",
            "content_type": "application/javascript",
            "etag": "89b81a0666bc35a0df1d885bc75bc443",
            "force_destroy": false,
            "id": "_next/static/chunks/app/(read)/layout-014f0fcbc6a0b729.js",
            "key": "_next/static/chunks/app/(read)/layout-014f0fcbc6a0b729.js",
            "kms_key_id": null,
            "metadata": null,
            "object_lock_legal_hold_status": "",
            "object_lock_mode": "",
            "object_lock_retain_until_date": "",
            "override_provider": [],
            "server_side_encryption": "AES256",
            "source": "../.open-next/assets/_next/static/chunks/app/(read)/layout-014f0fcbc6a0b729.js",
            "source_hash": null,
            "storage_class": "STANDARD",
            "tags": null,
            "tags_all": {},
            "version_id": "",
            "website_redirect": ""
          },
          "sensitive_attributes": [],
          "identity_schema_version": 0,
          "private": "bnVsbA==",
          "dependencies": [
            "aws_s3_bucket.blog_assets"
          ]
        },
        {
          "index_key": "_next/static/chunks/app/_not-found/page-127d0b656d926a59.js",
          "schema_version": 0,
          "attributes": {
            "acl": null,
            "arn": "arn:aws:s3:::gisblog-assets/_next/static/chunks/app/_not-found/page-127d0b656d926a59.js",
            "bucket": "gisblog-assets",
            "bucket_key_enabled": false,
            "cache_control": "public, max-age=31536000, immutable",
            "checksum_algorithm": null,
            "checksum_crc32": "",
            "checksum_crc32c": "",
            "checksum_crc64nvme": "",
            "checksum_sha1": "",
            "checksum_sha256": "",
            "content": null,
            "content_base64": null,
            "content_disposition": "",
            "content_encoding": "",
            "content_language": "",
            "content_type": "application/javascript",
            "etag": "b02fc1ad139db4300af62a5ae850f81a",
            "force_destroy": false,
            "id": "_next/static/chunks/app/_not-found/page-127d0b656d926a59.js",
            "key": "_next/static/chunks/app/_not-found/page-127d0b656d926a59.js",
            "kms_key_id": null,
            "metadata": null,
            "object_lock_legal_hold_status": "",
            "object_lock_mode": "",
            "object_lock_retain_until_date": "",
            "override_provider": [],
            "server_side_encryption": "AES256",
            "source": "../.open-next/assets/_next/static/chunks/app/_not-found/page-127d0b656d926a59.js",
            "source_hash": null,
            "storage_class": "STANDARD",
            "tags": null,
            "tags_all": {},
            "version_id": "",
            "website_redirect": ""
          },
          "sensitive_attributes": [],
          "identity_schema_version": 0,
          "private": "bnVsbA==",
          "dependencies": [
            "aws_s3_bucket.blog_assets"
          ]
        },
        {
          "index_key": "_next/static/chunks/app/api/trpc/[trpc]/route-127d0b656d926a59.js",
          "schema_version": 0,
          "attributes": {
            "acl": null,
            "arn": "arn:aws:s3:::gisblog-assets/_next/static/chunks/app/api/trpc/[trpc]/route-127d0b656d926a59.js",
            "bucket": "gisblog-assets",
            "bucket_key_enabled": false,
            "cache_control": "public, max-age=31536000, immutable",
            "checksum_algorithm": null,
            "checksum_crc32": "",
            "checksum_crc32c": "",
            "checksum_crc64nvme": "",
            "checksum_sha1": "",
            "checksum_sha256": "",
            "content": null,
            "content_base64": null,
            "content_disposition": "",
            "content_encoding": "",
            "content_language": "",
            "content_type": "application/javascript",
            "etag": "b02fc1ad139db4300af62a5ae850f81a",
            "force_destroy": false,
            "id": "_next/static/chunks/app/api/trpc/[trpc]/route-127d0b656d926a59.js",
            "key": "_next/static/chunks/app/api/trpc/[trpc]/route-127d0b656d926a59.js",
            "kms_key_id": null,
            "metadata": null,
            "object_lock_legal_hold_status": "",
            "object_lock_mode": "",
            "object_lock_retain_until_date": "",
            "override_provider": [],
            "server_side_encryption": "AES256",
            "source": "../.open-next/assets/_next/static/chunks/app/api/trpc/[trpc]/route-127d0b656d926a59.js",
            "source_hash": null,
            "storage_class": "STANDARD",
            "tags": null,
            "tags_all": {},
            "version_id": "",
            "website_redirect": ""
          },
          "sensitive_attributes": [],
          "identity_schema_version": 0,
          "private": "bnVsbA==",
          "dependencies": [
            "aws_s3_bucket.blog_assets"
          ]
        },
        {
          "index_key": "_next/static/chunks/app/error-bd77e155e09b3a16.js",
          "schema_version": 0,
          "attributes": {
            "acl": null,
            "arn": "arn:aws:s3:::gisblog-assets/_next/static/chunks/app/error-bd77e155e09b3a16.js",
            "bucket": "gisblog-assets",
            "bucket_key_enabled": false,
            "cache_control": "public, max-age=31536000, immutable",
            "checksum_algorithm": null,
            "checksum_crc32": "",
            "checksum_crc32c": "",
            "checksum_crc64nvme": "",
            "checksum_sha1": "",
            "checksum_sha256": "",
            "content": null,
            "content_base64": null,
            "content_disposition": "",
            "content_encoding": "",
            "content_language": "",
            "content_type": "application/javascript",
            "etag": "899cb704bdfa53ae659136467a1c34d3",
            "force_destroy": false,
            "id": "_next/static/chunks/app/error-bd77e155e09b3a16.js",
            "key": "_next/static/chunks/app/error-bd77e155e09b3a16.js",
            "kms_key_id": null,
            "metadata": null,
            "object_lock_legal_hold_status": "",
            "object_lock_mode": "",
            "object_lock_retain_until_date": "",
            "override_provider": [],
            "server_side_encryption": "AES256",
            "source": "../.open-next/assets/_next/static/chunks/app/error-bd77e155e09b3a16.js",
            "source_hash": null,
            "storage_class": "STANDARD",
            "tags": null,
            "tags_all": {},
            "version_id": "",
            "website_redirect": ""
          },
          "sensitive_attributes": [],
          "identity_schema_version": 0,
          "private": "bnVsbA==",
          "dependencies": [
            "aws_s3_bucket.blog_assets"
          ]
        },
        {
          "index_key": "_next/static/chunks/app/global-error-ccb991e73d70d934.js",
          "schema_version": 0,
          "attributes": {
            "acl": null,
            "arn": "arn:aws:s3:::gisblog-assets/_next/static/chunks/app/global-error-ccb991e73d70d934.js",
            "bucket": "gisblog-assets",
            "bucket_key_enabled": false,
            "cache_control": "public, max-age=31536000, immutable",
            "checksum_algorithm": null,
            "checksum_crc32": "",
            "checksum_crc32c": "",
            "checksum_crc64nvme": "",
            "checksum_sha1": "",
            "checksum_sha256": "",
            "content": null,
            "content_base64": null,
            "content_disposition": "",
            "content_encoding": "",
            "content_language": "",
            "content_type": "application/javascript",
            "etag": "6d58cf36c95d5fbeb762a3370db46344",
            "force_destroy": false,
            "id": "_next/static/chunks/app/global-error-ccb991e73d70d934.js",
            "key": "_next/static/chunks/app/global-error-ccb991e73d70d934.js",
            "kms_key_id": null,
            "metadata": null,
            "object_lock_legal_hold_status": "",
            "object_lock_mode": "",
            "object_lock_retain_until_date": "",
            "override_provider": [],
            "server_side_encryption": "AES256",
            "source": "../.open-next/assets/_next/static/chunks/app/global-error-ccb991e73d70d934.js",
            "source_hash": null,
            "storage_class": "STANDARD",
            "tags": null,
            "tags_all": {},
            "version_id": "",
            "website_redirect": ""
          },
          "sensitive_attributes": [],
          "identity_schema_version": 0,
          "private": "bnVsbA==",
          "dependencies": [
            "aws_s3_bucket.blog_assets"
          ]
        },
        {
          "index_key": "_next/static/chunks/app/layout-6451956d2f790d2e.js",
          "schema_version": 0,
          "attributes": {
            "acl": null,
            "arn": "arn:aws:s3:::gisblog-assets/_next/static/chunks/app/layout-6451956d2f790d2e.js",
            "bucket": "gisblog-assets",
            "bucket_key_enabled": false,
            "cache_control": "public, max-age=31536000, immutable",
            "checksum_algorithm": null,
            "checksum_crc32": "",
            "checksum_crc32c": "",
            "checksum_crc64nvme": "",
            "checksum_sha1": "",
            "checksum_sha256": "",
            "content": null,
            "content_base64": null,
            "content_disposition": "",
            "content_encoding": "",
            "content_language": "",
            "content_type": "application/javascript",
            "etag": "13315ca58c355479da7effd6ea10f8d6",
            "force_destroy": false,
            "id": "_next/static/chunks/app/layout-6451956d2f790d2e.js",
            "key": "_next/static/chunks/app/layout-6451956d2f790d2e.js",
            "kms_key_id": null,
            "metadata": null,
            "object_lock_legal_hold_status": "",
            "object_lock_mode": "",
            "object_lock_retain_until_date": "",
            "override_provider": [],
            "server_side_encryption": "AES256",
            "source": "../.open-next/assets/_next/static/chunks/app/layout-6451956d2f790d2e.js",
            "source_hash": null,
            "storage_class": "STANDARD",
            "tags": null,
            "tags_all": {},
            "version_id": "",
            "website_redirect": ""
          },
          "sensitive_attributes": [],
          "identity_schema_version": 0,
          "private": "bnVsbA==",
          "dependencies": [
            "aws_s3_bucket.blog_assets"
          ]
        },
        {
          "index_key": "_next/static/chunks/app/not-found-4ac59359bd93c75a.js",
          "schema_version": 0,
          "attributes": {
            "acl": null,
            "arn": "arn:aws:s3:::gisblog-assets/_next/static/chunks/app/not-found-4ac59359bd93c75a.js",
            "bucket": "gisblog-assets",
            "bucket_key_enabled": false,
            "cache_control": "public, max-age=31536000, immutable",
            "checksum_algorithm": null,
            "checksum_crc32": "",
            "checksum_crc32c": "",
            "checksum_crc64nvme": "",
            "checksum_sha1": "",
            "checksum_sha256": "",
            "content": null,
            "content_base64": null,
            "content_disposition": "",
            "content_encoding": "",
            "content_language": "",
            "content_type": "application/javascript",
            "etag": "0ab660f6d99e26ca03512ff3ddd017cd",
            "force_destroy": false,
            "id": "_next/static/chunks/app/not-found-4ac59359bd93c75a.js",
            "key": "_next/static/chunks/app/not-found-4ac59359bd93c75a.js",
            "kms_key_id": null,
            "metadata": null,
            "object_lock_legal_hold_status": "",
            "object_lock_mode": "",
            "object_lock_retain_until_date": "",
            "override_provider": [],
            "server_side_encryption": "AES256",
            "source": "../.open-next/assets/_next/static/chunks/app/not-found-4ac59359bd93c75a.js",
            "source_hash": null,
            "storage_class": "STANDARD",
            "tags": null,
            "tags_all": {},
            "version_id": "",
            "website_redirect": ""
          },
          "sensitive_attributes": [],
          "identity_schema_version": 0,
          "private": "bnVsbA==",
          "dependencies": [
            "aws_s3_bucket.blog_assets"
          ]
        },
        {
          "index_key": "_next/static/chunks/b384b188.955897a6887b4701.js",
          "schema_version": 0,
          "attributes": {
            "acl": null,
            "arn": "arn:aws:s3:::gisblog-assets/_next/static/chunks/b384b188.955897a6887b4701.js",
            "bucket": "gisblog-assets",
            "bucket_key_enabled": false,
            "cache_control": "public, max-age=31536000, immutable",
            "checksum_algorithm": null,
            "checksum_crc32": "",
            "checksum_crc32c": "",
            "checksum_crc64nvme": "",
            "checksum_sha1": "",
            "checksum_sha256": "",
            "content": null,
            "content_base64": null,
            "content_disposition": "",
            "content_encoding": "",
            "content_language": "",
            "content_type": "application/javascript",
            "etag": "599b4348fd416546275ca86468e9d37c",
            "force_destroy": false,
            "id": "_next/static/chunks/b384b188.955897a6887b4701.js",
            "key": "_next/static/chunks/b384b188.955897a6887b4701.js",
            "kms_key_id": null,
            "metadata": null,
            "object_lock_legal_hold_status": "",
            "object_lock_mode": "",
            "object_lock_retain_until_date": "",
            "override_provider": [],
            "server_side_encryption": "AES256",
            "source": "../.open-next/assets/_next/static/chunks/b384b188.955897a6887b4701.js",
            "source_hash": null,
            "storage_class": "STANDARD",
            "tags": null,
            "tags_all": {},
            "version_id": "",
            "website_redirect": ""
          },
          "sensitive_attributes": [],
          "identity_schema_version": 0,
          "private": "bnVsbA==",
          "dependencies": [
            "aws_s3_bucket.blog_assets"
          ]
        },
        {
          "index_key": "_next/static/chunks/d3ac728e.08bde9bfbf93dc6b.js",
          "schema_version": 0,
          "attributes": {
            "acl": null,
            "arn": "arn:aws:s3:::gisblog-assets/_next/static/chunks/d3ac728e.08bde9bfbf93dc6b.js",
            "bucket": "gisblog-assets",
            "bucket_key_enabled": false,
            "cache_control": "public, max-age=31536000, immutable",
            "checksum_algorithm": null,
            "checksum_crc32": "",
            "checksum_crc32c": "",
            "checksum_crc64nvme": "",
            "checksum_sha1": "",
            "checksum_sha256": "",
            "content": null,
            "content_base64": null,
            "content_disposition": "",
            "content_encoding": "",
            "content_language": "",
            "content_type": "application/javascript",
            "etag": "0af4103fa9bba6bdb1cdaf47b89ddb6d",
            "force_destroy": false,
            "id": "_next/static/chunks/d3ac728e.08bde9bfbf93dc6b.js",
            "key": "_next/static/chunks/d3ac728e.08bde9bfbf93dc6b.js",
            "kms_key_id": null,
            "metadata": null,
            "object_lock_legal_hold_status": "",
            "object_lock_mode": "",
            "object_lock_retain_until_date": "",
            "override_provider": [],
            "server_side_encryption": "AES256",
            "source": "../.open-next/assets/_next/static/chunks/d3ac728e.08bde9bfbf93dc6b.js",
            "source_hash": null,
            "storage_class": "STANDARD",
            "tags": null,
            "tags_all": {},
            "version_id": "",
            "website_redirect": ""
          },
          "sensitive_attributes": [],
          "identity_schema_version": 0,
          "private": "bnVsbA==",
          "dependencies": [
            "aws_s3_bucket.blog_assets"
          ]
        },
        {
          "index_key": "_next/static/chunks/framework-0907bc41f77e1d3c.js",
          "schema_version": 0,
          "attributes": {
            "acl": null,
            "arn": "arn:aws:s3:::gisblog-assets/_next/static/chunks/framework-0907bc41f77e1d3c.js",
            "bucket": "gisblog-assets",
            "bucket_key_enabled": false,
            "cache_control": "public, max-age=31536000, immutable",
            "checksum_algorithm": null,
            "checksum_crc32": "",
            "checksum_crc32c": "",
            "checksum_crc64nvme": "",
            "checksum_sha1": "",
            "checksum_sha256": "",
            "content": null,
            "content_base64": null,
            "content_disposition": "",
            "content_encoding": "",
            "content_language": "",
            "content_type": "application/javascript",
            "etag": "96f50758cda30439944f13d28448b7c4",
            "force_destroy": false,
            "id": "_next/static/chunks/framework-0907bc41f77e1d3c.js",
            "key": "_next/static/chunks/framework-0907bc41f77e1d3c.js",
            "kms_key_id": null,
            "metadata": null,
            "object_lock_legal_hold_status": "",
            "object_lock_mode": "",
            "object_lock_retain_until_date": "",
            "override_provider": [],
            "server_side_encryption": "AES256",
            "source": "../.open-next/assets/_next/static/chunks/framework-0907bc41f77e1d3c.js",
            "source_hash": null,
            "storage_class": "STANDARD",
            "tags": null,
            "tags_all": {},
            "version_id": "",
            "website_redirect": ""
          },
          "sensitive_attributes": [],
          "identity_schema_version": 0,
          "private": "bnVsbA==",
          "dependencies": [
            "aws_s3_bucket.blog_assets"
          ]
        },
        {
          "index_key": "_next/static/chunks/main-710c59fc0da3af46.js",
          "schema_version": 0,
          "attributes": {
            "acl": null,
            "arn": "arn:aws:s3:::gisblog-assets/_next/static/chunks/main-710c59fc0da3af46.js",
            "bucket": "gisblog-assets",
            "bucket_key_enabled": false,
            "cache_control": "public, max-age=31536000, immutable",
            "checksum_algorithm": null,
            "checksum_crc32": "",
            "checksum_crc32c": "",
            "checksum_crc64nvme": "",
            "checksum_sha1": "",
            "checksum_sha256": "",
            "content": null,
            "content_base64": null,
            "content_disposition": "",
            "content_encoding": "",
            "content_language": "",
            "content_type": "application/javascript",
            "etag": "494301eec09cd81e3313da2a6740d8f5",
            "force_destroy": false,
            "id": "_next/static/chunks/main-710c59fc0da3af46.js",
            "key": "_next/static/chunks/main-710c59fc0da3af46.js",
            "kms_key_id": null,
            "metadata": null,
            "object_lock_legal_hold_status": "",
            "object_lock_mode": "",
            "object_lock_retain_until_date": "",
            "override_provider": [],
            "server_side_encryption": "AES256",
            "source": "../.open-next/assets/_next/static/chunks/main-710c59fc0da3af46.js",
            "source_hash": null,
            "storage_class": "STANDARD",
            "tags": null,
            "tags_all": {},
            "version_id": "",
            "website_redirect": ""
          },
          "sensitive_attributes": [],
          "identity_schema_version": 0,
          "private": "bnVsbA==",
          "dependencies": [
            "aws_s3_bucket.blog_assets"
          ]
        },
        {
          "index_key": "_next/static/chunks/main-app-f1cb06ca84d5d75f.js",
          "schema_version": 0,
          "attributes": {
            "acl": null,
            "arn": "arn:aws:s3:::gisblog-assets/_next/static/chunks/main-app-f1cb06ca84d5d75f.js",
            "bucket": "gisblog-assets",
            "bucket_key_enabled": false,
            "cache_control": "public, max-age=31536000, immutable",
            "checksum_algorithm": null,
            "checksum_crc32": "",
            "checksum_crc32c": "",
            "checksum_crc64nvme": "",
            "checksum_sha1": "",
            "checksum_sha256": "",
            "content": null,
            "content_base64": null,
            "content_disposition": "",
            "content_encoding": "",
            "content_language": "",
            "content_type": "application/javascript",
            "etag": "1fdfd99283606c17958fdf8422fd8a41",
            "force_destroy": false,
            "id": "_next/static/chunks/main-app-f1cb06ca84d5d75f.js",
            "key": "_next/static/chunks/main-app-f1cb06ca84d5d75f.js",
            "kms_key_id": null,
            "metadata": null,
            "object_lock_legal_hold_status": "",
            "object_lock_mode": "",
            "object_lock_retain_until_date": "",
            "override_provider": [],
            "server_side_encryption": "AES256",
            "source": "../.open-next/assets/_next/static/chunks/main-app-f1cb06ca84d5d75f.js",
            "source_hash": null,
            "storage_class": "STANDARD",
            "tags": null,
            "tags_all": {},
            "version_id": "",
            "website_redirect": ""
          },
          "sensitive_attributes": [],
          "identity_schema_version": 0,
          "private": "bnVsbA==",
          "dependencies": [
            "aws_s3_bucket.blog_assets"
          ]
        },
        {
          "index_key": "_next/static/chunks/pages/_app-4b3fb5e477a0267f.js",
          "schema_version": 0,
          "attributes": {
            "acl": null,
            "arn": "arn:aws:s3:::gisblog-assets/_next/static/chunks/pages/_app-4b3fb5e477a0267f.js",
            "bucket": "gisblog-assets",
            "bucket_key_enabled": false,
            "cache_control": "public, max-age=31536000, immutable",
            "checksum_algorithm": null,
            "checksum_crc32": "",
            "checksum_crc32c": "",
            "checksum_crc64nvme": "",
            "checksum_sha1": "",
            "checksum_sha256": "",
            "content": null,
            "content_base64": null,
            "content_disposition": "",
            "content_encoding": "",
            "content_language": "",
            "content_type": "application/javascript",
            "etag": "99b155a5f43b37b19aa8509675b13f91",
            "force_destroy": false,
            "id": "_next/static/chunks/pages/_app-4b3fb5e477a0267f.js",
            "key": "_next/static/chunks/pages/_app-4b3fb5e477a0267f.js",
            "kms_key_id": null,
            "metadata": null,
            "object_lock_legal_hold_status": "",
            "object_lock_mode": "",
            "object_lock_retain_until_date": "",
            "override_provider": [],
            "server_side_encryption": "AES256",
            "source": "../.open-next/assets/_next/static/chunks/pages/_app-4b3fb5e477a0267f.js",
            "source_hash": null,
            "storage_class": "STANDARD",
            "tags": null,
            "tags_all": {},
            "version_id": "",
            "website_redirect": ""
          },
          "sensitive_attributes": [],
          "identity_schema_version": 0,
          "private": "bnVsbA==",
          "dependencies": [
            "aws_s3_bucket.blog_assets"
          ]
        },
        {
          "index_key": "_next/static/chunks/pages/_error-c970d8b55ace1b48.js",
          "schema_version": 0,
          "attributes": {
            "acl": null,
            "arn": "arn:aws:s3:::gisblog-assets/_next/static/chunks/pages/_error-c970d8b55ace1b48.js",
            "bucket": "gisblog-assets",
            "bucket_key_enabled": false,
            "cache_control": "public, max-age=31536000, immutable",
            "checksum_algorithm": null,
            "checksum_crc32": "",
            "checksum_crc32c": "",
            "checksum_crc64nvme": "",
            "checksum_sha1": "",
            "checksum_sha256": "",
            "content": null,
            "content_base64": null,
            "content_disposition": "",
            "content_encoding": "",
            "content_language": "",
            "content_type": "application/javascript",
            "etag": "457d133049922caa98c873a288f57db7",
            "force_destroy": false,
            "id": "_next/static/chunks/pages/_error-c970d8b55ace1b48.js",
            "key": "_next/static/chunks/pages/_error-c970d8b55ace1b48.js",
            "kms_key_id": null,
            "metadata": null,
            "object_lock_legal_hold_status": "",
            "object_lock_mode": "",
            "object_lock_retain_until_date": "",
            "override_provider": [],
            "server_side_encryption": "AES256",
            "source": "../.open-next/assets/_next/static/chunks/pages/_error-c970d8b55ace1b48.js",
            "source_hash": null,
            "storage_class": "STANDARD",
            "tags": null,
            "tags_all": {},
            "version_id": "",
            "website_redirect": ""
          },
          "sensitive_attributes": [],
          "identity_schema_version": 0,
          "private": "bnVsbA==",
          "dependencies": [
            "aws_s3_bucket.blog_assets"
          ]
        },
        {
          "index_key": "_next/static/chunks/polyfills-42372ed130431b0a.js",
          "schema_version": 0,
          "attributes": {
            "acl": null,
            "arn": "arn:aws:s3:::gisblog-assets/_next/static/chunks/polyfills-42372ed130431b0a.js",
            "bucket": "gisblog-assets",
            "bucket_key_enabled": false,
            "cache_control": "public, max-age=31536000, immutable",
            "checksum_algorithm": null,
            "checksum_crc32": "",
            "checksum_crc32c": "",
            "checksum_crc64nvme": "",
            "checksum_sha1": "",
            "checksum_sha256": "",
            "content": null,
            "content_base64": null,
            "content_disposition": "",
            "content_encoding": "",
            "content_language": "",
            "content_type": "application/javascript",
            "etag": "846118c33b2c0e922d7b3a7676f81f6f",
            "force_destroy": false,
            "id": "_next/static/chunks/polyfills-42372ed130431b0a.js",
            "key": "_next/static/chunks/polyfills-42372ed130431b0a.js",
            "kms_key_id": null,
            "metadata": null,
            "object_lock_legal_hold_status": "",
            "object_lock_mode": "",
            "object_lock_retain_until_date": "",
            "override_provider": [],
            "server_side_encryption": "AES256",
            "source": "../.open-next/assets/_next/static/chunks/polyfills-42372ed130431b0a.js",
            "source_hash": null,
            "storage_class": "STANDARD",
            "tags": null,
            "tags_all": {},
            "version_id": "",
            "website_redirect": ""
          },
          "sensitive_attributes": [],
          "identity_schema_version": 0,
          "private": "bnVsbA==",
          "dependencies": [
            "aws_s3_bucket.blog_assets"
          ]
        },
        {
          "index_key": "_next/static/chunks/webpack-f1d6f69755d4a1c7.js",
          "schema_version": 0,
          "attributes": {
            "acl": null,
            "arn": "arn:aws:s3:::gisblog-assets/_next/static/chunks/webpack-f1d6f69755d4a1c7.js",
            "bucket": "gisblog-assets",
            "bucket_key_enabled": false,
            "cache_control": "public, max-age=31536000, immutable",
            "checksum_algorithm": null,
            "checksum_crc32": "",
            "checksum_crc32c": "",
            "checksum_crc64nvme": "",
            "checksum_sha1": "",
            "checksum_sha256": "",
            "content": null,
            "content_base64": null,
            "content_disposition": "",
            "content_encoding": "",
            "content_language": "",
            "content_type": "application/javascript",
            "etag": "ee7ca9c097a40404c5aff1ca989a9154",
            "force_destroy": false,
            "id": "_next/static/chunks/webpack-f1d6f69755d4a1c7.js",
            "key": "_next/static/chunks/webpack-f1d6f69755d4a1c7.js",
            "kms_key_id": null,
            "metadata": null,
            "object_lock_legal_hold_status": "",
            "object_lock_mode": "",
            "object_lock_retain_until_date": "",
            "override_provider": [],
            "server_side_encryption": "AES256",
            "source": "../.open-next/assets/_next/static/chunks/webpack-f1d6f69755d4a1c7.js",
            "source_hash": null,
            "storage_class": "STANDARD",
            "tags": null,
            "tags_all": {},
            "version_id": "",
            "website_redirect": ""
          },
          "sensitive_attributes": [],
          "identity_schema_version": 0,
          "private": "bnVsbA==",
          "dependencies": [
            "aws_s3_bucket.blog_assets"
          ]
        },
        {
          "index_key": "_next/static/css/c08621673dc1990e.css",
          "schema_version": 0,
          "attributes": {
            "acl": null,
            "arn": "arn:aws:s3:::gisblog-assets/_next/static/css/c08621673dc1990e.css",
            "bucket": "gisblog-assets",
            "bucket_key_enabled": false,
            "cache_control": "public, max-age=31536000, immutable",
            "checksum_algorithm": null,
            "checksum_crc32": "",
            "checksum_crc32c": "",
            "checksum_crc64nvme": "",
            "checksum_sha1": "",
            "checksum_sha256": "",
            "content": null,
            "content_base64": null,
            "content_disposition": "",
            "content_encoding": "",
            "content_language": "",
            "content_type": "text/css",
            "etag": "9dc090c84b5a1ba5425df00925e0f7bd",
            "force_destroy": false,
            "id": "_next/static/css/c08621673dc1990e.css",
            "key": "_next/static/css/c08621673dc1990e.css",
            "kms_key_id": null,
            "metadata": null,
            "object_lock_legal_hold_status": "",
            "object_lock_mode": "",
            "object_lock_retain_until_date": "",
            "override_provider": [],
            "server_side_encryption": "AES256",
            "source": "../.open-next/assets/_next/static/css/c08621673dc1990e.css",
            "source_hash": null,
            "storage_class": "STANDARD",
            "tags": null,
            "tags_all": {},
            "version_id": "",
            "website_redirect": ""
          },
          "sensitive_attributes": [],
          "identity_schema_version": 0,
          "private": "bnVsbA==",
          "dependencies": [
            "aws_s3_bucket.blog_assets"
          ]
        },
        {
          "index_key": "_next/static/css/e11162c6903af267.css",
          "schema_version": 0,
          "attributes": {
            "acl": null,
            "arn": "arn:aws:s3:::gisblog-assets/_next/static/css/e11162c6903af267.css",
            "bucket": "gisblog-assets",
            "bucket_key_enabled": false,
            "cache_control": "public, max-age=31536000, immutable",
            "checksum_algorithm": null,
            "checksum_crc32": "",
            "checksum_crc32c": "",
            "checksum_crc64nvme": "",
            "checksum_sha1": "",
            "checksum_sha256": "",
            "content": null,
            "content_base64": null,
            "content_disposition": "",
            "content_encoding": "",
            "content_language": "",
            "content_type": "text/css",
            "etag": "06a9fbb68815ccabd99fa4dab17748e6",
            "force_destroy": false,
            "id": "_next/static/css/e11162c6903af267.css",
            "key": "_next/static/css/e11162c6903af267.css",
            "kms_key_id": null,
            "metadata": null,
            "object_lock_legal_hold_status": "",
            "object_lock_mode": "",
            "object_lock_retain_until_date": "",
            "override_provider": [],
            "server_side_encryption": "AES256",
            "source": "../.open-next/assets/_next/static/css/e11162c6903af267.css",
            "source_hash": null,
            "storage_class": "STANDARD",
            "tags": null,
            "tags_all": {},
            "version_id": "",
            "website_redirect": ""
          },
          "sensitive_attributes": [],
          "identity_schema_version": 0,
          "private": "bnVsbA==",
          "dependencies": [
            "aws_s3_bucket.blog_assets"
          ]
        },
        {
          "index_key": "ab3.jpeg",
          "schema_version": 0,
          "attributes": {
            "acl": null,
            "arn": "arn:aws:s3:::gisblog-assets/ab3.jpeg",
            "bucket": "gisblog-assets",
            "bucket_key_enabled": false,
            "cache_control": "public, max-age=0, must-revalidate",
            "checksum_algorithm": null,
            "checksum_crc32": "",
            "checksum_crc32c": "",
            "checksum_crc64nvme": "",
            "checksum_sha1": "",
            "checksum_sha256": "",
            "content": null,
            "content_base64": null,
            "content_disposition": "",
            "content_encoding": "",
            "content_language": "",
            "content_type": "image/jpeg",
            "etag": "aa807b9889b0f5beca77eda7f04a3a33",
            "force_destroy": false,
            "id": "ab3.jpeg",
            "key": "ab3.jpeg",
            "kms_key_id": null,
            "metadata": null,
            "object_lock_legal_hold_status": "",
            "object_lock_mode": "",
            "object_lock_retain_until_date": "",
            "override_provider": [],
            "server_side_encryption": "AES256",
            "source": "../.open-next/assets/ab3.jpeg",
            "source_hash": null,
            "storage_class": "STANDARD",
            "tags": null,
            "tags_all": {},
            "version_id": "",
            "website_redirect": ""
          },
          "sensitive_attributes": [],
          "identity_schema_version": 0,
          "private": "bnVsbA==",
          "dependencies": [
            "aws_s3_bucket.blog_assets"
          ]
        },
        {
          "index_key": "ab4.jpg",
          "schema_version": 0,
          "attributes": {
            "acl": null,
            "arn": "arn:aws:s3:::gisblog-assets/ab4.jpg",
            "bucket": "gisblog-assets",
            "bucket_key_enabled": false,
            "cache_control": "public, max-age=0, must-revalidate",
            "checksum_algorithm": null,
            "checksum_crc32": "",
            "checksum_crc32c": "",
            "checksum_crc64nvme": "",
            "checksum_sha1": "",
            "checksum_sha256": "",
            "content": null,
            "content_base64": null,
            "content_disposition": "",
            "content_encoding": "",
            "content_language": "",
            "content_type": "image/jpeg",
            "etag": "b077fc75fabb40d89b03d0272d3ecfac",
            "force_destroy": false,
            "id": "ab4.jpg",
            "key": "ab4.jpg",
            "kms_key_id": null,
            "metadata": null,
            "object_lock_legal_hold_status": "",
            "object_lock_mode": "",
            "object_lock_retain_until_date": "",
            "override_provider": [],
            "server_side_encryption": "AES256",
            "source": "../.open-next/assets/ab4.jpg",
            "source_hash": null,
            "storage_class": "STANDARD",
            "tags": null,
            "tags_all": {},
            "version_id": "",
            "website_redirect": ""
          },
          "sensitive_attributes": [],
          "identity_schema_version": 0,
          "private": "bnVsbA==",
          "dependencies": [
            "aws_s3_bucket.blog_assets"
          ]
        },
        {
          "index_key": "favicon.ico",
          "schema_version": 0,
          "attributes": {
            "acl": null,
            "arn": "arn:aws:s3:::gisblog-assets/favicon.ico",
            "bucket": "gisblog-assets",
            "bucket_key_enabled": false,
            "cache_control": "public, max-age=0, must-revalidate",
            "checksum_algorithm": null,
            "checksum_crc32": "",
            "checksum_crc32c": "",
            "checksum_crc64nvme": "",
            "checksum_sha1": "",
            "checksum_sha256": "",
            "content": null,
            "content_base64": null,
            "content_disposition": "",
            "content_encoding": "",
            "content_language": "",
            "content_type": "image/x-icon",
            "etag": "7f98bbc43ba0d1dbf3564adf0821a304",
            "force_destroy": false,
            "id": "favicon.ico",
            "key": "favicon.ico",
            "kms_key_id": null,
            "metadata": null,
            "object_lock_legal_hold_status": "",
            "object_lock_mode": "",
            "object_lock_retain_until_date": "",
            "override_provider": [],
            "server_side_encryption": "AES256",
            "source": "../.open-next/assets/favicon.ico",
            "source_hash": null,
            "storage_class": "STANDARD",
            "tags": null,
            "tags_all": {},
            "version_id": "",
            "website_redirect": ""
          },
          "sensitive_attributes": [],
          "identity_schema_version": 0,
          "private": "bnVsbA==",
          "dependencies": [
            "aws_s3_bucket.blog_assets"
          ]
        },
        {
          "index_key": "i18n/en/common.json",
          "schema_version": 0,
          "attributes": {
            "acl": null,
            "arn": "arn:aws:s3:::gisblog-assets/i18n/en/common.json",
            "bucket": "gisblog-assets",
            "bucket_key_enabled": false,
            "cache_control": "public, max-age=0, must-revalidate",
            "checksum_algorithm": null,
            "checksum_crc32": "",
            "checksum_crc32c": "",
            "checksum_crc64nvme": "",
            "checksum_sha1": "",
            "checksum_sha256": "",
            "content": null,
            "content_base64": null,
            "content_disposition": "",
            "content_encoding": "",
            "content_language": "",
            "content_type": "application/json",
            "etag": "6817dd95193e2794d06eead89646e7d0",
            "force_destroy": false,
            "id": "i18n/en/common.json",
            "key": "i18n/en/common.json",
            "kms_key_id": null,
            "metadata": null,
            "object_lock_legal_hold_status": "",
            "object_lock_mode": "",
            "object_lock_retain_until_date": "",
            "override_provider": [],
            "server_side_encryption": "AES256",
            "source": "../.open-next/assets/i18n/en/common.json",
            "source_hash": null,
            "storage_class": "STANDARD",
            "tags": null,
            "tags_all": {},
            "version_id": "",
            "website_redirect": ""
          },
          "sensitive_attributes": [],
          "identity_schema_version": 0,
          "private": "bnVsbA==",
          "dependencies": [
            "aws_s3_bucket.blog_assets"
          ]
        },
        {
          "index_key": "i18n/fr/common.json",
          "schema_version": 0,
          "attributes": {
            "acl": null,
            "arn": "arn:aws:s3:::gisblog-assets/i18n/fr/common.json",
            "bucket": "gisblog-assets",
            "bucket_key_enabled": false,
            "cache_control": "public, max-age=0, must-revalidate",
            "checksum_algorithm": null,
            "checksum_crc32": "",
            "checksum_crc32c": "",
            "checksum_crc64nvme": "",
            "checksum_sha1": "",
            "checksum_sha256": "",
            "content": null,
            "content_base64": null,
            "content_disposition": "",
            "content_encoding": "",
            "content_language": "",
            "content_type": "application/json",
            "etag": "2091be398f465a83506dd55e7ffc0a4c",
            "force_destroy": false,
            "id": "i18n/fr/common.json",
            "key": "i18n/fr/common.json",
            "kms_key_id": null,
            "metadata": null,
            "object_lock_legal_hold_status": "",
            "object_lock_mode": "",
            "object_lock_retain_until_date": "",
            "override_provider": [],
            "server_side_encryption": "AES256",
            "source": "../.open-next/assets/i18n/fr/common.json",
            "source_hash": null,
            "storage_class": "STANDARD",
            "tags": null,
            "tags_all": {},
            "version_id": "",
            "website_redirect": ""
          },
          "sensitive_attributes": [],
          "identity_schema_version": 0,
          "private": "bnVsbA==",
          "dependencies": [
            "aws_s3_bucket.blog_assets"
          ]
        }
      ]
    },
    {
      "mode": "managed",
      "type": "null_resource",
      "name": "blog_assets_invalidation",
      "provider": "provider[\"registry.terraform.io/hashicorp/null\"]",
      "instances": [
        {
          "schema_version": 0,
          "attributes": {
            "id": "3112664209758525803",
            "triggers": {
              "assets_hash": "2fadfc6ab387c395be360891606004b2"
            }
          },
          "sensitive_attributes": [],
          "identity_schema_version": 0,
          "dependencies": [
            "aws_cloudfront_cache_policy.image_optimization_policy",
            "aws_cloudfront_distribution.blog_cdn",
            "aws_cloudfront_origin_access_control.blog_oac",
            "aws_iam_role.lambda_role",
            "aws_lambda_function.blog_image_optimization",
            "aws_lambda_function.blog_server",
            "aws_lambda_function_url.blog_image_optimization_url",
            "aws_lambda_function_url.blog_server_url",
            "aws_s3_bucket.blog_assets",
            "aws_s3_bucket.blog_cache",
            "data.archive_file.image_optimization_zip",
            "data.archive_file.server_function_zip",
            "data.aws_cloudfront_cache_policy.caching_disabled",
            "data.aws_cloudfront_cache_policy.caching_optimized",
            "null_resource.prepare_lambda_source"
          ]
        }
      ]
    },
    {
      "mode": "managed",
      "type": "null_resource",
      "name": "prepare_lambda_source",
      "provider": "provider[\"registry.terraform.io/hashicorp/null\"]",
      "instances": [
        {
          "schema_version": 0,
          "attributes": {
            "id": "1923761061483538916",
            "triggers": {
              "assets_hash": "2fadfc6ab387c395be360891606004b2"
            }
          },
          "sensitive_attributes": [],
          "identity_schema_version": 0
        }
      ]
    },
    {
      "mode": "managed",
      "type": "random_id",
      "name": "bucket_suffix",
      "provider": "provider[\"registry.terraform.io/hashicorp/random\"]",
      "instances": [
        {
          "schema_version": 0,
          "attributes": {
            "b64_std": "4T9m15hyRTg=",
            "b64_url": "4T9m15hyRTg",
            "byte_length": 8,
            "dec": "16230804658228184376",
            "hex": "e13f66d798724538",
            "id": "4T9m15hyRTg",
            "keepers": null,
            "prefix": null
          },
          "sensitive_attributes": [],
          "identity_schema_version": 0,
          "private": "bnVsbA=="
        }
      ]
    }
  ],
  "check_results": null
}
